// !$*UTF8*$!
{
	archiveVersion = 1;
	classes = {
	};
	objectVersion = 77;
	objects = {

/* Begin PBXBuildFile section */
		018B5E501EEC7DD0110B515A /* GeneralPane.swift in Sources */ = {isa = PBXBuildFile; fileRef = 40F8F1B3826FD9A436D73201 /* GeneralPane.swift */; };
		03ECCE2AB2C0A232CB15A26B /* IndexingService.swift in Sources */ = {isa = PBXBuildFile; fileRef = BCCB5CCE25054305FAC3B6CA /* IndexingService.swift */; };
		03FBDEF7777954B9B884E193 /* AppIntents.framework in Frameworks */ = {isa = PBXBuildFile; fileRef = ECE3A50348E57FE59F4366B8 /* AppIntents.framework */; };
		0549A501B879B11D6FD83BA7 /* TaskListSourceTitleTests.swift in Sources */ = {isa = PBXBuildFile; fileRef = 1ED479E398D753F384BB3734 /* TaskListSourceTitleTests.swift */; };
		0842661BCC67DCC1443F7D91 /* PrivacyManifestComplianceTests.swift in Sources */ = {isa = PBXBuildFile; fileRef = B5057D483C19CA7A01409954 /* PrivacyManifestComplianceTests.swift */; };
		0BCC2CA2EC9F3F2D408773C7 /* EditorOpenDecision.swift in Sources */ = {isa = PBXBuildFile; fileRef = 7A53E5AF3D478A947E6F11DD /* EditorOpenDecision.swift */; };
		0D271B6FB8B12700E0AA370B /* CommandNotificationObserverGuardTests.swift in Sources */ = {isa = PBXBuildFile; fileRef = 5626826E4EED7EAAEDDED61E /* CommandNotificationObserverGuardTests.swift */; };
		12192573C492F4C19AC7A9AF /* LillistApp.swift in Sources */ = {isa = PBXBuildFile; fileRef = B2B69FCA7EA5A0AEC03AC528 /* LillistApp.swift */; };
		1550635670FED00DFA1C4C0A /* UIStatePersistencePruneTests.swift in Sources */ = {isa = PBXBuildFile; fileRef = 3F20871648F1DA1E64D8E59D /* UIStatePersistencePruneTests.swift */; };
		1835D5C3561B08CF2C688CD5 /* GlobalHotkeyMonitor.swift in Sources */ = {isa = PBXBuildFile; fileRef = 447BBBCF160E4CA4AF71A686 /* GlobalHotkeyMonitor.swift */; };
		285DC7E46B1AA401F748B09E /* HotkeyRecorderTests.swift in Sources */ = {isa = PBXBuildFile; fileRef = 2BC54A777EAD574C648DD1F9 /* HotkeyRecorderTests.swift */; };
		288F35C5006B93AAEE189A8E /* IndexingServiceTests.swift in Sources */ = {isa = PBXBuildFile; fileRef = 742CD5E123358917FB88A557 /* IndexingServiceTests.swift */; };
		297F386CC41DF81630DAABC2 /* HotkeyRecorder.swift in Sources */ = {isa = PBXBuildFile; fileRef = D2F709C6BFFCBE01EB7EB243 /* HotkeyRecorder.swift */; };
		2AE1F90D7F261EEFA392223F /* QuickCapturePane.swift in Sources */ = {isa = PBXBuildFile; fileRef = 23D285C988F042A513BC9303 /* QuickCapturePane.swift */; };
		2D6DAC66A7B57213009DD506 /* TaskListHeaderView.swift in Sources */ = {isa = PBXBuildFile; fileRef = FE0A7E026D6DBD214EB737F9 /* TaskListHeaderView.swift */; };
		2F203B07FBD275E48F0ABB96 /* Sparkle in Frameworks */ = {isa = PBXBuildFile; productRef = CF695397835B406FC45EA94B /* Sparkle */; };
		34205E56AB7BBAC39AABE64A /* LillistCore in Frameworks */ = {isa = PBXBuildFile; productRef = D5DCD7417305E330CB4C0DC0 /* LillistCore */; };
		3BFAF02F4DF61C06EF1ACC64 /* TaskListView.swift in Sources */ = {isa = PBXBuildFile; fileRef = 7428376E8AED267AF2F3C3EE /* TaskListView.swift */; };
		41D5332FFC9A37D6874E1E44 /* AppIntents.framework in Frameworks */ = {isa = PBXBuildFile; fileRef = ECE3A50348E57FE59F4366B8 /* AppIntents.framework */; };
		47863B10A48D3DDDF0B83E58 /* SelectionAdvance.swift in Sources */ = {isa = PBXBuildFile; fileRef = FEDB14F1C8601271F653139B /* SelectionAdvance.swift */; };
		48BCDA9D8B5C36BB2F899B5B /* SidebarContextMenuTests.swift in Sources */ = {isa = PBXBuildFile; fileRef = 365F9079CBE5A1C7C1D0158F /* SidebarContextMenuTests.swift */; };
		4EA67DECB7AC159A867B2EE4 /* FocusedListColumn.swift in Sources */ = {isa = PBXBuildFile; fileRef = AA226DA3844BBFC1DFFDA0CA /* FocusedListColumn.swift */; };
		513F80DB225B3198A6B428C6 /* CrashReporterHost.swift in Sources */ = {isa = PBXBuildFile; fileRef = BBBEE29201F8E282644A5147 /* CrashReporterHost.swift */; };
		51CD698709C7470BF850D750 /* TodayPopoverView.swift in Sources */ = {isa = PBXBuildFile; fileRef = 59867850C82C90EBDA587E7A /* TodayPopoverView.swift */; };
		524AAE0A4EEB795D8EA674AC /* KeyboardShortcutTests.swift in Sources */ = {isa = PBXBuildFile; fileRef = 8B91031B39FF519BA7C7984B /* KeyboardShortcutTests.swift */; };
		52B6567908A60B67FDA9CBAC /* NotificationPermissionFlowTests.swift in Sources */ = {isa = PBXBuildFile; fileRef = 953BE94B80FD2AFB27B77F89 /* NotificationPermissionFlowTests.swift */; };
		5368030379D37BFAD59E2576 /* LillistUI in Frameworks */ = {isa = PBXBuildFile; productRef = 1ED4C893535B6A6E62346628 /* LillistUI */; };
		5680498D8BF4DFA917500D55 /* CrashReportingPane.swift in Sources */ = {isa = PBXBuildFile; fileRef = FA80085EB3BB242379E92790 /* CrashReportingPane.swift */; };
		56FA4292E60A2886599BACFE /* DiagnosticsPane.swift in Sources */ = {isa = PBXBuildFile; fileRef = 3739BDDF75D38CE2B4F5D27B /* DiagnosticsPane.swift */; };
		57C8322E802DF6435DEF0934 /* ToolbarPersistenceTests.swift in Sources */ = {isa = PBXBuildFile; fileRef = 9A4DD99AC3C19CA70493DAA1 /* ToolbarPersistenceTests.swift */; };
		5A0CBDF7D9B0E218F4B30247 /* LillistServicesProvider.swift in Sources */ = {isa = PBXBuildFile; fileRef = E1401C2C25052CC9906188BF /* LillistServicesProvider.swift */; };
		5D718D6A47C34D934FA0267C /* SidebarSelection.swift in Sources */ = {isa = PBXBuildFile; fileRef = 8908D968CD95B46BAA9848BB /* SidebarSelection.swift */; };
		5D973F060EA0402FDC6F5088 /* TrashPane.swift in Sources */ = {isa = PBXBuildFile; fileRef = 0914C02F19D5D32DBFCB3C8E /* TrashPane.swift */; };
		5FA1ACA29EE1847B105C0AA6 /* LillistCommands.swift in Sources */ = {isa = PBXBuildFile; fileRef = 6D70826CFF84526D54963DB7 /* LillistCommands.swift */; };
		65A0C314392C2CF1F96524BA /* AdvancedPane.swift in Sources */ = {isa = PBXBuildFile; fileRef = 4785BD3BA4D67F4C69F79D09 /* AdvancedPane.swift */; };
		66EE57111151096A6E2C968C /* HotkeyKeyTable.swift in Sources */ = {isa = PBXBuildFile; fileRef = 95FC2DAA17C7F98B4F907832 /* HotkeyKeyTable.swift */; };
		6BE4BDB01E20FA589DB10BEC /* SourceTitleResolver.swift in Sources */ = {isa = PBXBuildFile; fileRef = 42A85F69009AEE818C5AD30E /* SourceTitleResolver.swift */; };
		6C77259D87409283472D0452 /* CommandNotifications.swift in Sources */ = {isa = PBXBuildFile; fileRef = A1B2F793AF35B60DC60A05E5 /* CommandNotifications.swift */; };
		70EB429F941CB59A033F2530 /* OnboardingSheet.swift in Sources */ = {isa = PBXBuildFile; fileRef = 4939196DF6130616743D37DC /* OnboardingSheet.swift */; };
		72985CB5C5C702D617D4694A /* SourceTitleResolver.swift in Sources */ = {isa = PBXBuildFile; fileRef = 42A85F69009AEE818C5AD30E /* SourceTitleResolver.swift */; };
		76EA648FBA90E8009F435844 /* SidebarView.swift in Sources */ = {isa = PBXBuildFile; fileRef = F6F0E55BAE4ADA6310628012 /* SidebarView.swift */; };
		78080A6C3C6E9793C02F9EB8 /* EditorOpenDecisionTests.swift in Sources */ = {isa = PBXBuildFile; fileRef = 2E47B1527CC5287B4367B127 /* EditorOpenDecisionTests.swift */; };
		7F57439EAB3BC0D4FBB91F2C /* GlobalHotkeyMonitor.swift in Sources */ = {isa = PBXBuildFile; fileRef = 447BBBCF160E4CA4AF71A686 /* GlobalHotkeyMonitor.swift */; };
		85B75D89DED9313BFD53E0A7 /* SidebarSelection.swift in Sources */ = {isa = PBXBuildFile; fileRef = 8908D968CD95B46BAA9848BB /* SidebarSelection.swift */; };
		863B5709B57AA4BB35BF7DC3 /* QuickCapturePanelController.swift in Sources */ = {isa = PBXBuildFile; fileRef = 288A06800EA1CB39081E0910 /* QuickCapturePanelController.swift */; };
		865E2F5846746469D26E9D4B /* AppEnvironment.swift in Sources */ = {isa = PBXBuildFile; fileRef = B9EFCC8DD54B786D210CB412 /* AppEnvironment.swift */; };
		883E82B069F58DB56B18C7C4 /* LillistUI in Frameworks */ = {isa = PBXBuildFile; productRef = FE69D0E9A4ADB1CDB38E1E3A /* LillistUI */; };
		8FBF929C490D8BB02063FB9B /* BackupPane.swift in Sources */ = {isa = PBXBuildFile; fileRef = 5EE3ACD6A85D46FB63ADD71C /* BackupPane.swift */; };
		947D4EE0DFF95B690ABADDF4 /* RootSplitView.swift in Sources */ = {isa = PBXBuildFile; fileRef = 5FF6CA37C3301C81C8947230 /* RootSplitView.swift */; };
		9674C4C2BAEC11A6B734FB61 /* PreferencesWindow.swift in Sources */ = {isa = PBXBuildFile; fileRef = BC4034CAF7C667207F94C76D /* PreferencesWindow.swift */; };
		9E32C4BE2538D58BE8D8198B /* MacUITestHelpers.swift in Sources */ = {isa = PBXBuildFile; fileRef = 53F56A79C23B659817325F12 /* MacUITestHelpers.swift */; };
		A07F1FC798E9F823475074FE /* ICloudSyncPane.swift in Sources */ = {isa = PBXBuildFile; fileRef = 9C2910A714C814F69236C7B4 /* ICloudSyncPane.swift */; };
		A6252DAED612CEFA721DAC35 /* PinnedSidebarIntegrationTests.swift in Sources */ = {isa = PBXBuildFile; fileRef = D86C5C049217ECDE9095EF97 /* PinnedSidebarIntegrationTests.swift */; };
		B02E809B71858F1620968554 /* UIStatePersistence.swift in Sources */ = {isa = PBXBuildFile; fileRef = 996D14F2AE9898FB76C7696C /* UIStatePersistence.swift */; };
		B02F8738FD6A6A2791FD3C89 /* IndexingMappers.swift in Sources */ = {isa = PBXBuildFile; fileRef = 68AC792045721B50D4F72F3D /* IndexingMappers.swift */; };
		B2F0F266E785E96D6C25B25C /* FocusedListColumn.swift in Sources */ = {isa = PBXBuildFile; fileRef = AA226DA3844BBFC1DFFDA0CA /* FocusedListColumn.swift */; };
		B3682D3489423B4E04BB6948 /* HotkeyKeyTable.swift in Sources */ = {isa = PBXBuildFile; fileRef = 95FC2DAA17C7F98B4F907832 /* HotkeyKeyTable.swift */; };
		B685FB1C17A64BBA91B50EA2 /* LillistCore in Frameworks */ = {isa = PBXBuildFile; productRef = 1CBD90EC484EB04CE92F5794 /* LillistCore */; };
		B8F458A4C7FD86FBFC7F968C /* UIStatePersistence.swift in Sources */ = {isa = PBXBuildFile; fileRef = 996D14F2AE9898FB76C7696C /* UIStatePersistence.swift */; };
		BC6B1E1CBFD580532B72EFA1 /* QuickCapturePlacementTests.swift in Sources */ = {isa = PBXBuildFile; fileRef = 702938FB7797F816EE1EA2B0 /* QuickCapturePlacementTests.swift */; };
		BDA1E09753034DE2322D998A /* InlineCreateInteractionTests.swift in Sources */ = {isa = PBXBuildFile; fileRef = 6BF3D37E4FFA35138008C7ED /* InlineCreateInteractionTests.swift */; };
		C439B581B7310C39C9F78C8B /* NotificationsPane.swift in Sources */ = {isa = PBXBuildFile; fileRef = F9E0C4B2D659722AE215A0B8 /* NotificationsPane.swift */; };
		C6D19521CA3CF9D9C2A61033 /* TaskOutlineNode.swift in Sources */ = {isa = PBXBuildFile; fileRef = A11533C6477F2D2A981B7E22 /* TaskOutlineNode.swift */; };
		C87131450D2D807894534D17 /* AppIntents.framework in Frameworks */ = {isa = PBXBuildFile; fileRef = ECE3A50348E57FE59F4366B8 /* AppIntents.framework */; };
		CA6F82635F86657E263F03BF /* HotkeyRecorder.swift in Sources */ = {isa = PBXBuildFile; fileRef = D2F709C6BFFCBE01EB7EB243 /* HotkeyRecorder.swift */; };
		CA72CD557640E542667EC411 /* HotkeyRecorderConflictTests.swift in Sources */ = {isa = PBXBuildFile; fileRef = 180C19E87D24FC9E1EB9260D /* HotkeyRecorderConflictTests.swift */; };
		CAC72FCE791BC811B15696DB /* InlineCreateField.swift in Sources */ = {isa = PBXBuildFile; fileRef = EF7781804345711C5D1DFA6D /* InlineCreateField.swift */; };
		CD41A18BDEE1E3BF1BB580EF /* OpenTaskEditorAction.swift in Sources */ = {isa = PBXBuildFile; fileRef = 49EEF4232B4EBF1F6D0305E3 /* OpenTaskEditorAction.swift */; };
		CD807090167A2EB33A3F40BF /* AppDelegate.swift in Sources */ = {isa = PBXBuildFile; fileRef = 5BDE58C737A0E5123FA07D0F /* AppDelegate.swift */; };
		CFB2EE593D82AE7C21914CF1 /* MenuBarExtraScene.swift in Sources */ = {isa = PBXBuildFile; fileRef = A2EFA693098EDBDA8867F2C1 /* MenuBarExtraScene.swift */; };
		D18582EAD9CC9DEF45E3D046 /* BlockedFollowUpTests.swift in Sources */ = {isa = PBXBuildFile; fileRef = 3F0D9EC0691515027BF44021 /* BlockedFollowUpTests.swift */; };
		D1A0C35C122BFC3BE27BB475 /* QuickCapturePlacementMath.swift in Sources */ = {isa = PBXBuildFile; fileRef = 714EC7647AE061D0704C0E76 /* QuickCapturePlacementMath.swift */; };
		D338087D97FE860EBC028DB6 /* FocusedShortcutGatingPredicateTests.swift in Sources */ = {isa = PBXBuildFile; fileRef = 650BFB8219E479BC647BFD54 /* FocusedShortcutGatingPredicateTests.swift */; };
		D341E30AC580339748A852F4 /* PrivacyInfo.xcprivacy in Resources */ = {isa = PBXBuildFile; fileRef = 727828BA4EDE344AF9A975F3 /* PrivacyInfo.xcprivacy */; };
		D4D4307086A35ECB53CF3FBC /* MailtoTransport.swift in Sources */ = {isa = PBXBuildFile; fileRef = ED9565C658DC6743EF09396D /* MailtoTransport.swift */; };
		D701E0A8466E8EE2590F083F /* SelectionAdvance.swift in Sources */ = {isa = PBXBuildFile; fileRef = FEDB14F1C8601271F653139B /* SelectionAdvance.swift */; };
		DE0FBA518E8A32D99D3080CC /* Localizable.xcstrings in Resources */ = {isa = PBXBuildFile; fileRef = 60A609016A056EE8D91E1FE4 /* Localizable.xcstrings */; };
		DF65220C38BF4C4E60FAA0D0 /* EditorOpenDecision.swift in Sources */ = {isa = PBXBuildFile; fileRef = 7A53E5AF3D478A947E6F11DD /* EditorOpenDecision.swift */; };
		E36FA06746569B45811C186D /* TaskListSortControl.swift in Sources */ = {isa = PBXBuildFile; fileRef = 38BC4169CE094018D5BEA0BD /* TaskListSortControl.swift */; };
		E3B2DBE7E86F28A40968F08C /* QuickCapturePlacementMath.swift in Sources */ = {isa = PBXBuildFile; fileRef = 714EC7647AE061D0704C0E76 /* QuickCapturePlacementMath.swift */; };
		E7800CD964C5DBB6849AABF4 /* ScreenshotTests.swift in Sources */ = {isa = PBXBuildFile; fileRef = 027E7F928E258B978DA55AB6 /* ScreenshotTests.swift */; };
		E844140043C9E82E250EE2FA /* SidebarSection.swift in Sources */ = {isa = PBXBuildFile; fileRef = 895660AD2C33EBCF965A577D /* SidebarSection.swift */; };
		EC52B77A7309EF0911822A63 /* Assets.xcassets in Resources */ = {isa = PBXBuildFile; fileRef = 4FD0FFC71B48B70D0F2AFB67 /* Assets.xcassets */; };
		F46A68730B52D3C00F76D896 /* InlineCreateField.swift in Sources */ = {isa = PBXBuildFile; fileRef = EF7781804345711C5D1DFA6D /* InlineCreateField.swift */; };
		F5B6CAD8DCB980073D0130DA /* CommandNotifications.swift in Sources */ = {isa = PBXBuildFile; fileRef = A1B2F793AF35B60DC60A05E5 /* CommandNotifications.swift */; };
		FB019BA50063A5268118312E /* IndexingMappers.swift in Sources */ = {isa = PBXBuildFile; fileRef = 68AC792045721B50D4F72F3D /* IndexingMappers.swift */; };
/* End PBXBuildFile section */

/* Begin PBXContainerItemProxy section */
		B561B27A9C27E5EBD427FF0B /* PBXContainerItemProxy */ = {
			isa = PBXContainerItemProxy;
			containerPortal = 97A6421094FD20B5F4217690 /* Project object */;
			proxyType = 1;
			remoteGlobalIDString = 9A5124FFDB375540D83CD302;
			remoteInfo = "Lillist-macOS";
		};
/* End PBXContainerItemProxy section */

/* Begin PBXFileReference section */
		027E7F928E258B978DA55AB6 /* ScreenshotTests.swift */ = {isa = PBXFileReference; lastKnownFileType = sourcecode.swift; path = ScreenshotTests.swift; sourceTree = "<group>"; };
		0914C02F19D5D32DBFCB3C8E /* TrashPane.swift */ = {isa = PBXFileReference; lastKnownFileType = sourcecode.swift; path = TrashPane.swift; sourceTree = "<group>"; };
		0ABBB27058E889BD296D6C36 /* Signing.xcconfig */ = {isa = PBXFileReference; lastKnownFileType = text.xcconfig; path = Signing.xcconfig; sourceTree = "<group>"; };
		180C19E87D24FC9E1EB9260D /* HotkeyRecorderConflictTests.swift */ = {isa = PBXFileReference; lastKnownFileType = sourcecode.swift; path = HotkeyRecorderConflictTests.swift; sourceTree = "<group>"; };
		1ED479E398D753F384BB3734 /* TaskListSourceTitleTests.swift */ = {isa = PBXFileReference; lastKnownFileType = sourcecode.swift; path = TaskListSourceTitleTests.swift; sourceTree = "<group>"; };
		23D285C988F042A513BC9303 /* QuickCapturePane.swift */ = {isa = PBXFileReference; lastKnownFileType = sourcecode.swift; path = QuickCapturePane.swift; sourceTree = "<group>"; };
		288A06800EA1CB39081E0910 /* QuickCapturePanelController.swift */ = {isa = PBXFileReference; lastKnownFileType = sourcecode.swift; path = QuickCapturePanelController.swift; sourceTree = "<group>"; };
		2BC54A777EAD574C648DD1F9 /* HotkeyRecorderTests.swift */ = {isa = PBXFileReference; lastKnownFileType = sourcecode.swift; path = HotkeyRecorderTests.swift; sourceTree = "<group>"; };
		2E47B1527CC5287B4367B127 /* EditorOpenDecisionTests.swift */ = {isa = PBXFileReference; lastKnownFileType = sourcecode.swift; path = EditorOpenDecisionTests.swift; sourceTree = "<group>"; };
		365F9079CBE5A1C7C1D0158F /* SidebarContextMenuTests.swift */ = {isa = PBXFileReference; lastKnownFileType = sourcecode.swift; path = SidebarContextMenuTests.swift; sourceTree = "<group>"; };
		3739BDDF75D38CE2B4F5D27B /* DiagnosticsPane.swift */ = {isa = PBXFileReference; lastKnownFileType = sourcecode.swift; path = DiagnosticsPane.swift; sourceTree = "<group>"; };
		38BC4169CE094018D5BEA0BD /* TaskListSortControl.swift */ = {isa = PBXFileReference; lastKnownFileType = sourcecode.swift; path = TaskListSortControl.swift; sourceTree = "<group>"; };
		3F0D9EC0691515027BF44021 /* BlockedFollowUpTests.swift */ = {isa = PBXFileReference; lastKnownFileType = sourcecode.swift; path = BlockedFollowUpTests.swift; sourceTree = "<group>"; };
		3F20871648F1DA1E64D8E59D /* UIStatePersistencePruneTests.swift */ = {isa = PBXFileReference; lastKnownFileType = sourcecode.swift; path = UIStatePersistencePruneTests.swift; sourceTree = "<group>"; };
		40F8F1B3826FD9A436D73201 /* GeneralPane.swift */ = {isa = PBXFileReference; lastKnownFileType = sourcecode.swift; path = GeneralPane.swift; sourceTree = "<group>"; };
		4202ADFC69D471DD8EDD09C4 /* Lillist-macOSTests.xctest */ = {isa = PBXFileReference; explicitFileType = wrapper.cfbundle; includeInIndex = 0; path = "Lillist-macOSTests.xctest"; sourceTree = BUILT_PRODUCTS_DIR; };
		42A85F69009AEE818C5AD30E /* SourceTitleResolver.swift */ = {isa = PBXFileReference; lastKnownFileType = sourcecode.swift; path = SourceTitleResolver.swift; sourceTree = "<group>"; };
		447BBBCF160E4CA4AF71A686 /* GlobalHotkeyMonitor.swift */ = {isa = PBXFileReference; lastKnownFileType = sourcecode.swift; path = GlobalHotkeyMonitor.swift; sourceTree = "<group>"; };
		4785BD3BA4D67F4C69F79D09 /* AdvancedPane.swift */ = {isa = PBXFileReference; lastKnownFileType = sourcecode.swift; path = AdvancedPane.swift; sourceTree = "<group>"; };
		4939196DF6130616743D37DC /* OnboardingSheet.swift */ = {isa = PBXFileReference; lastKnownFileType = sourcecode.swift; path = OnboardingSheet.swift; sourceTree = "<group>"; };
		49EEF4232B4EBF1F6D0305E3 /* OpenTaskEditorAction.swift */ = {isa = PBXFileReference; lastKnownFileType = sourcecode.swift; path = OpenTaskEditorAction.swift; sourceTree = "<group>"; };
		4FD0FFC71B48B70D0F2AFB67 /* Assets.xcassets */ = {isa = PBXFileReference; lastKnownFileType = folder.assetcatalog; path = Assets.xcassets; sourceTree = "<group>"; };
		53F56A79C23B659817325F12 /* MacUITestHelpers.swift */ = {isa = PBXFileReference; lastKnownFileType = sourcecode.swift; path = MacUITestHelpers.swift; sourceTree = "<group>"; };
		5626826E4EED7EAAEDDED61E /* CommandNotificationObserverGuardTests.swift */ = {isa = PBXFileReference; lastKnownFileType = sourcecode.swift; path = CommandNotificationObserverGuardTests.swift; sourceTree = "<group>"; };
		59867850C82C90EBDA587E7A /* TodayPopoverView.swift */ = {isa = PBXFileReference; lastKnownFileType = sourcecode.swift; path = TodayPopoverView.swift; sourceTree = "<group>"; };
		5BDE58C737A0E5123FA07D0F /* AppDelegate.swift */ = {isa = PBXFileReference; lastKnownFileType = sourcecode.swift; path = AppDelegate.swift; sourceTree = "<group>"; };
		5EE3ACD6A85D46FB63ADD71C /* BackupPane.swift */ = {isa = PBXFileReference; lastKnownFileType = sourcecode.swift; path = BackupPane.swift; sourceTree = "<group>"; };
		5FF6CA37C3301C81C8947230 /* RootSplitView.swift */ = {isa = PBXFileReference; lastKnownFileType = sourcecode.swift; path = RootSplitView.swift; sourceTree = "<group>"; };
		60A609016A056EE8D91E1FE4 /* Localizable.xcstrings */ = {isa = PBXFileReference; lastKnownFileType = text.json.xcstrings; path = Localizable.xcstrings; sourceTree = "<group>"; };
		650BFB8219E479BC647BFD54 /* FocusedShortcutGatingPredicateTests.swift */ = {isa = PBXFileReference; lastKnownFileType = sourcecode.swift; path = FocusedShortcutGatingPredicateTests.swift; sourceTree = "<group>"; };
		68AC792045721B50D4F72F3D /* IndexingMappers.swift */ = {isa = PBXFileReference; lastKnownFileType = sourcecode.swift; path = IndexingMappers.swift; sourceTree = "<group>"; };
		6BF3D37E4FFA35138008C7ED /* InlineCreateInteractionTests.swift */ = {isa = PBXFileReference; lastKnownFileType = sourcecode.swift; path = InlineCreateInteractionTests.swift; sourceTree = "<group>"; };
		6D70826CFF84526D54963DB7 /* LillistCommands.swift */ = {isa = PBXFileReference; lastKnownFileType = sourcecode.swift; path = LillistCommands.swift; sourceTree = "<group>"; };
		702938FB7797F816EE1EA2B0 /* QuickCapturePlacementTests.swift */ = {isa = PBXFileReference; lastKnownFileType = sourcecode.swift; path = QuickCapturePlacementTests.swift; sourceTree = "<group>"; };
		714EC7647AE061D0704C0E76 /* QuickCapturePlacementMath.swift */ = {isa = PBXFileReference; lastKnownFileType = sourcecode.swift; path = QuickCapturePlacementMath.swift; sourceTree = "<group>"; };
		727828BA4EDE344AF9A975F3 /* PrivacyInfo.xcprivacy */ = {isa = PBXFileReference; path = PrivacyInfo.xcprivacy; sourceTree = "<group>"; };
		7428376E8AED267AF2F3C3EE /* TaskListView.swift */ = {isa = PBXFileReference; lastKnownFileType = sourcecode.swift; path = TaskListView.swift; sourceTree = "<group>"; };
		742CD5E123358917FB88A557 /* IndexingServiceTests.swift */ = {isa = PBXFileReference; lastKnownFileType = sourcecode.swift; path = IndexingServiceTests.swift; sourceTree = "<group>"; };
		7A53E5AF3D478A947E6F11DD /* EditorOpenDecision.swift */ = {isa = PBXFileReference; lastKnownFileType = sourcecode.swift; path = EditorOpenDecision.swift; sourceTree = "<group>"; };
		8908D968CD95B46BAA9848BB /* SidebarSelection.swift */ = {isa = PBXFileReference; lastKnownFileType = sourcecode.swift; path = SidebarSelection.swift; sourceTree = "<group>"; };
		895660AD2C33EBCF965A577D /* SidebarSection.swift */ = {isa = PBXFileReference; lastKnownFileType = sourcecode.swift; path = SidebarSection.swift; sourceTree = "<group>"; };
		8B91031B39FF519BA7C7984B /* KeyboardShortcutTests.swift */ = {isa = PBXFileReference; lastKnownFileType = sourcecode.swift; path = KeyboardShortcutTests.swift; sourceTree = "<group>"; };
		953BE94B80FD2AFB27B77F89 /* NotificationPermissionFlowTests.swift */ = {isa = PBXFileReference; lastKnownFileType = sourcecode.swift; path = NotificationPermissionFlowTests.swift; sourceTree = "<group>"; };
		95FC2DAA17C7F98B4F907832 /* HotkeyKeyTable.swift */ = {isa = PBXFileReference; lastKnownFileType = sourcecode.swift; path = HotkeyKeyTable.swift; sourceTree = "<group>"; };
		996D14F2AE9898FB76C7696C /* UIStatePersistence.swift */ = {isa = PBXFileReference; lastKnownFileType = sourcecode.swift; path = UIStatePersistence.swift; sourceTree = "<group>"; };
		9A4DD99AC3C19CA70493DAA1 /* ToolbarPersistenceTests.swift */ = {isa = PBXFileReference; lastKnownFileType = sourcecode.swift; path = ToolbarPersistenceTests.swift; sourceTree = "<group>"; };
		9C2910A714C814F69236C7B4 /* ICloudSyncPane.swift */ = {isa = PBXFileReference; lastKnownFileType = sourcecode.swift; path = ICloudSyncPane.swift; sourceTree = "<group>"; };
		9F8B217F0E070121B95D2E56 /* LillistUI */ = {isa = PBXFileReference; lastKnownFileType = folder; name = LillistUI; path = ../Packages/LillistUI; sourceTree = SOURCE_ROOT; };
		A11533C6477F2D2A981B7E22 /* TaskOutlineNode.swift */ = {isa = PBXFileReference; lastKnownFileType = sourcecode.swift; path = TaskOutlineNode.swift; sourceTree = "<group>"; };
		A1B2F793AF35B60DC60A05E5 /* CommandNotifications.swift */ = {isa = PBXFileReference; lastKnownFileType = sourcecode.swift; path = CommandNotifications.swift; sourceTree = "<group>"; };
		A2EFA693098EDBDA8867F2C1 /* MenuBarExtraScene.swift */ = {isa = PBXFileReference; lastKnownFileType = sourcecode.swift; path = MenuBarExtraScene.swift; sourceTree = "<group>"; };
		AA226DA3844BBFC1DFFDA0CA /* FocusedListColumn.swift */ = {isa = PBXFileReference; lastKnownFileType = sourcecode.swift; path = FocusedListColumn.swift; sourceTree = "<group>"; };
		B2B69FCA7EA5A0AEC03AC528 /* LillistApp.swift */ = {isa = PBXFileReference; lastKnownFileType = sourcecode.swift; path = LillistApp.swift; sourceTree = "<group>"; };
		B5057D483C19CA7A01409954 /* PrivacyManifestComplianceTests.swift */ = {isa = PBXFileReference; lastKnownFileType = sourcecode.swift; path = PrivacyManifestComplianceTests.swift; sourceTree = "<group>"; };
		B6AFF2B4CC92DD5EC125A3BE /* Lillist-macOSUITests.xctest */ = {isa = PBXFileReference; explicitFileType = wrapper.cfbundle; includeInIndex = 0; path = "Lillist-macOSUITests.xctest"; sourceTree = BUILT_PRODUCTS_DIR; };
		B9EFCC8DD54B786D210CB412 /* AppEnvironment.swift */ = {isa = PBXFileReference; lastKnownFileType = sourcecode.swift; path = AppEnvironment.swift; sourceTree = "<group>"; };
		BBBEE29201F8E282644A5147 /* CrashReporterHost.swift */ = {isa = PBXFileReference; lastKnownFileType = sourcecode.swift; path = CrashReporterHost.swift; sourceTree = "<group>"; };
		BC4034CAF7C667207F94C76D /* PreferencesWindow.swift */ = {isa = PBXFileReference; lastKnownFileType = sourcecode.swift; path = PreferencesWindow.swift; sourceTree = "<group>"; };
		BCCB5CCE25054305FAC3B6CA /* IndexingService.swift */ = {isa = PBXFileReference; lastKnownFileType = sourcecode.swift; path = IndexingService.swift; sourceTree = "<group>"; };
		D002EB6866402CB86776B481 /* Lillist-macOS.app */ = {isa = PBXFileReference; explicitFileType = wrapper.application; includeInIndex = 0; path = "Lillist-macOS.app"; sourceTree = BUILT_PRODUCTS_DIR; };
		D2F709C6BFFCBE01EB7EB243 /* HotkeyRecorder.swift */ = {isa = PBXFileReference; lastKnownFileType = sourcecode.swift; path = HotkeyRecorder.swift; sourceTree = "<group>"; };
		D86C5C049217ECDE9095EF97 /* PinnedSidebarIntegrationTests.swift */ = {isa = PBXFileReference; lastKnownFileType = sourcecode.swift; path = PinnedSidebarIntegrationTests.swift; sourceTree = "<group>"; };
		E1401C2C25052CC9906188BF /* LillistServicesProvider.swift */ = {isa = PBXFileReference; lastKnownFileType = sourcecode.swift; path = LillistServicesProvider.swift; sourceTree = "<group>"; };
		E5425E4B83C495ACEC60F879 /* LillistCore */ = {isa = PBXFileReference; lastKnownFileType = folder; name = LillistCore; path = ../Packages/LillistCore; sourceTree = SOURCE_ROOT; };
		ECE3A50348E57FE59F4366B8 /* AppIntents.framework */ = {isa = PBXFileReference; lastKnownFileType = wrapper.framework; name = AppIntents.framework; path = System/Library/Frameworks/AppIntents.framework; sourceTree = SDKROOT; };
		ED9565C658DC6743EF09396D /* MailtoTransport.swift */ = {isa = PBXFileReference; lastKnownFileType = sourcecode.swift; path = MailtoTransport.swift; sourceTree = "<group>"; };
		EF7781804345711C5D1DFA6D /* InlineCreateField.swift */ = {isa = PBXFileReference; lastKnownFileType = sourcecode.swift; path = InlineCreateField.swift; sourceTree = "<group>"; };
		F6F0E55BAE4ADA6310628012 /* SidebarView.swift */ = {isa = PBXFileReference; lastKnownFileType = sourcecode.swift; path = SidebarView.swift; sourceTree = "<group>"; };
		F9E0C4B2D659722AE215A0B8 /* NotificationsPane.swift */ = {isa = PBXFileReference; lastKnownFileType = sourcecode.swift; path = NotificationsPane.swift; sourceTree = "<group>"; };
		FA80085EB3BB242379E92790 /* CrashReportingPane.swift */ = {isa = PBXFileReference; lastKnownFileType = sourcecode.swift; path = CrashReportingPane.swift; sourceTree = "<group>"; };
		FE0A7E026D6DBD214EB737F9 /* TaskListHeaderView.swift */ = {isa = PBXFileReference; lastKnownFileType = sourcecode.swift; path = TaskListHeaderView.swift; sourceTree = "<group>"; };
		FEDB14F1C8601271F653139B /* SelectionAdvance.swift */ = {isa = PBXFileReference; lastKnownFileType = sourcecode.swift; path = SelectionAdvance.swift; sourceTree = "<group>"; };
/* End PBXFileReference section */

/* Begin PBXFrameworksBuildPhase section */
		0A28D183F577891ECB51C83E /* Frameworks */ = {
			isa = PBXFrameworksBuildPhase;
			buildActionMask = 2147483647;
			files = (
				B685FB1C17A64BBA91B50EA2 /* LillistCore in Frameworks */,
				5368030379D37BFAD59E2576 /* LillistUI in Frameworks */,
				41D5332FFC9A37D6874E1E44 /* AppIntents.framework in Frameworks */,
			);
			runOnlyForDeploymentPostprocessing = 0;
		};
		1D1842880276BA7B6421E490 /* Frameworks */ = {
			isa = PBXFrameworksBuildPhase;
			buildActionMask = 2147483647;
			files = (
				C87131450D2D807894534D17 /* AppIntents.framework in Frameworks */,
			);
			runOnlyForDeploymentPostprocessing = 0;
		};
		237B715AD39CAC7F81045FA8 /* Frameworks */ = {
			isa = PBXFrameworksBuildPhase;
			buildActionMask = 2147483647;
			files = (
				34205E56AB7BBAC39AABE64A /* LillistCore in Frameworks */,
				883E82B069F58DB56B18C7C4 /* LillistUI in Frameworks */,
				2F203B07FBD275E48F0ABB96 /* Sparkle in Frameworks */,
				03FBDEF7777954B9B884E193 /* AppIntents.framework in Frameworks */,
			);
			runOnlyForDeploymentPostprocessing = 0;
		};
/* End PBXFrameworksBuildPhase section */

/* Begin PBXGroup section */
		134B6B7B41C63E10F28DEF85 /* Hotkey */ = {
			isa = PBXGroup;
			children = (
				447BBBCF160E4CA4AF71A686 /* GlobalHotkeyMonitor.swift */,
				95FC2DAA17C7F98B4F907832 /* HotkeyKeyTable.swift */,
				D2F709C6BFFCBE01EB7EB243 /* HotkeyRecorder.swift */,
				288A06800EA1CB39081E0910 /* QuickCapturePanelController.swift */,
				714EC7647AE061D0704C0E76 /* QuickCapturePlacementMath.swift */,
			);
			path = Hotkey;
			sourceTree = "<group>";
		};
		1C16A008F3486D9CE6DB930E /* StatusBar */ = {
			isa = PBXGroup;
			children = (
				59867850C82C90EBDA587E7A /* TodayPopoverView.swift */,
			);
			path = StatusBar;
			sourceTree = "<group>";
		};
		1D2342C905DE60492EA94579 /* Services */ = {
			isa = PBXGroup;
			children = (
				E1401C2C25052CC9906188BF /* LillistServicesProvider.swift */,
			);
			path = Services;
			sourceTree = "<group>";
		};
		2C3802C5B4E9E611224A01B3 /* Tests */ = {
			isa = PBXGroup;
			children = (
				34E0784271DE28A7346748F5 /* UITests */,
				3F0D9EC0691515027BF44021 /* BlockedFollowUpTests.swift */,
				5626826E4EED7EAAEDDED61E /* CommandNotificationObserverGuardTests.swift */,
				2E47B1527CC5287B4367B127 /* EditorOpenDecisionTests.swift */,
				650BFB8219E479BC647BFD54 /* FocusedShortcutGatingPredicateTests.swift */,
				180C19E87D24FC9E1EB9260D /* HotkeyRecorderConflictTests.swift */,
				2BC54A777EAD574C648DD1F9 /* HotkeyRecorderTests.swift */,
				742CD5E123358917FB88A557 /* IndexingServiceTests.swift */,
				6BF3D37E4FFA35138008C7ED /* InlineCreateInteractionTests.swift */,
				8B91031B39FF519BA7C7984B /* KeyboardShortcutTests.swift */,
				953BE94B80FD2AFB27B77F89 /* NotificationPermissionFlowTests.swift */,
				D86C5C049217ECDE9095EF97 /* PinnedSidebarIntegrationTests.swift */,
				B5057D483C19CA7A01409954 /* PrivacyManifestComplianceTests.swift */,
				702938FB7797F816EE1EA2B0 /* QuickCapturePlacementTests.swift */,
				365F9079CBE5A1C7C1D0158F /* SidebarContextMenuTests.swift */,
				1ED479E398D753F384BB3734 /* TaskListSourceTitleTests.swift */,
				9A4DD99AC3C19CA70493DAA1 /* ToolbarPersistenceTests.swift */,
				3F20871648F1DA1E64D8E59D /* UIStatePersistencePruneTests.swift */,
			);
			path = Tests;
			sourceTree = "<group>";
		};
		34E0784271DE28A7346748F5 /* UITests */ = {
			isa = PBXGroup;
			children = (
				53F56A79C23B659817325F12 /* MacUITestHelpers.swift */,
				027E7F928E258B978DA55AB6 /* ScreenshotTests.swift */,
			);
			path = UITests;
			sourceTree = "<group>";
		};
		37B5B7691A22F7149CDE6F7D /* Onboarding */ = {
			isa = PBXGroup;
			children = (
				4939196DF6130616743D37DC /* OnboardingSheet.swift */,
			);
			path = Onboarding;
			sourceTree = "<group>";
		};
		4DFFF97A4360A65ED6EF76B3 = {
			isa = PBXGroup;
			children = (
				779A2D039FDDE4223ECFE6E3 /* Config */,
				C98E95966AFDCFA41F5863CF /* Lillist-macOS */,
				5E4CCBE3157FB005976F2FFB /* Packages */,
				71000219E4A9B056D1ED61DC /* Frameworks */,
				DA073ABE15DD6C41A9E871BC /* Products */,
			);
			sourceTree = "<group>";
		};
		4E45BA1455A571C9EF426E7F /* Preferences */ = {
			isa = PBXGroup;
			children = (
				4785BD3BA4D67F4C69F79D09 /* AdvancedPane.swift */,
				5EE3ACD6A85D46FB63ADD71C /* BackupPane.swift */,
				FA80085EB3BB242379E92790 /* CrashReportingPane.swift */,
				3739BDDF75D38CE2B4F5D27B /* DiagnosticsPane.swift */,
				40F8F1B3826FD9A436D73201 /* GeneralPane.swift */,
				9C2910A714C814F69236C7B4 /* ICloudSyncPane.swift */,
				F9E0C4B2D659722AE215A0B8 /* NotificationsPane.swift */,
				BC4034CAF7C667207F94C76D /* PreferencesWindow.swift */,
				23D285C988F042A513BC9303 /* QuickCapturePane.swift */,
				0914C02F19D5D32DBFCB3C8E /* TrashPane.swift */,
			);
			path = Preferences;
			sourceTree = "<group>";
		};
		548C45F0413BF5497135A326 /* MenuBar */ = {
			isa = PBXGroup;
			children = (
				A2EFA693098EDBDA8867F2C1 /* MenuBarExtraScene.swift */,
			);
			path = MenuBar;
			sourceTree = "<group>";
		};
		5C27BC3B983E25D01325552B /* Editor */ = {
			isa = PBXGroup;
			children = (
				7A53E5AF3D478A947E6F11DD /* EditorOpenDecision.swift */,
				49EEF4232B4EBF1F6D0305E3 /* OpenTaskEditorAction.swift */,
			);
			path = Editor;
			sourceTree = "<group>";
		};
		5E4CCBE3157FB005976F2FFB /* Packages */ = {
			isa = PBXGroup;
			children = (
				E5425E4B83C495ACEC60F879 /* LillistCore */,
				9F8B217F0E070121B95D2E56 /* LillistUI */,
			);
			name = Packages;
			sourceTree = "<group>";
		};
		69E1E48BBFAA7E3AE82ADD4F /* Sources */ = {
			isa = PBXGroup;
			children = (
				96DC643FB6D30A62EE875517 /* Commands */,
				5C27BC3B983E25D01325552B /* Editor */,
				134B6B7B41C63E10F28DEF85 /* Hotkey */,
				7BBF05B636721D60EA5D840A /* Indexing */,
				548C45F0413BF5497135A326 /* MenuBar */,
				37B5B7691A22F7149CDE6F7D /* Onboarding */,
				E3416FFB6A29F2327C365618 /* Persistence */,
				4E45BA1455A571C9EF426E7F /* Preferences */,
				1D2342C905DE60492EA94579 /* Services */,
				1C16A008F3486D9CE6DB930E /* StatusBar */,
				A1C67229F95B21C3E42CA8DF /* Views */,
				5BDE58C737A0E5123FA07D0F /* AppDelegate.swift */,
				B9EFCC8DD54B786D210CB412 /* AppEnvironment.swift */,
				BBBEE29201F8E282644A5147 /* CrashReporterHost.swift */,
				B2B69FCA7EA5A0AEC03AC528 /* LillistApp.swift */,
				ED9565C658DC6743EF09396D /* MailtoTransport.swift */,
			);
			path = Sources;
			sourceTree = "<group>";
		};
		71000219E4A9B056D1ED61DC /* Frameworks */ = {
			isa = PBXGroup;
			children = (
				ECE3A50348E57FE59F4366B8 /* AppIntents.framework */,
			);
			name = Frameworks;
			sourceTree = "<group>";
		};
		779A2D039FDDE4223ECFE6E3 /* Config */ = {
			isa = PBXGroup;
			children = (
				0ABBB27058E889BD296D6C36 /* Signing.xcconfig */,
			);
			path = Config;
			sourceTree = "<group>";
		};
		7BBF05B636721D60EA5D840A /* Indexing */ = {
			isa = PBXGroup;
			children = (
				68AC792045721B50D4F72F3D /* IndexingMappers.swift */,
				BCCB5CCE25054305FAC3B6CA /* IndexingService.swift */,
			);
			path = Indexing;
			sourceTree = "<group>";
		};
		816CA5865BFAA7A95B02CE71 /* TaskList */ = {
			isa = PBXGroup;
			children = (
				EF7781804345711C5D1DFA6D /* InlineCreateField.swift */,
				FEDB14F1C8601271F653139B /* SelectionAdvance.swift */,
				42A85F69009AEE818C5AD30E /* SourceTitleResolver.swift */,
				FE0A7E026D6DBD214EB737F9 /* TaskListHeaderView.swift */,
				38BC4169CE094018D5BEA0BD /* TaskListSortControl.swift */,
				7428376E8AED267AF2F3C3EE /* TaskListView.swift */,
				A11533C6477F2D2A981B7E22 /* TaskOutlineNode.swift */,
			);
			path = TaskList;
			sourceTree = "<group>";
		};
		96DC643FB6D30A62EE875517 /* Commands */ = {
			isa = PBXGroup;
			children = (
				A1B2F793AF35B60DC60A05E5 /* CommandNotifications.swift */,
				AA226DA3844BBFC1DFFDA0CA /* FocusedListColumn.swift */,
				6D70826CFF84526D54963DB7 /* LillistCommands.swift */,
			);
			path = Commands;
			sourceTree = "<group>";
		};
		A1C67229F95B21C3E42CA8DF /* Views */ = {
			isa = PBXGroup;
			children = (
				E8623CACC8B7A5241E05A8F6 /* Sidebar */,
				816CA5865BFAA7A95B02CE71 /* TaskList */,
				5FF6CA37C3301C81C8947230 /* RootSplitView.swift */,
			);
			path = Views;
			sourceTree = "<group>";
		};
		C98E95966AFDCFA41F5863CF /* Lillist-macOS */ = {
			isa = PBXGroup;
			children = (
				F45F05CA1E2A56D872E322CB /* Resources */,
				69E1E48BBFAA7E3AE82ADD4F /* Sources */,
				2C3802C5B4E9E611224A01B3 /* Tests */,
			);
			path = "Lillist-macOS";
			sourceTree = "<group>";
		};
		DA073ABE15DD6C41A9E871BC /* Products */ = {
			isa = PBXGroup;
			children = (
				D002EB6866402CB86776B481 /* Lillist-macOS.app */,
				4202ADFC69D471DD8EDD09C4 /* Lillist-macOSTests.xctest */,
				B6AFF2B4CC92DD5EC125A3BE /* Lillist-macOSUITests.xctest */,
			);
			name = Products;
			sourceTree = "<group>";
		};
		E3416FFB6A29F2327C365618 /* Persistence */ = {
			isa = PBXGroup;
			children = (
				996D14F2AE9898FB76C7696C /* UIStatePersistence.swift */,
			);
			path = Persistence;
			sourceTree = "<group>";
		};
		E8623CACC8B7A5241E05A8F6 /* Sidebar */ = {
			isa = PBXGroup;
			children = (
				895660AD2C33EBCF965A577D /* SidebarSection.swift */,
				8908D968CD95B46BAA9848BB /* SidebarSelection.swift */,
				F6F0E55BAE4ADA6310628012 /* SidebarView.swift */,
			);
			path = Sidebar;
			sourceTree = "<group>";
		};
		F45F05CA1E2A56D872E322CB /* Resources */ = {
			isa = PBXGroup;
			children = (
				4FD0FFC71B48B70D0F2AFB67 /* Assets.xcassets */,
				60A609016A056EE8D91E1FE4 /* Localizable.xcstrings */,
				727828BA4EDE344AF9A975F3 /* PrivacyInfo.xcprivacy */,
			);
			path = Resources;
			sourceTree = "<group>";
		};
/* End PBXGroup section */

/* Begin PBXNativeTarget section */
		9A5124FFDB375540D83CD302 /* Lillist-macOS */ = {
			isa = PBXNativeTarget;
			buildConfigurationList = 3E7A17B42EA603E56104390A /* Build configuration list for PBXNativeTarget "Lillist-macOS" */;
			buildPhases = (
				4C99504CB24BAD288959C557 /* Sources */,
				C4B0F60AAF7CFD8B9E592281 /* Resources */,
				237B715AD39CAC7F81045FA8 /* Frameworks */,
			);
			buildRules = (
			);
			dependencies = (
			);
			name = "Lillist-macOS";
			packageProductDependencies = (
				D5DCD7417305E330CB4C0DC0 /* LillistCore */,
				FE69D0E9A4ADB1CDB38E1E3A /* LillistUI */,
				CF695397835B406FC45EA94B /* Sparkle */,
			);
			productName = "Lillist-macOS";
			productReference = D002EB6866402CB86776B481 /* Lillist-macOS.app */;
			productType = "com.apple.product-type.application";
		};
		E1CEF5BCCCD62BEFB0395FF8 /* Lillist-macOSUITests */ = {
			isa = PBXNativeTarget;
			buildConfigurationList = 660B6FC8F64ED621CF1D1B82 /* Build configuration list for PBXNativeTarget "Lillist-macOSUITests" */;
			buildPhases = (
				C1785BFD398633FF34D1C76E /* Sources */,
				1D1842880276BA7B6421E490 /* Frameworks */,
			);
			buildRules = (
			);
			dependencies = (
				7365C2F56BEC24E6EBCF9E95 /* PBXTargetDependency */,
			);
			name = "Lillist-macOSUITests";
			packageProductDependencies = (
			);
			productName = "Lillist-macOSUITests";
			productReference = B6AFF2B4CC92DD5EC125A3BE /* Lillist-macOSUITests.xctest */;
			productType = "com.apple.product-type.bundle.ui-testing";
		};
		EA7ACBEE78B233225EBF7E20 /* Lillist-macOSTests */ = {
			isa = PBXNativeTarget;
			buildConfigurationList = 9BC8C967D895E12C9E8B5441 /* Build configuration list for PBXNativeTarget "Lillist-macOSTests" */;
			buildPhases = (
				D705F1E2133E7D2BDE887144 /* Sources */,
				0A28D183F577891ECB51C83E /* Frameworks */,
			);
			buildRules = (
			);
			dependencies = (
			);
			name = "Lillist-macOSTests";
			packageProductDependencies = (
				1CBD90EC484EB04CE92F5794 /* LillistCore */,
				1ED4C893535B6A6E62346628 /* LillistUI */,
			);
			productName = "Lillist-macOSTests";
			productReference = 4202ADFC69D471DD8EDD09C4 /* Lillist-macOSTests.xctest */;
			productType = "com.apple.product-type.bundle.unit-test";
		};
/* End PBXNativeTarget section */

/* Begin PBXProject section */
		97A6421094FD20B5F4217690 /* Project object */ = {
			isa = PBXProject;
			attributes = {
				BuildIndependentTargetsInParallel = YES;
				LastUpgradeCheck = 1430;
				TargetAttributes = {
					9A5124FFDB375540D83CD302 = {
						DevelopmentTeam = "$(LOCAL_DEVELOPMENT_TEAM)";
						ProvisioningStyle = Automatic;
					};
					E1CEF5BCCCD62BEFB0395FF8 = {
						DevelopmentTeam = "$(LOCAL_DEVELOPMENT_TEAM)";
						ProvisioningStyle = Automatic;
						TestTargetID = 9A5124FFDB375540D83CD302;
					};
					EA7ACBEE78B233225EBF7E20 = {
						DevelopmentTeam = "$(LOCAL_DEVELOPMENT_TEAM)";
					};
				};
			};
			buildConfigurationList = 213CE2B1B0E6BA6C848A3B58 /* Build configuration list for PBXProject "Lillist-macOS" */;
			developmentRegion = en;
			hasScannedForEncodings = 0;
			knownRegions = (
				Base,
				en,
			);
			mainGroup = 4DFFF97A4360A65ED6EF76B3;
			minimizedProjectReferenceProxies = 1;
			packageReferences = (
				4B14E2DAF8C41C0B1D230388 /* XCRemoteSwiftPackageReference "Sparkle" */,
				081C4657D6DCBF95D5E46B84 /* XCLocalSwiftPackageReference "../Packages/LillistCore" */,
				5D034D84FFF031BB1D2F8D30 /* XCLocalSwiftPackageReference "../Packages/LillistUI" */,
			);
			preferredProjectObjectVersion = 77;
			productRefGroup = DA073ABE15DD6C41A9E871BC /* Products */;
			projectDirPath = "";
			projectRoot = "";
			targets = (
				9A5124FFDB375540D83CD302 /* Lillist-macOS */,
				EA7ACBEE78B233225EBF7E20 /* Lillist-macOSTests */,
				E1CEF5BCCCD62BEFB0395FF8 /* Lillist-macOSUITests */,
			);
		};
/* End PBXProject section */

/* Begin PBXResourcesBuildPhase section */
		C4B0F60AAF7CFD8B9E592281 /* Resources */ = {
			isa = PBXResourcesBuildPhase;
			buildActionMask = 2147483647;
			files = (
				EC52B77A7309EF0911822A63 /* Assets.xcassets in Resources */,
				DE0FBA518E8A32D99D3080CC /* Localizable.xcstrings in Resources */,
				D341E30AC580339748A852F4 /* PrivacyInfo.xcprivacy in Resources */,
			);
			runOnlyForDeploymentPostprocessing = 0;
		};
/* End PBXResourcesBuildPhase section */

/* Begin PBXSourcesBuildPhase section */
		4C99504CB24BAD288959C557 /* Sources */ = {
			isa = PBXSourcesBuildPhase;
			buildActionMask = 2147483647;
			files = (
				65A0C314392C2CF1F96524BA /* AdvancedPane.swift in Sources */,
				CD807090167A2EB33A3F40BF /* AppDelegate.swift in Sources */,
				865E2F5846746469D26E9D4B /* AppEnvironment.swift in Sources */,
				8FBF929C490D8BB02063FB9B /* BackupPane.swift in Sources */,
				F5B6CAD8DCB980073D0130DA /* CommandNotifications.swift in Sources */,
				513F80DB225B3198A6B428C6 /* CrashReporterHost.swift in Sources */,
				5680498D8BF4DFA917500D55 /* CrashReportingPane.swift in Sources */,
				56FA4292E60A2886599BACFE /* DiagnosticsPane.swift in Sources */,
				0BCC2CA2EC9F3F2D408773C7 /* EditorOpenDecision.swift in Sources */,
				4EA67DECB7AC159A867B2EE4 /* FocusedListColumn.swift in Sources */,
				018B5E501EEC7DD0110B515A /* GeneralPane.swift in Sources */,
				7F57439EAB3BC0D4FBB91F2C /* GlobalHotkeyMonitor.swift in Sources */,
				66EE57111151096A6E2C968C /* HotkeyKeyTable.swift in Sources */,
				CA6F82635F86657E263F03BF /* HotkeyRecorder.swift in Sources */,
				A07F1FC798E9F823475074FE /* ICloudSyncPane.swift in Sources */,
				B02F8738FD6A6A2791FD3C89 /* IndexingMappers.swift in Sources */,
				03ECCE2AB2C0A232CB15A26B /* IndexingService.swift in Sources */,
				F46A68730B52D3C00F76D896 /* InlineCreateField.swift in Sources */,
				12192573C492F4C19AC7A9AF /* LillistApp.swift in Sources */,
				5FA1ACA29EE1847B105C0AA6 /* LillistCommands.swift in Sources */,
				5A0CBDF7D9B0E218F4B30247 /* LillistServicesProvider.swift in Sources */,
				D4D4307086A35ECB53CF3FBC /* MailtoTransport.swift in Sources */,
				CFB2EE593D82AE7C21914CF1 /* MenuBarExtraScene.swift in Sources */,
				C439B581B7310C39C9F78C8B /* NotificationsPane.swift in Sources */,
				70EB429F941CB59A033F2530 /* OnboardingSheet.swift in Sources */,
				CD41A18BDEE1E3BF1BB580EF /* OpenTaskEditorAction.swift in Sources */,
				9674C4C2BAEC11A6B734FB61 /* PreferencesWindow.swift in Sources */,
				2AE1F90D7F261EEFA392223F /* QuickCapturePane.swift in Sources */,
				863B5709B57AA4BB35BF7DC3 /* QuickCapturePanelController.swift in Sources */,
				E3B2DBE7E86F28A40968F08C /* QuickCapturePlacementMath.swift in Sources */,
				947D4EE0DFF95B690ABADDF4 /* RootSplitView.swift in Sources */,
				47863B10A48D3DDDF0B83E58 /* SelectionAdvance.swift in Sources */,
				E844140043C9E82E250EE2FA /* SidebarSection.swift in Sources */,
				5D718D6A47C34D934FA0267C /* SidebarSelection.swift in Sources */,
				76EA648FBA90E8009F435844 /* SidebarView.swift in Sources */,
				6BE4BDB01E20FA589DB10BEC /* SourceTitleResolver.swift in Sources */,
				2D6DAC66A7B57213009DD506 /* TaskListHeaderView.swift in Sources */,
				E36FA06746569B45811C186D /* TaskListSortControl.swift in Sources */,
				3BFAF02F4DF61C06EF1ACC64 /* TaskListView.swift in Sources */,
				C6D19521CA3CF9D9C2A61033 /* TaskOutlineNode.swift in Sources */,
				51CD698709C7470BF850D750 /* TodayPopoverView.swift in Sources */,
				5D973F060EA0402FDC6F5088 /* TrashPane.swift in Sources */,
				B02E809B71858F1620968554 /* UIStatePersistence.swift in Sources */,
			);
			runOnlyForDeploymentPostprocessing = 0;
		};
		C1785BFD398633FF34D1C76E /* Sources */ = {
			isa = PBXSourcesBuildPhase;
			buildActionMask = 2147483647;
			files = (
				9E32C4BE2538D58BE8D8198B /* MacUITestHelpers.swift in Sources */,
				E7800CD964C5DBB6849AABF4 /* ScreenshotTests.swift in Sources */,
			);
			runOnlyForDeploymentPostprocessing = 0;
		};
		D705F1E2133E7D2BDE887144 /* Sources */ = {
			isa = PBXSourcesBuildPhase;
			buildActionMask = 2147483647;
			files = (
				D18582EAD9CC9DEF45E3D046 /* BlockedFollowUpTests.swift in Sources */,
				0D271B6FB8B12700E0AA370B /* CommandNotificationObserverGuardTests.swift in Sources */,
				6C77259D87409283472D0452 /* CommandNotifications.swift in Sources */,
				DF65220C38BF4C4E60FAA0D0 /* EditorOpenDecision.swift in Sources */,
				78080A6C3C6E9793C02F9EB8 /* EditorOpenDecisionTests.swift in Sources */,
				B2F0F266E785E96D6C25B25C /* FocusedListColumn.swift in Sources */,
				D338087D97FE860EBC028DB6 /* FocusedShortcutGatingPredicateTests.swift in Sources */,
				1835D5C3561B08CF2C688CD5 /* GlobalHotkeyMonitor.swift in Sources */,
				B3682D3489423B4E04BB6948 /* HotkeyKeyTable.swift in Sources */,
				297F386CC41DF81630DAABC2 /* HotkeyRecorder.swift in Sources */,
				CA72CD557640E542667EC411 /* HotkeyRecorderConflictTests.swift in Sources */,
				285DC7E46B1AA401F748B09E /* HotkeyRecorderTests.swift in Sources */,
				FB019BA50063A5268118312E /* IndexingMappers.swift in Sources */,
				288F35C5006B93AAEE189A8E /* IndexingServiceTests.swift in Sources */,
				CAC72FCE791BC811B15696DB /* InlineCreateField.swift in Sources */,
				BDA1E09753034DE2322D998A /* InlineCreateInteractionTests.swift in Sources */,
				524AAE0A4EEB795D8EA674AC /* KeyboardShortcutTests.swift in Sources */,
				52B6567908A60B67FDA9CBAC /* NotificationPermissionFlowTests.swift in Sources */,
				A6252DAED612CEFA721DAC35 /* PinnedSidebarIntegrationTests.swift in Sources */,
				0842661BCC67DCC1443F7D91 /* PrivacyManifestComplianceTests.swift in Sources */,
				D1A0C35C122BFC3BE27BB475 /* QuickCapturePlacementMath.swift in Sources */,
				BC6B1E1CBFD580532B72EFA1 /* QuickCapturePlacementTests.swift in Sources */,
				D701E0A8466E8EE2590F083F /* SelectionAdvance.swift in Sources */,
				48BCDA9D8B5C36BB2F899B5B /* SidebarContextMenuTests.swift in Sources */,
				85B75D89DED9313BFD53E0A7 /* SidebarSelection.swift in Sources */,
				72985CB5C5C702D617D4694A /* SourceTitleResolver.swift in Sources */,
				0549A501B879B11D6FD83BA7 /* TaskListSourceTitleTests.swift in Sources */,
				57C8322E802DF6435DEF0934 /* ToolbarPersistenceTests.swift in Sources */,
				B8F458A4C7FD86FBFC7F968C /* UIStatePersistence.swift in Sources */,
				1550635670FED00DFA1C4C0A /* UIStatePersistencePruneTests.swift in Sources */,
			);
			runOnlyForDeploymentPostprocessing = 0;
		};
/* End PBXSourcesBuildPhase section */

/* Begin PBXTargetDependency section */
		7365C2F56BEC24E6EBCF9E95 /* PBXTargetDependency */ = {
			isa = PBXTargetDependency;
			target = 9A5124FFDB375540D83CD302 /* Lillist-macOS */;
			targetProxy = B561B27A9C27E5EBD427FF0B /* PBXContainerItemProxy */;
		};
/* End PBXTargetDependency section */

/* Begin XCBuildConfiguration section */
		32EFC677F6CEB11C92391AAC /* Debug */ = {
			isa = XCBuildConfiguration;
			buildSettings = {
				BUNDLE_LOADER = "$(TEST_HOST)";
				CODE_SIGN_STYLE = Automatic;
				COMBINE_HIDPI_IMAGES = YES;
				GENERATE_INFOPLIST_FILE = YES;
				LD_RUNPATH_SEARCH_PATHS = (
					"$(inherited)",
					"@executable_path/Frameworks",
					"@loader_path/Frameworks",
				);
				MACOSX_DEPLOYMENT_TARGET = 15.0;
				PRODUCT_BUNDLE_IDENTIFIER = app.lillist.uitests;
				SDKROOT = macosx;
				TEST_TARGET_NAME = "Lillist-macOS";
			};
			name = Debug;
		};
		4F4BEB48675B2B79920BD03C /* Release */ = {
			isa = XCBuildConfiguration;
			baseConfigurationReference = 0ABBB27058E889BD296D6C36 /* Signing.xcconfig */;
			buildSettings = {
				ALWAYS_SEARCH_USER_PATHS = NO;
				CLANG_ANALYZER_NONNULL = YES;
				CLANG_ANALYZER_NUMBER_OBJECT_CONVERSION = YES_AGGRESSIVE;
				CLANG_CXX_LANGUAGE_STANDARD = "gnu++14";
				CLANG_CXX_LIBRARY = "libc++";
				CLANG_ENABLE_MODULES = YES;
				CLANG_ENABLE_OBJC_ARC = YES;
				CLANG_ENABLE_OBJC_WEAK = YES;
				CLANG_WARN_BLOCK_CAPTURE_AUTORELEASING = YES;
				CLANG_WARN_BOOL_CONVERSION = YES;
				CLANG_WARN_COMMA = YES;
				CLANG_WARN_CONSTANT_CONVERSION = YES;
				CLANG_WARN_DEPRECATED_OBJC_IMPLEMENTATIONS = YES;
				CLANG_WARN_DIRECT_OBJC_ISA_USAGE = YES_ERROR;
				CLANG_WARN_DOCUMENTATION_COMMENTS = YES;
				CLANG_WARN_EMPTY_BODY = YES;
				CLANG_WARN_ENUM_CONVERSION = YES;
				CLANG_WARN_INFINITE_RECURSION = YES;
				CLANG_WARN_INT_CONVERSION = YES;
				CLANG_WARN_NON_LITERAL_NULL_CONVERSION = YES;
				CLANG_WARN_OBJC_IMPLICIT_RETAIN_SELF = YES;
				CLANG_WARN_OBJC_LITERAL_CONVERSION = YES;
				CLANG_WARN_OBJC_ROOT_CLASS = YES_ERROR;
				CLANG_WARN_QUOTED_INCLUDE_IN_FRAMEWORK_HEADER = YES;
				CLANG_WARN_RANGE_LOOP_ANALYSIS = YES;
				CLANG_WARN_STRICT_PROTOTYPES = YES;
				CLANG_WARN_SUSPICIOUS_MOVE = YES;
				CLANG_WARN_UNGUARDED_AVAILABILITY = YES_AGGRESSIVE;
				CLANG_WARN_UNREACHABLE_CODE = YES;
				CLANG_WARN__DUPLICATE_METHOD_MATCH = YES;
				COPY_PHASE_STRIP = NO;
				DEAD_CODE_STRIPPING = YES;
				DEBUG_INFORMATION_FORMAT = "dwarf-with-dsym";
				ENABLE_HARDENED_RUNTIME = YES;
				ENABLE_NS_ASSERTIONS = NO;
				ENABLE_STRICT_OBJC_MSGSEND = YES;
				GCC_C_LANGUAGE_STANDARD = gnu11;
				GCC_NO_COMMON_BLOCKS = YES;
				GCC_TREAT_WARNINGS_AS_ERRORS = YES;
				GCC_WARN_64_TO_32_BIT_CONVERSION = YES;
				GCC_WARN_ABOUT_RETURN_TYPE = YES_ERROR;
				GCC_WARN_UNDECLARED_SELECTOR = YES;
				GCC_WARN_UNINITIALIZED_AUTOS = YES_AGGRESSIVE;
				GCC_WARN_UNUSED_FUNCTION = YES;
				GCC_WARN_UNUSED_VARIABLE = YES;
				GENERATE_INFOPLIST_FILE = NO;
				MACOSX_DEPLOYMENT_TARGET = 15.0;
				MARKETING_VERSION = 0.9.1;
				MTL_ENABLE_DEBUG_INFO = NO;
				MTL_FAST_MATH = YES;
				PRODUCT_NAME = "$(TARGET_NAME)";
				SDKROOT = macosx;
				SWIFT_COMPILATION_MODE = wholemodule;
				SWIFT_OPTIMIZATION_LEVEL = "-O";
				SWIFT_STRICT_CONCURRENCY = complete;
				SWIFT_TREAT_WARNINGS_AS_ERRORS = YES;
				SWIFT_VERSION = 6.0;
			};
			name = Release;
		};
		5B757EC2AC0345BCE3659513 /* Debug */ = {
			isa = XCBuildConfiguration;
			buildSettings = {
				BUNDLE_LOADER = "";
				COMBINE_HIDPI_IMAGES = YES;
				GENERATE_INFOPLIST_FILE = YES;
				LD_RUNPATH_SEARCH_PATHS = (
					"$(inherited)",
					"@executable_path/../Frameworks",
					"@loader_path/../Frameworks",
				);
				MACOSX_DEPLOYMENT_TARGET = 15.0;
				PRODUCT_BUNDLE_IDENTIFIER = app.lillist.tests;
				SDKROOT = macosx;
				TEST_HOST = "";
			};
			name = Debug;
		};
		6806A95C4FCF64A04B08F5FF /* Debug */ = {
			isa = XCBuildConfiguration;
			buildSettings = {
				ASSETCATALOG_COMPILER_APPICON_NAME = AppIcon;
				ASSETCATALOG_COMPILER_GLOBAL_ACCENT_COLOR_NAME = AccentColor;
				CODE_SIGN_ENTITLEMENTS = "Lillist-macOS/Lillist.entitlements";
				CODE_SIGN_STYLE = Automatic;
				COMBINE_HIDPI_IMAGES = YES;
				INFOPLIST_FILE = "Lillist-macOS/Info.plist";
				LD_RUNPATH_SEARCH_PATHS = "$(inherited) @executable_path/../Frameworks";
				MACOSX_DEPLOYMENT_TARGET = 15.0;
				PRODUCT_BUNDLE_IDENTIFIER = app.lillist;
				PRODUCT_NAME = Lillist;
				SDKROOT = macosx;
			};
			name = Debug;
		};
		751D56DC4D043F4732FC1C3A /* Release */ = {
			isa = XCBuildConfiguration;
			buildSettings = {
				ASSETCATALOG_COMPILER_APPICON_NAME = AppIcon;
				ASSETCATALOG_COMPILER_GLOBAL_ACCENT_COLOR_NAME = AccentColor;
				CODE_SIGN_ENTITLEMENTS = "Lillist-macOS/Lillist.entitlements";
				CODE_SIGN_STYLE = Automatic;
				COMBINE_HIDPI_IMAGES = YES;
				INFOPLIST_FILE = "Lillist-macOS/Info.plist";
				LD_RUNPATH_SEARCH_PATHS = "$(inherited) @executable_path/../Frameworks";
				MACOSX_DEPLOYMENT_TARGET = 15.0;
				PRODUCT_BUNDLE_IDENTIFIER = app.lillist;
				PRODUCT_NAME = Lillist;
				SDKROOT = macosx;
			};
			name = Release;
		};
		9B580F6A3EE5557FE5BC6DD6 /* Release */ = {
			isa = XCBuildConfiguration;
			buildSettings = {
				BUNDLE_LOADER = "$(TEST_HOST)";
				CODE_SIGN_STYLE = Automatic;
				COMBINE_HIDPI_IMAGES = YES;
				GENERATE_INFOPLIST_FILE = YES;
				LD_RUNPATH_SEARCH_PATHS = (
					"$(inherited)",
					"@executable_path/Frameworks",
					"@loader_path/Frameworks",
				);
				MACOSX_DEPLOYMENT_TARGET = 15.0;
				PRODUCT_BUNDLE_IDENTIFIER = app.lillist.uitests;
				SDKROOT = macosx;
				TEST_TARGET_NAME = "Lillist-macOS";
			};
			name = Release;
		};
		C156E1A7847CBFD7C872E5C5 /* Release */ = {
			isa = XCBuildConfiguration;
			buildSettings = {
				BUNDLE_LOADER = "";
				COMBINE_HIDPI_IMAGES = YES;
				GENERATE_INFOPLIST_FILE = YES;
				LD_RUNPATH_SEARCH_PATHS = (
					"$(inherited)",
					"@executable_path/../Frameworks",
					"@loader_path/../Frameworks",
				);
				MACOSX_DEPLOYMENT_TARGET = 15.0;
				PRODUCT_BUNDLE_IDENTIFIER = app.lillist.tests;
				SDKROOT = macosx;
				TEST_HOST = "";
			};
			name = Release;
		};
		EDC3C21D6E626B0AD724C6F2 /* Debug */ = {
			isa = XCBuildConfiguration;
			baseConfigurationReference = 0ABBB27058E889BD296D6C36 /* Signing.xcconfig */;
			buildSettings = {
				ALWAYS_SEARCH_USER_PATHS = NO;
				CLANG_ANALYZER_NONNULL = YES;
				CLANG_ANALYZER_NUMBER_OBJECT_CONVERSION = YES_AGGRESSIVE;
				CLANG_CXX_LANGUAGE_STANDARD = "gnu++14";
				CLANG_CXX_LIBRARY = "libc++";
				CLANG_ENABLE_MODULES = YES;
				CLANG_ENABLE_OBJC_ARC = YES;
				CLANG_ENABLE_OBJC_WEAK = YES;
				CLANG_WARN_BLOCK_CAPTURE_AUTORELEASING = YES;
				CLANG_WARN_BOOL_CONVERSION = YES;
				CLANG_WARN_COMMA = YES;
				CLANG_WARN_CONSTANT_CONVERSION = YES;
				CLANG_WARN_DEPRECATED_OBJC_IMPLEMENTATIONS = YES;
				CLANG_WARN_DIRECT_OBJC_ISA_USAGE = YES_ERROR;
				CLANG_WARN_DOCUMENTATION_COMMENTS = YES;
				CLANG_WARN_EMPTY_BODY = YES;
				CLANG_WARN_ENUM_CONVERSION = YES;
				CLANG_WARN_INFINITE_RECURSION = YES;
				CLANG_WARN_INT_CONVERSION = YES;
				CLANG_WARN_NON_LITERAL_NULL_CONVERSION = YES;
				CLANG_WARN_OBJC_IMPLICIT_RETAIN_SELF = YES;
				CLANG_WARN_OBJC_LITERAL_CONVERSION = YES;
				CLANG_WARN_OBJC_ROOT_CLASS = YES_ERROR;
				CLANG_WARN_QUOTED_INCLUDE_IN_FRAMEWORK_HEADER = YES;
				CLANG_WARN_RANGE_LOOP_ANALYSIS = YES;
				CLANG_WARN_STRICT_PROTOTYPES = YES;
				CLANG_WARN_SUSPICIOUS_MOVE = YES;
				CLANG_WARN_UNGUARDED_AVAILABILITY = YES_AGGRESSIVE;
				CLANG_WARN_UNREACHABLE_CODE = YES;
				CLANG_WARN__DUPLICATE_METHOD_MATCH = YES;
				COPY_PHASE_STRIP = NO;
				DEAD_CODE_STRIPPING = YES;
				DEBUG_INFORMATION_FORMAT = dwarf;
				ENABLE_HARDENED_RUNTIME = YES;
				ENABLE_STRICT_OBJC_MSGSEND = YES;
				ENABLE_TESTABILITY = YES;
				GCC_C_LANGUAGE_STANDARD = gnu11;
				GCC_DYNAMIC_NO_PIC = NO;
				GCC_NO_COMMON_BLOCKS = YES;
				GCC_OPTIMIZATION_LEVEL = 0;
				GCC_PREPROCESSOR_DEFINITIONS = (
					"$(inherited)",
					"DEBUG=1",
				);
				GCC_TREAT_WARNINGS_AS_ERRORS = YES;
				GCC_WARN_64_TO_32_BIT_CONVERSION = YES;
				GCC_WARN_ABOUT_RETURN_TYPE = YES_ERROR;
				GCC_WARN_UNDECLARED_SELECTOR = YES;
				GCC_WARN_UNINITIALIZED_AUTOS = YES_AGGRESSIVE;
				GCC_WARN_UNUSED_FUNCTION = YES;
				GCC_WARN_UNUSED_VARIABLE = YES;
				GENERATE_INFOPLIST_FILE = NO;
				MACOSX_DEPLOYMENT_TARGET = 15.0;
				MARKETING_VERSION = 0.9.1;
				MTL_ENABLE_DEBUG_INFO = INCLUDE_SOURCE;
				MTL_FAST_MATH = YES;
				ONLY_ACTIVE_ARCH = YES;
				PRODUCT_NAME = "$(TARGET_NAME)";
				SDKROOT = macosx;
				SWIFT_ACTIVE_COMPILATION_CONDITIONS = DEBUG;
				SWIFT_OPTIMIZATION_LEVEL = "-Onone";
				SWIFT_STRICT_CONCURRENCY = complete;
				SWIFT_TREAT_WARNINGS_AS_ERRORS = YES;
				SWIFT_VERSION = 6.0;
			};
			name = Debug;
		};
/* End XCBuildConfiguration section */

/* Begin XCConfigurationList section */
		213CE2B1B0E6BA6C848A3B58 /* Build configuration list for PBXProject "Lillist-macOS" */ = {
			isa = XCConfigurationList;
			buildConfigurations = (
				EDC3C21D6E626B0AD724C6F2 /* Debug */,
				4F4BEB48675B2B79920BD03C /* Release */,
			);
			defaultConfigurationIsVisible = 0;
			defaultConfigurationName = Debug;
		};
		3E7A17B42EA603E56104390A /* Build configuration list for PBXNativeTarget "Lillist-macOS" */ = {
			isa = XCConfigurationList;
			buildConfigurations = (
				6806A95C4FCF64A04B08F5FF /* Debug */,
				751D56DC4D043F4732FC1C3A /* Release */,
			);
			defaultConfigurationIsVisible = 0;
			defaultConfigurationName = Debug;
		};
		660B6FC8F64ED621CF1D1B82 /* Build configuration list for PBXNativeTarget "Lillist-macOSUITests" */ = {
			isa = XCConfigurationList;
			buildConfigurations = (
				32EFC677F6CEB11C92391AAC /* Debug */,
				9B580F6A3EE5557FE5BC6DD6 /* Release */,
			);
			defaultConfigurationIsVisible = 0;
			defaultConfigurationName = Debug;
		};
		9BC8C967D895E12C9E8B5441 /* Build configuration list for PBXNativeTarget "Lillist-macOSTests" */ = {
			isa = XCConfigurationList;
			buildConfigurations = (
				5B757EC2AC0345BCE3659513 /* Debug */,
				C156E1A7847CBFD7C872E5C5 /* Release */,
			);
			defaultConfigurationIsVisible = 0;
			defaultConfigurationName = Debug;
		};
/* End XCConfigurationList section */

/* Begin XCLocalSwiftPackageReference section */
		081C4657D6DCBF95D5E46B84 /* XCLocalSwiftPackageReference "../Packages/LillistCore" */ = {
			isa = XCLocalSwiftPackageReference;
			relativePath = ../Packages/LillistCore;
		};
		5D034D84FFF031BB1D2F8D30 /* XCLocalSwiftPackageReference "../Packages/LillistUI" */ = {
			isa = XCLocalSwiftPackageReference;
			relativePath = ../Packages/LillistUI;
		};
/* End XCLocalSwiftPackageReference section */

/* Begin XCRemoteSwiftPackageReference section */
		4B14E2DAF8C41C0B1D230388 /* XCRemoteSwiftPackageReference "Sparkle" */ = {
			isa = XCRemoteSwiftPackageReference;
			repositoryURL = "https://github.com/sparkle-project/Sparkle";
			requirement = {
				kind = upToNextMajorVersion;
				minimumVersion = 2.6.0;
			};
		};
/* End XCRemoteSwiftPackageReference section */

/* Begin XCSwiftPackageProductDependency section */
		1CBD90EC484EB04CE92F5794 /* LillistCore */ = {
			isa = XCSwiftPackageProductDependency;
			productName = LillistCore;
		};
		1ED4C893535B6A6E62346628 /* LillistUI */ = {
			isa = XCSwiftPackageProductDependency;
			productName = LillistUI;
		};
		CF695397835B406FC45EA94B /* Sparkle */ = {
			isa = XCSwiftPackageProductDependency;
			package = 4B14E2DAF8C41C0B1D230388 /* XCRemoteSwiftPackageReference "Sparkle" */;
			productName = Sparkle;
		};
		D5DCD7417305E330CB4C0DC0 /* LillistCore */ = {
			isa = XCSwiftPackageProductDependency;
			productName = LillistCore;
		};
		FE69D0E9A4ADB1CDB38E1E3A /* LillistUI */ = {
			isa = XCSwiftPackageProductDependency;
			productName = LillistUI;
		};
/* End XCSwiftPackageProductDependency section */
	};
	rootObject = 97A6421094FD20B5F4217690 /* Project object */;
}
