// !$*UTF8*$!
{
	archiveVersion = 1;
	classes = {
	};
	objectVersion = 77;
	objects = {

/* Begin PBXBuildFile section */
		037A2818BA4C8A5CFECE4DC4 /* TaskEntity.swift in Sources */ = {isa = PBXBuildFile; fileRef = 60D270F4CC665B45F955D44A /* TaskEntity.swift */; };
		046D8F27FB3D4AD0970C455F /* AppEnvironment.swift in Sources */ = {isa = PBXBuildFile; fileRef = 297211E1BF6A9D0C7890E078 /* AppEnvironment.swift */; };
		0D39ED83FD7B9F2AB1F7B7A6 /* TaskNotesTab.swift in Sources */ = {isa = PBXBuildFile; fileRef = 63687CA5DAE8C94F242FB14A /* TaskNotesTab.swift */; };
		19E41567449FAA5BE15E6B32 /* AdvancedSection.swift in Sources */ = {isa = PBXBuildFile; fileRef = EAFB6125227B6A731DA61F20 /* AdvancedSection.swift */; };
		1B361E001278EAD358271191 /* SearchResultRow.swift in Sources */ = {isa = PBXBuildFile; fileRef = 448E26B3838FE07DB2DF0357 /* SearchResultRow.swift */; };
		1C56CE523F96BDB4ED0163D4 /* AddNudgeIntent.swift in Sources */ = {isa = PBXBuildFile; fileRef = B82728947B00E5DCC963F9A5 /* AddNudgeIntent.swift */; };
		1F01AB703411576F362D1A03 /* AddTaskIntent.swift in Sources */ = {isa = PBXBuildFile; fileRef = 343B12E0AE009EE4CB0ECBE7 /* AddTaskIntent.swift */; };
		1F88713EE31954520467B3CB /* LillistUI in Frameworks */ = {isa = PBXBuildFile; productRef = 632F42FE2460074A366178DF /* LillistUI */; };
		2001164CDA5863CF6F20A39B /* FloatingPlusOverlay.swift in Sources */ = {isa = PBXBuildFile; fileRef = 2451C017B338C99A72811F7E /* FloatingPlusOverlay.swift */; };
		206EB5B95925C98A34CA2639 /* AddNoteIntent.swift in Sources */ = {isa = PBXBuildFile; fileRef = CECC0E4966AEDB2B50C11DCA /* AddNoteIntent.swift */; };
		2DADFF6343511363B623E9F4 /* SplitShell.swift in Sources */ = {isa = PBXBuildFile; fileRef = 262D045DF7FC19BD936381F6 /* SplitShell.swift */; };
		34376E8334E842553856720B /* ShareRootView.swift in Sources */ = {isa = PBXBuildFile; fileRef = BF7C0CBC7BB61226C9ABECE1 /* ShareRootView.swift */; };
		3440B5C7EBBC1DE929C708F1 /* CrashReporterHost.swift in Sources */ = {isa = PBXBuildFile; fileRef = E61A40B2BDFBA8C6B05AC79E /* CrashReporterHost.swift */; };
		3723770D2788EE577A418AB1 /* ReportCrashIntent.swift in Sources */ = {isa = PBXBuildFile; fileRef = A319992C5C6111D1848B5549 /* ReportCrashIntent.swift */; };
		379E3FE8AFB068E832A2617E /* LillistUI in Frameworks */ = {isa = PBXBuildFile; productRef = 2ABD72EED49C2E40D19B1F5F /* LillistUI */; };
		3A2760F631CB59A9344DC2EF /* QuickCaptureFlowTests.swift in Sources */ = {isa = PBXBuildFile; fileRef = CEE1AA15CD7EEB68E16E53D8 /* QuickCaptureFlowTests.swift */; };
		3BBC72AEC744027E002243C4 /* TaskEntityQuery.swift in Sources */ = {isa = PBXBuildFile; fileRef = 32DFE7DBEC9D4A404CCF4A90 /* TaskEntityQuery.swift */; };
		3C197827BB6E072E187327F3 /* DefaultSmartFiltersInstallerTests.swift in Sources */ = {isa = PBXBuildFile; fileRef = 5D9EA074A9D3F9A86933CEA3 /* DefaultSmartFiltersInstallerTests.swift */; };
		3E7FA26351870152F713291F /* OpenTaskIntent.swift in Sources */ = {isa = PBXBuildFile; fileRef = A60CEF999A5541D9221BEF8C /* OpenTaskIntent.swift */; };
		41FFD2B886C0549516C2E50D /* TaskDetailView.swift in Sources */ = {isa = PBXBuildFile; fileRef = 8E53A86D921898A0FB836C9A /* TaskDetailView.swift */; };
		44179FDE8018A6D7AF8C4009 /* TodayView.swift in Sources */ = {isa = PBXBuildFile; fileRef = 0D8F8030267286E55CE51EA8 /* TodayView.swift */; };
		4CD99B3E30EDDCB6A7DAFEA1 /* IntentSupport.swift in Sources */ = {isa = PBXBuildFile; fileRef = E4C1FA7E921214B499AC7C78 /* IntentSupport.swift */; };
		58E910FC4630D8C34D79AAC0 /* TrashSection.swift in Sources */ = {isa = PBXBuildFile; fileRef = B9166711CEB13F01C3DB136A /* TrashSection.swift */; };
		5D9279E9C4C73820704AB2C5 /* ShareExtensionPayloadTests.swift in Sources */ = {isa = PBXBuildFile; fileRef = 165A87417D8DB0F2E8100ABB /* ShareExtensionPayloadTests.swift */; };
		62AB4F9A61AB494F525F54FF /* Assets.xcassets in Resources */ = {isa = PBXBuildFile; fileRef = A8F22116451755349886D09A /* Assets.xcassets */; };
		652545A8D47A8D082D04EE75 /* QuickCaptureSheet.swift in Sources */ = {isa = PBXBuildFile; fileRef = F23FBC5D0477DD491DCDF6FC /* QuickCaptureSheet.swift */; };
		67467AD14169FBD143D6960A /* ICloudRequiredScreen.swift in Sources */ = {isa = PBXBuildFile; fileRef = EA561E81CC0E97A39CDEC2E1 /* ICloudRequiredScreen.swift */; };
		67A2B9B597F60AFE39A0FDED /* QuickCaptureLockScreenIntent.swift in Sources */ = {isa = PBXBuildFile; fileRef = 752930BC024A56479687DFAA /* QuickCaptureLockScreenIntent.swift */; };
		69BECB4741B1463737509C95 /* LillistCore in Frameworks */ = {isa = PBXBuildFile; productRef = A9A442D94E3178E3C8BAB2CE /* LillistCore */; };
		69D488A19ACCD482A6941919 /* TagTaskListView.swift in Sources */ = {isa = PBXBuildFile; fileRef = 064823BCA68E4055D7204717 /* TagTaskListView.swift */; };
		6D038BF4B04B076DD80D649B /* SearchView.swift in Sources */ = {isa = PBXBuildFile; fileRef = 54441E810591AED5EFAECF6F /* SearchView.swift */; };
		70EFAEC895F77C3746EC9826 /* ShortcutsActions.appex in Embed Foundation Extensions */ = {isa = PBXBuildFile; fileRef = 3662AC54EFB61DCAB491C63C /* ShortcutsActions.appex */; settings = {ATTRIBUTES = (RemoveHeadersOnCopy, ); }; };
		736D7D381C885A085BE6C3C6 /* LillistCore in Frameworks */ = {isa = PBXBuildFile; productRef = 8DB8540AD27AC6302E455EF9 /* LillistCore */; };
		73BE8F1D6EF2D3BE9D67C497 /* StatusAppEnum.swift in Sources */ = {isa = PBXBuildFile; fileRef = F3FB7F9EA7F274415E924EA6 /* StatusAppEnum.swift */; };
		7A6D0D29236C8CF6E2FD5EDE /* LillistCore in Frameworks */ = {isa = PBXBuildFile; productRef = 9ED0B06375B70267A31FB5CA /* LillistCore */; };
		8189623B012D1E3D79C2EC4B /* LillistCore in Frameworks */ = {isa = PBXBuildFile; productRef = 8CDB023B81A1C3EA772D3534 /* LillistCore */; };
		8ED796B233C11810C84BB4DB /* FiltersListView.swift in Sources */ = {isa = PBXBuildFile; fileRef = 00051882E988E14985F0D4D1 /* FiltersListView.swift */; };
		901C7E98FDF9DA6C070A641A /* TaskSubtasksTab.swift in Sources */ = {isa = PBXBuildFile; fileRef = 29C684CCD22ABED2078AE9FA /* TaskSubtasksTab.swift */; };
		92FB9F599E4AE68D4C2E5151 /* ShareExtension-iOS.appex in Embed Foundation Extensions */ = {isa = PBXBuildFile; fileRef = 940380DB2F7305D2993DCD30 /* ShareExtension-iOS.appex */; settings = {ATTRIBUTES = (RemoveHeadersOnCopy, ); }; };
		970FBA04A6DFC89AFF90B93B /* Color+Hex.swift in Sources */ = {isa = PBXBuildFile; fileRef = 01AACE45A624EA0EF9FE21E6 /* Color+Hex.swift */; };
		9978784936A13783F1BF8E35 /* SharePayload.swift in Sources */ = {isa = PBXBuildFile; fileRef = D2F899010F7F794421F9DB2A /* SharePayload.swift */; };
		9A614EB7763D94FE9D1D032D /* TabShell.swift in Sources */ = {isa = PBXBuildFile; fileRef = CDF66890A34B8871D4E2278B /* TabShell.swift */; };
		A3140D5C493ECC74519DBB39 /* CrashReportingSection.swift in Sources */ = {isa = PBXBuildFile; fileRef = 400AB5E7E52D7AC0BFF18DAE /* CrashReportingSection.swift */; };
		A6EE4318B3317216DF56160D /* SharePayloadTests.swift in Sources */ = {isa = PBXBuildFile; fileRef = 6816606162835A06ED8B8FEF /* SharePayloadTests.swift */; };
		AB0DAB0FFB124C1178A0FAB6 /* OnboardingScreen.swift in Sources */ = {isa = PBXBuildFile; fileRef = 824FA7B5DC23A67CD85D65A0 /* OnboardingScreen.swift */; };
		AD0144EC54CC3FA76CD3D1D0 /* AllTagsView.swift in Sources */ = {isa = PBXBuildFile; fileRef = 7AE05D83958BE1618EC00B27 /* AllTagsView.swift */; };
		B28D66C3798D9DE9462CB3D0 /* GeneralSection.swift in Sources */ = {isa = PBXBuildFile; fileRef = 013C20AC115F9A9F16F18BA2 /* GeneralSection.swift */; };
		C1FEEAB56AFC2EFD9C108C47 /* TaskJournalTab.swift in Sources */ = {isa = PBXBuildFile; fileRef = F6C4BEE444B84DDF5F88ABF3 /* TaskJournalTab.swift */; };
		C37A5B3B5892E493D5874513 /* ReportCrashIntentTests.swift in Sources */ = {isa = PBXBuildFile; fileRef = 97A39E4B87749E005F34B7FF /* ReportCrashIntentTests.swift */; };
		CA4034D690255FE0554C7DE2 /* RootShell.swift in Sources */ = {isa = PBXBuildFile; fileRef = 03C3319AED08244B047F88E4 /* RootShell.swift */; };
		CB8301504557324D1B671609 /* NotificationsSection.swift in Sources */ = {isa = PBXBuildFile; fileRef = E4D39B252544E335C0CC4FB5 /* NotificationsSection.swift */; };
		CEE10BDC98205D724AA29DCD /* FilterResultsView.swift in Sources */ = {isa = PBXBuildFile; fileRef = F2A651BD41829D553D469EC3 /* FilterResultsView.swift */; };
		D68B04863DB035FBB4CC7D19 /* CompleteTaskIntent.swift in Sources */ = {isa = PBXBuildFile; fileRef = B85AEF08DCB6A6F29677F2F8 /* CompleteTaskIntent.swift */; };
		DD83C4577F076A2042F05E6E /* KeyboardShortcuts.swift in Sources */ = {isa = PBXBuildFile; fileRef = A51D139E432B20E90E93549D /* KeyboardShortcuts.swift */; };
		DEC33DF9FB210ECBF51CB363 /* ToggleStatusIntent.swift in Sources */ = {isa = PBXBuildFile; fileRef = 4167EC3BD9F49B2C79556A19 /* ToggleStatusIntent.swift */; };
		E01B4AB3BC5C4E7EE9093B74 /* LillistApp.swift in Sources */ = {isa = PBXBuildFile; fileRef = B1CF1EBE004127B957F4AB99 /* LillistApp.swift */; };
		E40226631EC34F5D4110B4D6 /* SharePayload.swift in Sources */ = {isa = PBXBuildFile; fileRef = D2F899010F7F794421F9DB2A /* SharePayload.swift */; };
		E40372B99D819D778F4F2ED7 /* QuickCaptureSection.swift in Sources */ = {isa = PBXBuildFile; fileRef = 5234E07AB0CA951D086A9F6C /* QuickCaptureSection.swift */; };
		E4C230FEC3056278B860651E /* ReportCrashIntent.swift in Sources */ = {isa = PBXBuildFile; fileRef = A319992C5C6111D1848B5549 /* ReportCrashIntent.swift */; };
		E56611471CAD14B868BBAE0D /* SearchTasksIntent.swift in Sources */ = {isa = PBXBuildFile; fileRef = 127316B4280751452F412407 /* SearchTasksIntent.swift */; };
		E8F2F2AFAD19AAB4AE538B52 /* NotificationPermissionFlowTests.swift in Sources */ = {isa = PBXBuildFile; fileRef = A2B005498284E28D02A97CF6 /* NotificationPermissionFlowTests.swift */; };
		ED3F0012AFC75791B7432CB6 /* ShareViewController.swift in Sources */ = {isa = PBXBuildFile; fileRef = 3013CF9707368DFFA43E4C72 /* ShareViewController.swift */; };
		F11F925F3DFE05C9595A1825 /* SettingsTab.swift in Sources */ = {isa = PBXBuildFile; fileRef = D1B6EFD3373C205B1003A91A /* SettingsTab.swift */; };
		F6AC14D90F6B8A293A753408 /* AppIntentHandlerTests.swift in Sources */ = {isa = PBXBuildFile; fileRef = 4E15BAD0E599EA928403C4A8 /* AppIntentHandlerTests.swift */; };
		F75A71A023C47A17E5C2157E /* MailComposerView.swift in Sources */ = {isa = PBXBuildFile; fileRef = 4BADE4E23B29DACB74971F2E /* MailComposerView.swift */; };
		F77B7FA0960260C3C222F792 /* TaskAttachmentsTab.swift in Sources */ = {isa = PBXBuildFile; fileRef = 737996A9942CE2D095EAA6AB /* TaskAttachmentsTab.swift */; };
		FE5E36D23CC9D9B15A788C5B /* LillistShortcuts.swift in Sources */ = {isa = PBXBuildFile; fileRef = C879F47AAC9011FEA0721657 /* LillistShortcuts.swift */; };
		FF3DA22F3237CE457042CD1E /* MailComposerTransport.swift in Sources */ = {isa = PBXBuildFile; fileRef = F712F10B1BA7CC96F08D684A /* MailComposerTransport.swift */; };
/* End PBXBuildFile section */

/* Begin PBXContainerItemProxy section */
		6612A61361EAEC3AF7CE9FCA /* PBXContainerItemProxy */ = {
			isa = PBXContainerItemProxy;
			containerPortal = 1DB80FAA8D8DB5EC289A1485 /* Project object */;
			proxyType = 1;
			remoteGlobalIDString = EA96207E0E5E3B48DAD2D058;
			remoteInfo = ShortcutsActions;
		};
		F0EBD4BB1365BD67A5B3139A /* PBXContainerItemProxy */ = {
			isa = PBXContainerItemProxy;
			containerPortal = 1DB80FAA8D8DB5EC289A1485 /* Project object */;
			proxyType = 1;
			remoteGlobalIDString = F1A53C3614ABC3EA7F2D1D73;
			remoteInfo = "ShareExtension-iOS";
		};
/* End PBXContainerItemProxy section */

/* Begin PBXCopyFilesBuildPhase section */
		75D38EC838CE672CBB0C55D6 /* Embed Foundation Extensions */ = {
			isa = PBXCopyFilesBuildPhase;
			buildActionMask = 2147483647;
			dstPath = "";
			dstSubfolderSpec = 13;
			files = (
				92FB9F599E4AE68D4C2E5151 /* ShareExtension-iOS.appex in Embed Foundation Extensions */,
				70EFAEC895F77C3746EC9826 /* ShortcutsActions.appex in Embed Foundation Extensions */,
			);
			name = "Embed Foundation Extensions";
			runOnlyForDeploymentPostprocessing = 0;
		};
/* End PBXCopyFilesBuildPhase section */

/* Begin PBXFileReference section */
		00051882E988E14985F0D4D1 /* FiltersListView.swift */ = {isa = PBXFileReference; lastKnownFileType = sourcecode.swift; path = FiltersListView.swift; sourceTree = "<group>"; };
		013C20AC115F9A9F16F18BA2 /* GeneralSection.swift */ = {isa = PBXFileReference; lastKnownFileType = sourcecode.swift; path = GeneralSection.swift; sourceTree = "<group>"; };
		01AACE45A624EA0EF9FE21E6 /* Color+Hex.swift */ = {isa = PBXFileReference; lastKnownFileType = sourcecode.swift; path = "Color+Hex.swift"; sourceTree = "<group>"; };
		03C3319AED08244B047F88E4 /* RootShell.swift */ = {isa = PBXFileReference; lastKnownFileType = sourcecode.swift; path = RootShell.swift; sourceTree = "<group>"; };
		064823BCA68E4055D7204717 /* TagTaskListView.swift */ = {isa = PBXFileReference; lastKnownFileType = sourcecode.swift; path = TagTaskListView.swift; sourceTree = "<group>"; };
		0D8F8030267286E55CE51EA8 /* TodayView.swift */ = {isa = PBXFileReference; lastKnownFileType = sourcecode.swift; path = TodayView.swift; sourceTree = "<group>"; };
		127316B4280751452F412407 /* SearchTasksIntent.swift */ = {isa = PBXFileReference; lastKnownFileType = sourcecode.swift; path = SearchTasksIntent.swift; sourceTree = "<group>"; };
		165A87417D8DB0F2E8100ABB /* ShareExtensionPayloadTests.swift */ = {isa = PBXFileReference; lastKnownFileType = sourcecode.swift; path = ShareExtensionPayloadTests.swift; sourceTree = "<group>"; };
		2451C017B338C99A72811F7E /* FloatingPlusOverlay.swift */ = {isa = PBXFileReference; lastKnownFileType = sourcecode.swift; path = FloatingPlusOverlay.swift; sourceTree = "<group>"; };
		262D045DF7FC19BD936381F6 /* SplitShell.swift */ = {isa = PBXFileReference; lastKnownFileType = sourcecode.swift; path = SplitShell.swift; sourceTree = "<group>"; };
		297211E1BF6A9D0C7890E078 /* AppEnvironment.swift */ = {isa = PBXFileReference; lastKnownFileType = sourcecode.swift; path = AppEnvironment.swift; sourceTree = "<group>"; };
		29C684CCD22ABED2078AE9FA /* TaskSubtasksTab.swift */ = {isa = PBXFileReference; lastKnownFileType = sourcecode.swift; path = TaskSubtasksTab.swift; sourceTree = "<group>"; };
		3013CF9707368DFFA43E4C72 /* ShareViewController.swift */ = {isa = PBXFileReference; lastKnownFileType = sourcecode.swift; path = ShareViewController.swift; sourceTree = "<group>"; };
		32DFE7DBEC9D4A404CCF4A90 /* TaskEntityQuery.swift */ = {isa = PBXFileReference; lastKnownFileType = sourcecode.swift; path = TaskEntityQuery.swift; sourceTree = "<group>"; };
		343B12E0AE009EE4CB0ECBE7 /* AddTaskIntent.swift */ = {isa = PBXFileReference; lastKnownFileType = sourcecode.swift; path = AddTaskIntent.swift; sourceTree = "<group>"; };
		3662AC54EFB61DCAB491C63C /* ShortcutsActions.appex */ = {isa = PBXFileReference; includeInIndex = 0; lastKnownFileType = "wrapper.app-extension"; path = ShortcutsActions.appex; sourceTree = BUILT_PRODUCTS_DIR; };
		400AB5E7E52D7AC0BFF18DAE /* CrashReportingSection.swift */ = {isa = PBXFileReference; lastKnownFileType = sourcecode.swift; path = CrashReportingSection.swift; sourceTree = "<group>"; };
		4167EC3BD9F49B2C79556A19 /* ToggleStatusIntent.swift */ = {isa = PBXFileReference; lastKnownFileType = sourcecode.swift; path = ToggleStatusIntent.swift; sourceTree = "<group>"; };
		448E26B3838FE07DB2DF0357 /* SearchResultRow.swift */ = {isa = PBXFileReference; lastKnownFileType = sourcecode.swift; path = SearchResultRow.swift; sourceTree = "<group>"; };
		4BADE4E23B29DACB74971F2E /* MailComposerView.swift */ = {isa = PBXFileReference; lastKnownFileType = sourcecode.swift; path = MailComposerView.swift; sourceTree = "<group>"; };
		4E15BAD0E599EA928403C4A8 /* AppIntentHandlerTests.swift */ = {isa = PBXFileReference; lastKnownFileType = sourcecode.swift; path = AppIntentHandlerTests.swift; sourceTree = "<group>"; };
		5234E07AB0CA951D086A9F6C /* QuickCaptureSection.swift */ = {isa = PBXFileReference; lastKnownFileType = sourcecode.swift; path = QuickCaptureSection.swift; sourceTree = "<group>"; };
		54441E810591AED5EFAECF6F /* SearchView.swift */ = {isa = PBXFileReference; lastKnownFileType = sourcecode.swift; path = SearchView.swift; sourceTree = "<group>"; };
		5B1A1BCFA25E5B795D84C6A7 /* LillistCore */ = {isa = PBXFileReference; lastKnownFileType = folder; name = LillistCore; path = ../../Packages/LillistCore; sourceTree = SOURCE_ROOT; };
		5D9EA074A9D3F9A86933CEA3 /* DefaultSmartFiltersInstallerTests.swift */ = {isa = PBXFileReference; lastKnownFileType = sourcecode.swift; path = DefaultSmartFiltersInstallerTests.swift; sourceTree = "<group>"; };
		5E708B597B5A514DE89C94FC /* Lillist-iOS.app */ = {isa = PBXFileReference; includeInIndex = 0; lastKnownFileType = wrapper.application; path = "Lillist-iOS.app"; sourceTree = BUILT_PRODUCTS_DIR; };
		60D270F4CC665B45F955D44A /* TaskEntity.swift */ = {isa = PBXFileReference; lastKnownFileType = sourcecode.swift; path = TaskEntity.swift; sourceTree = "<group>"; };
		63687CA5DAE8C94F242FB14A /* TaskNotesTab.swift */ = {isa = PBXFileReference; lastKnownFileType = sourcecode.swift; path = TaskNotesTab.swift; sourceTree = "<group>"; };
		6816606162835A06ED8B8FEF /* SharePayloadTests.swift */ = {isa = PBXFileReference; lastKnownFileType = sourcecode.swift; path = SharePayloadTests.swift; sourceTree = "<group>"; };
		737996A9942CE2D095EAA6AB /* TaskAttachmentsTab.swift */ = {isa = PBXFileReference; lastKnownFileType = sourcecode.swift; path = TaskAttachmentsTab.swift; sourceTree = "<group>"; };
		752930BC024A56479687DFAA /* QuickCaptureLockScreenIntent.swift */ = {isa = PBXFileReference; lastKnownFileType = sourcecode.swift; path = QuickCaptureLockScreenIntent.swift; sourceTree = "<group>"; };
		7AE05D83958BE1618EC00B27 /* AllTagsView.swift */ = {isa = PBXFileReference; lastKnownFileType = sourcecode.swift; path = AllTagsView.swift; sourceTree = "<group>"; };
		824FA7B5DC23A67CD85D65A0 /* OnboardingScreen.swift */ = {isa = PBXFileReference; lastKnownFileType = sourcecode.swift; path = OnboardingScreen.swift; sourceTree = "<group>"; };
		8E53A86D921898A0FB836C9A /* TaskDetailView.swift */ = {isa = PBXFileReference; lastKnownFileType = sourcecode.swift; path = TaskDetailView.swift; sourceTree = "<group>"; };
		940380DB2F7305D2993DCD30 /* ShareExtension-iOS.appex */ = {isa = PBXFileReference; includeInIndex = 0; lastKnownFileType = "wrapper.app-extension"; path = "ShareExtension-iOS.appex"; sourceTree = BUILT_PRODUCTS_DIR; };
		97A39E4B87749E005F34B7FF /* ReportCrashIntentTests.swift */ = {isa = PBXFileReference; lastKnownFileType = sourcecode.swift; path = ReportCrashIntentTests.swift; sourceTree = "<group>"; };
		A2B005498284E28D02A97CF6 /* NotificationPermissionFlowTests.swift */ = {isa = PBXFileReference; lastKnownFileType = sourcecode.swift; path = NotificationPermissionFlowTests.swift; sourceTree = "<group>"; };
		A319992C5C6111D1848B5549 /* ReportCrashIntent.swift */ = {isa = PBXFileReference; lastKnownFileType = sourcecode.swift; path = ReportCrashIntent.swift; sourceTree = "<group>"; };
		A51D139E432B20E90E93549D /* KeyboardShortcuts.swift */ = {isa = PBXFileReference; lastKnownFileType = sourcecode.swift; path = KeyboardShortcuts.swift; sourceTree = "<group>"; };
		A60CEF999A5541D9221BEF8C /* OpenTaskIntent.swift */ = {isa = PBXFileReference; lastKnownFileType = sourcecode.swift; path = OpenTaskIntent.swift; sourceTree = "<group>"; };
		A8F22116451755349886D09A /* Assets.xcassets */ = {isa = PBXFileReference; lastKnownFileType = folder.assetcatalog; path = Assets.xcassets; sourceTree = "<group>"; };
		B1CF1EBE004127B957F4AB99 /* LillistApp.swift */ = {isa = PBXFileReference; lastKnownFileType = sourcecode.swift; path = LillistApp.swift; sourceTree = "<group>"; };
		B3C5475FEB9C980491DF8B93 /* LillistUI */ = {isa = PBXFileReference; lastKnownFileType = folder; name = LillistUI; path = ../../Packages/LillistUI; sourceTree = SOURCE_ROOT; };
		B82728947B00E5DCC963F9A5 /* AddNudgeIntent.swift */ = {isa = PBXFileReference; lastKnownFileType = sourcecode.swift; path = AddNudgeIntent.swift; sourceTree = "<group>"; };
		B85AEF08DCB6A6F29677F2F8 /* CompleteTaskIntent.swift */ = {isa = PBXFileReference; lastKnownFileType = sourcecode.swift; path = CompleteTaskIntent.swift; sourceTree = "<group>"; };
		B9166711CEB13F01C3DB136A /* TrashSection.swift */ = {isa = PBXFileReference; lastKnownFileType = sourcecode.swift; path = TrashSection.swift; sourceTree = "<group>"; };
		BF7C0CBC7BB61226C9ABECE1 /* ShareRootView.swift */ = {isa = PBXFileReference; lastKnownFileType = sourcecode.swift; path = ShareRootView.swift; sourceTree = "<group>"; };
		C01EA0AAA388BBCF9B11BDED /* Lillist-iOSTests.xctest */ = {isa = PBXFileReference; includeInIndex = 0; lastKnownFileType = wrapper.cfbundle; path = "Lillist-iOSTests.xctest"; sourceTree = BUILT_PRODUCTS_DIR; };
		C879F47AAC9011FEA0721657 /* LillistShortcuts.swift */ = {isa = PBXFileReference; lastKnownFileType = sourcecode.swift; path = LillistShortcuts.swift; sourceTree = "<group>"; };
		CDF66890A34B8871D4E2278B /* TabShell.swift */ = {isa = PBXFileReference; lastKnownFileType = sourcecode.swift; path = TabShell.swift; sourceTree = "<group>"; };
		CECC0E4966AEDB2B50C11DCA /* AddNoteIntent.swift */ = {isa = PBXFileReference; lastKnownFileType = sourcecode.swift; path = AddNoteIntent.swift; sourceTree = "<group>"; };
		CEE1AA15CD7EEB68E16E53D8 /* QuickCaptureFlowTests.swift */ = {isa = PBXFileReference; lastKnownFileType = sourcecode.swift; path = QuickCaptureFlowTests.swift; sourceTree = "<group>"; };
		D1B6EFD3373C205B1003A91A /* SettingsTab.swift */ = {isa = PBXFileReference; lastKnownFileType = sourcecode.swift; path = SettingsTab.swift; sourceTree = "<group>"; };
		D2F899010F7F794421F9DB2A /* SharePayload.swift */ = {isa = PBXFileReference; lastKnownFileType = sourcecode.swift; path = SharePayload.swift; sourceTree = "<group>"; };
		E4C1FA7E921214B499AC7C78 /* IntentSupport.swift */ = {isa = PBXFileReference; lastKnownFileType = sourcecode.swift; path = IntentSupport.swift; sourceTree = "<group>"; };
		E4D39B252544E335C0CC4FB5 /* NotificationsSection.swift */ = {isa = PBXFileReference; lastKnownFileType = sourcecode.swift; path = NotificationsSection.swift; sourceTree = "<group>"; };
		E61A40B2BDFBA8C6B05AC79E /* CrashReporterHost.swift */ = {isa = PBXFileReference; lastKnownFileType = sourcecode.swift; path = CrashReporterHost.swift; sourceTree = "<group>"; };
		EA561E81CC0E97A39CDEC2E1 /* ICloudRequiredScreen.swift */ = {isa = PBXFileReference; lastKnownFileType = sourcecode.swift; path = ICloudRequiredScreen.swift; sourceTree = "<group>"; };
		EAFB6125227B6A731DA61F20 /* AdvancedSection.swift */ = {isa = PBXFileReference; lastKnownFileType = sourcecode.swift; path = AdvancedSection.swift; sourceTree = "<group>"; };
		F23FBC5D0477DD491DCDF6FC /* QuickCaptureSheet.swift */ = {isa = PBXFileReference; lastKnownFileType = sourcecode.swift; path = QuickCaptureSheet.swift; sourceTree = "<group>"; };
		F2A651BD41829D553D469EC3 /* FilterResultsView.swift */ = {isa = PBXFileReference; lastKnownFileType = sourcecode.swift; path = FilterResultsView.swift; sourceTree = "<group>"; };
		F3FB7F9EA7F274415E924EA6 /* StatusAppEnum.swift */ = {isa = PBXFileReference; lastKnownFileType = sourcecode.swift; path = StatusAppEnum.swift; sourceTree = "<group>"; };
		F6C4BEE444B84DDF5F88ABF3 /* TaskJournalTab.swift */ = {isa = PBXFileReference; lastKnownFileType = sourcecode.swift; path = TaskJournalTab.swift; sourceTree = "<group>"; };
		F712F10B1BA7CC96F08D684A /* MailComposerTransport.swift */ = {isa = PBXFileReference; lastKnownFileType = sourcecode.swift; path = MailComposerTransport.swift; sourceTree = "<group>"; };
/* End PBXFileReference section */

/* Begin PBXFrameworksBuildPhase section */
		471BC92253435C6953644455 /* Frameworks */ = {
			isa = PBXFrameworksBuildPhase;
			buildActionMask = 2147483647;
			files = (
				7A6D0D29236C8CF6E2FD5EDE /* LillistCore in Frameworks */,
				379E3FE8AFB068E832A2617E /* LillistUI in Frameworks */,
			);
			runOnlyForDeploymentPostprocessing = 0;
		};
		9FC65BFA90FA483009704A2A /* Frameworks */ = {
			isa = PBXFrameworksBuildPhase;
			buildActionMask = 2147483647;
			files = (
				736D7D381C885A085BE6C3C6 /* LillistCore in Frameworks */,
			);
			runOnlyForDeploymentPostprocessing = 0;
		};
		C63F406478A380D8D7A92D18 /* Frameworks */ = {
			isa = PBXFrameworksBuildPhase;
			buildActionMask = 2147483647;
			files = (
				8189623B012D1E3D79C2EC4B /* LillistCore in Frameworks */,
				1F88713EE31954520467B3CB /* LillistUI in Frameworks */,
			);
			runOnlyForDeploymentPostprocessing = 0;
		};
		C8C261EDEA79BA0942A68DED /* Frameworks */ = {
			isa = PBXFrameworksBuildPhase;
			buildActionMask = 2147483647;
			files = (
				69BECB4741B1463737509C95 /* LillistCore in Frameworks */,
			);
			runOnlyForDeploymentPostprocessing = 0;
		};
/* End PBXFrameworksBuildPhase section */

/* Begin PBXGroup section */
		09DC0A89B4B328FDAFC9EE14 /* Filters */ = {
			isa = PBXGroup;
			children = (
				F2A651BD41829D553D469EC3 /* FilterResultsView.swift */,
				00051882E988E14985F0D4D1 /* FiltersListView.swift */,
			);
			path = Filters;
			sourceTree = "<group>";
		};
		0C636AC1DDFD7B7423C3760C /* App */ = {
			isa = PBXGroup;
			children = (
				297211E1BF6A9D0C7890E078 /* AppEnvironment.swift */,
				E61A40B2BDFBA8C6B05AC79E /* CrashReporterHost.swift */,
				B1CF1EBE004127B957F4AB99 /* LillistApp.swift */,
				F712F10B1BA7CC96F08D684A /* MailComposerTransport.swift */,
				4BADE4E23B29DACB74971F2E /* MailComposerView.swift */,
			);
			path = App;
			sourceTree = "<group>";
		};
		0E400BFF61C240129A67D324 /* Onboarding */ = {
			isa = PBXGroup;
			children = (
				EA561E81CC0E97A39CDEC2E1 /* ICloudRequiredScreen.swift */,
				824FA7B5DC23A67CD85D65A0 /* OnboardingScreen.swift */,
			);
			path = Onboarding;
			sourceTree = "<group>";
		};
		0FC767B6457A48B4FC8B6F55 /* Tests */ = {
			isa = PBXGroup;
			children = (
				64A33A2A2C186AB2BBFBA914 /* IntegrationTests */,
				4DCB547B5B77944A70FA8C53 /* UnitTests */,
			);
			path = Tests;
			sourceTree = "<group>";
		};
		243C6CAFA022E98171C194C3 = {
			isa = PBXGroup;
			children = (
				E388D6D94BF099D66041C47B /* Lillist */,
				AEF36B7F79E03D1323929A73 /* Packages */,
				9D8DA937FAF914F09D32D691 /* Resources */,
				BAF326901D1AA2ABD1245C8E /* Sources */,
				0FC767B6457A48B4FC8B6F55 /* Tests */,
				6C337B3B34F94927CCECC3C6 /* Products */,
			);
			sourceTree = "<group>";
		};
		3383073FA52876D3A8FDB3E1 /* Extensions */ = {
			isa = PBXGroup;
			children = (
				F8D3A65199D58FD2F0525B35 /* ShareExtension-iOS */,
				360A686A7853EB909747BB6B /* ShortcutsActions */,
			);
			path = Extensions;
			sourceTree = "<group>";
		};
		360A686A7853EB909747BB6B /* ShortcutsActions */ = {
			isa = PBXGroup;
			children = (
				404EF6CD99767F19C2812FFF /* Entities */,
				CECC0E4966AEDB2B50C11DCA /* AddNoteIntent.swift */,
				B82728947B00E5DCC963F9A5 /* AddNudgeIntent.swift */,
				343B12E0AE009EE4CB0ECBE7 /* AddTaskIntent.swift */,
				B85AEF08DCB6A6F29677F2F8 /* CompleteTaskIntent.swift */,
				E4C1FA7E921214B499AC7C78 /* IntentSupport.swift */,
				C879F47AAC9011FEA0721657 /* LillistShortcuts.swift */,
				A60CEF999A5541D9221BEF8C /* OpenTaskIntent.swift */,
				752930BC024A56479687DFAA /* QuickCaptureLockScreenIntent.swift */,
				A319992C5C6111D1848B5549 /* ReportCrashIntent.swift */,
				127316B4280751452F412407 /* SearchTasksIntent.swift */,
				4167EC3BD9F49B2C79556A19 /* ToggleStatusIntent.swift */,
			);
			path = ShortcutsActions;
			sourceTree = "<group>";
		};
		404EF6CD99767F19C2812FFF /* Entities */ = {
			isa = PBXGroup;
			children = (
				F3FB7F9EA7F274415E924EA6 /* StatusAppEnum.swift */,
				60D270F4CC665B45F955D44A /* TaskEntity.swift */,
				32DFE7DBEC9D4A404CCF4A90 /* TaskEntityQuery.swift */,
			);
			path = Entities;
			sourceTree = "<group>";
		};
		4962004905DD25063A067A83 /* Detail */ = {
			isa = PBXGroup;
			children = (
				737996A9942CE2D095EAA6AB /* TaskAttachmentsTab.swift */,
				8E53A86D921898A0FB836C9A /* TaskDetailView.swift */,
				F6C4BEE444B84DDF5F88ABF3 /* TaskJournalTab.swift */,
				63687CA5DAE8C94F242FB14A /* TaskNotesTab.swift */,
				29C684CCD22ABED2078AE9FA /* TaskSubtasksTab.swift */,
			);
			path = Detail;
			sourceTree = "<group>";
		};
		4DCB547B5B77944A70FA8C53 /* UnitTests */ = {
			isa = PBXGroup;
			children = (
				5D9EA074A9D3F9A86933CEA3 /* DefaultSmartFiltersInstallerTests.swift */,
				A2B005498284E28D02A97CF6 /* NotificationPermissionFlowTests.swift */,
				97A39E4B87749E005F34B7FF /* ReportCrashIntentTests.swift */,
				6816606162835A06ED8B8FEF /* SharePayloadTests.swift */,
			);
			path = UnitTests;
			sourceTree = "<group>";
		};
		64A33A2A2C186AB2BBFBA914 /* IntegrationTests */ = {
			isa = PBXGroup;
			children = (
				4E15BAD0E599EA928403C4A8 /* AppIntentHandlerTests.swift */,
				CEE1AA15CD7EEB68E16E53D8 /* QuickCaptureFlowTests.swift */,
				165A87417D8DB0F2E8100ABB /* ShareExtensionPayloadTests.swift */,
			);
			path = IntegrationTests;
			sourceTree = "<group>";
		};
		677A3CA280289E526B0546DE /* Root */ = {
			isa = PBXGroup;
			children = (
				03C3319AED08244B047F88E4 /* RootShell.swift */,
				262D045DF7FC19BD936381F6 /* SplitShell.swift */,
				CDF66890A34B8871D4E2278B /* TabShell.swift */,
			);
			path = Root;
			sourceTree = "<group>";
		};
		6C337B3B34F94927CCECC3C6 /* Products */ = {
			isa = PBXGroup;
			children = (
				5E708B597B5A514DE89C94FC /* Lillist-iOS.app */,
				C01EA0AAA388BBCF9B11BDED /* Lillist-iOSTests.xctest */,
				940380DB2F7305D2993DCD30 /* ShareExtension-iOS.appex */,
				3662AC54EFB61DCAB491C63C /* ShortcutsActions.appex */,
			);
			name = Products;
			sourceTree = "<group>";
		};
		7584EEF55361204464D0E22C /* All */ = {
			isa = PBXGroup;
			children = (
				7AE05D83958BE1618EC00B27 /* AllTagsView.swift */,
				064823BCA68E4055D7204717 /* TagTaskListView.swift */,
			);
			path = All;
			sourceTree = "<group>";
		};
		76340D4D58B629E63D587BF2 /* Search */ = {
			isa = PBXGroup;
			children = (
				448E26B3838FE07DB2DF0357 /* SearchResultRow.swift */,
				54441E810591AED5EFAECF6F /* SearchView.swift */,
			);
			path = Search;
			sourceTree = "<group>";
		};
		879319328D7158A6D9DE553D /* Today */ = {
			isa = PBXGroup;
			children = (
				0D8F8030267286E55CE51EA8 /* TodayView.swift */,
			);
			path = Today;
			sourceTree = "<group>";
		};
		9D8DA937FAF914F09D32D691 /* Resources */ = {
			isa = PBXGroup;
			children = (
				A8F22116451755349886D09A /* Assets.xcassets */,
			);
			path = Resources;
			sourceTree = "<group>";
		};
		A933F3CB1E8F5653BE7C8EBF /* Common */ = {
			isa = PBXGroup;
			children = (
				2451C017B338C99A72811F7E /* FloatingPlusOverlay.swift */,
				A51D139E432B20E90E93549D /* KeyboardShortcuts.swift */,
			);
			path = Common;
			sourceTree = "<group>";
		};
		AC13230856153F50EF61C195 /* QuickCapture */ = {
			isa = PBXGroup;
			children = (
				F23FBC5D0477DD491DCDF6FC /* QuickCaptureSheet.swift */,
			);
			path = QuickCapture;
			sourceTree = "<group>";
		};
		AEF36B7F79E03D1323929A73 /* Packages */ = {
			isa = PBXGroup;
			children = (
				5B1A1BCFA25E5B795D84C6A7 /* LillistCore */,
				B3C5475FEB9C980491DF8B93 /* LillistUI */,
			);
			name = Packages;
			sourceTree = "<group>";
		};
		BAF326901D1AA2ABD1245C8E /* Sources */ = {
			isa = PBXGroup;
			children = (
				7584EEF55361204464D0E22C /* All */,
				0C636AC1DDFD7B7423C3760C /* App */,
				A933F3CB1E8F5653BE7C8EBF /* Common */,
				4962004905DD25063A067A83 /* Detail */,
				09DC0A89B4B328FDAFC9EE14 /* Filters */,
				0E400BFF61C240129A67D324 /* Onboarding */,
				AC13230856153F50EF61C195 /* QuickCapture */,
				677A3CA280289E526B0546DE /* Root */,
				76340D4D58B629E63D587BF2 /* Search */,
				BC4A324610D22877FB5E99B4 /* Settings */,
				879319328D7158A6D9DE553D /* Today */,
			);
			path = Sources;
			sourceTree = "<group>";
		};
		BC4A324610D22877FB5E99B4 /* Settings */ = {
			isa = PBXGroup;
			children = (
				EAFB6125227B6A731DA61F20 /* AdvancedSection.swift */,
				01AACE45A624EA0EF9FE21E6 /* Color+Hex.swift */,
				400AB5E7E52D7AC0BFF18DAE /* CrashReportingSection.swift */,
				013C20AC115F9A9F16F18BA2 /* GeneralSection.swift */,
				E4D39B252544E335C0CC4FB5 /* NotificationsSection.swift */,
				5234E07AB0CA951D086A9F6C /* QuickCaptureSection.swift */,
				D1B6EFD3373C205B1003A91A /* SettingsTab.swift */,
				B9166711CEB13F01C3DB136A /* TrashSection.swift */,
			);
			path = Settings;
			sourceTree = "<group>";
		};
		E388D6D94BF099D66041C47B /* Lillist */ = {
			isa = PBXGroup;
			children = (
				3383073FA52876D3A8FDB3E1 /* Extensions */,
			);
			name = Lillist;
			path = ../..;
			sourceTree = "<group>";
		};
		F8D3A65199D58FD2F0525B35 /* ShareExtension-iOS */ = {
			isa = PBXGroup;
			children = (
				D2F899010F7F794421F9DB2A /* SharePayload.swift */,
				BF7C0CBC7BB61226C9ABECE1 /* ShareRootView.swift */,
				3013CF9707368DFFA43E4C72 /* ShareViewController.swift */,
			);
			path = "ShareExtension-iOS";
			sourceTree = "<group>";
		};
/* End PBXGroup section */

/* Begin PBXNativeTarget section */
		362AE712D24A2B04332EE3DE /* Lillist-iOSTests */ = {
			isa = PBXNativeTarget;
			buildConfigurationList = 869D8D1B34EE0F33F71D8CF6 /* Build configuration list for PBXNativeTarget "Lillist-iOSTests" */;
			buildPhases = (
				11259431FC5B91063478830C /* Sources */,
				C63F406478A380D8D7A92D18 /* Frameworks */,
			);
			buildRules = (
			);
			dependencies = (
			);
			name = "Lillist-iOSTests";
			packageProductDependencies = (
				8CDB023B81A1C3EA772D3534 /* LillistCore */,
				632F42FE2460074A366178DF /* LillistUI */,
			);
			productName = "Lillist-iOSTests";
			productReference = C01EA0AAA388BBCF9B11BDED /* Lillist-iOSTests.xctest */;
			productType = "com.apple.product-type.bundle.unit-test";
		};
		EA96207E0E5E3B48DAD2D058 /* ShortcutsActions */ = {
			isa = PBXNativeTarget;
			buildConfigurationList = 87DF3B19191F77CAB088F7F5 /* Build configuration list for PBXNativeTarget "ShortcutsActions" */;
			buildPhases = (
				2C3E011831A8FD0F94A3295E /* Sources */,
				9FC65BFA90FA483009704A2A /* Frameworks */,
			);
			buildRules = (
			);
			dependencies = (
			);
			name = ShortcutsActions;
			packageProductDependencies = (
				8DB8540AD27AC6302E455EF9 /* LillistCore */,
			);
			productName = ShortcutsActions;
			productReference = 3662AC54EFB61DCAB491C63C /* ShortcutsActions.appex */;
			productType = "com.apple.product-type.app-extension";
		};
		EC14F602879EBAC8291EE6AB /* Lillist-iOS */ = {
			isa = PBXNativeTarget;
			buildConfigurationList = C8ECA4A4E1CCA999BEAEF440 /* Build configuration list for PBXNativeTarget "Lillist-iOS" */;
			buildPhases = (
				9240953074517D1139BC53B8 /* Sources */,
				486B11B03FC22F24C37A46F2 /* Resources */,
				471BC92253435C6953644455 /* Frameworks */,
				75D38EC838CE672CBB0C55D6 /* Embed Foundation Extensions */,
			);
			buildRules = (
			);
			dependencies = (
				914292E97BE37B95C5585337 /* PBXTargetDependency */,
				3B219BE83214D94599988AEF /* PBXTargetDependency */,
			);
			name = "Lillist-iOS";
			packageProductDependencies = (
				9ED0B06375B70267A31FB5CA /* LillistCore */,
				2ABD72EED49C2E40D19B1F5F /* LillistUI */,
			);
			productName = "Lillist-iOS";
			productReference = 5E708B597B5A514DE89C94FC /* Lillist-iOS.app */;
			productType = "com.apple.product-type.application";
		};
		F1A53C3614ABC3EA7F2D1D73 /* ShareExtension-iOS */ = {
			isa = PBXNativeTarget;
			buildConfigurationList = EBCF6CAB7B4B3D8FCBC98548 /* Build configuration list for PBXNativeTarget "ShareExtension-iOS" */;
			buildPhases = (
				A7795C2AC9D3B93F79758D98 /* Sources */,
				C8C261EDEA79BA0942A68DED /* Frameworks */,
			);
			buildRules = (
			);
			dependencies = (
			);
			name = "ShareExtension-iOS";
			packageProductDependencies = (
				A9A442D94E3178E3C8BAB2CE /* LillistCore */,
			);
			productName = "ShareExtension-iOS";
			productReference = 940380DB2F7305D2993DCD30 /* ShareExtension-iOS.appex */;
			productType = "com.apple.product-type.app-extension";
		};
/* End PBXNativeTarget section */

/* Begin PBXProject section */
		1DB80FAA8D8DB5EC289A1485 /* Project object */ = {
			isa = PBXProject;
			attributes = {
				BuildIndependentTargetsInParallel = YES;
				LastUpgradeCheck = 1430;
				TargetAttributes = {
					362AE712D24A2B04332EE3DE = {
						DevelopmentTeam = "";
					};
					EA96207E0E5E3B48DAD2D058 = {
						DevelopmentTeam = "";
						ProvisioningStyle = Automatic;
					};
					EC14F602879EBAC8291EE6AB = {
						DevelopmentTeam = "";
						ProvisioningStyle = Automatic;
					};
					F1A53C3614ABC3EA7F2D1D73 = {
						DevelopmentTeam = "";
						ProvisioningStyle = Automatic;
					};
				};
			};
			buildConfigurationList = 0C378FB4D8BA74765D6D7689 /* Build configuration list for PBXProject "Lillist-iOS" */;
			developmentRegion = en;
			hasScannedForEncodings = 0;
			knownRegions = (
				Base,
				en,
			);
			mainGroup = 243C6CAFA022E98171C194C3;
			minimizedProjectReferenceProxies = 1;
			packageReferences = (
				56905FD0896B9A22062E6ADC /* XCLocalSwiftPackageReference "../../Packages/LillistCore" */,
				A130F67F9509F280F27EC689 /* XCLocalSwiftPackageReference "../../Packages/LillistUI" */,
			);
			preferredProjectObjectVersion = 77;
			productRefGroup = 6C337B3B34F94927CCECC3C6 /* Products */;
			projectDirPath = "";
			projectRoot = "";
			targets = (
				EC14F602879EBAC8291EE6AB /* Lillist-iOS */,
				362AE712D24A2B04332EE3DE /* Lillist-iOSTests */,
				F1A53C3614ABC3EA7F2D1D73 /* ShareExtension-iOS */,
				EA96207E0E5E3B48DAD2D058 /* ShortcutsActions */,
			);
		};
/* End PBXProject section */

/* Begin PBXResourcesBuildPhase section */
		486B11B03FC22F24C37A46F2 /* Resources */ = {
			isa = PBXResourcesBuildPhase;
			buildActionMask = 2147483647;
			files = (
				62AB4F9A61AB494F525F54FF /* Assets.xcassets in Resources */,
			);
			runOnlyForDeploymentPostprocessing = 0;
		};
/* End PBXResourcesBuildPhase section */

/* Begin PBXSourcesBuildPhase section */
		11259431FC5B91063478830C /* Sources */ = {
			isa = PBXSourcesBuildPhase;
			buildActionMask = 2147483647;
			files = (
				F6AC14D90F6B8A293A753408 /* AppIntentHandlerTests.swift in Sources */,
				3C197827BB6E072E187327F3 /* DefaultSmartFiltersInstallerTests.swift in Sources */,
				E8F2F2AFAD19AAB4AE538B52 /* NotificationPermissionFlowTests.swift in Sources */,
				3A2760F631CB59A9344DC2EF /* QuickCaptureFlowTests.swift in Sources */,
				3723770D2788EE577A418AB1 /* ReportCrashIntent.swift in Sources */,
				C37A5B3B5892E493D5874513 /* ReportCrashIntentTests.swift in Sources */,
				5D9279E9C4C73820704AB2C5 /* ShareExtensionPayloadTests.swift in Sources */,
				E40226631EC34F5D4110B4D6 /* SharePayload.swift in Sources */,
				A6EE4318B3317216DF56160D /* SharePayloadTests.swift in Sources */,
			);
			runOnlyForDeploymentPostprocessing = 0;
		};
		2C3E011831A8FD0F94A3295E /* Sources */ = {
			isa = PBXSourcesBuildPhase;
			buildActionMask = 2147483647;
			files = (
				206EB5B95925C98A34CA2639 /* AddNoteIntent.swift in Sources */,
				1C56CE523F96BDB4ED0163D4 /* AddNudgeIntent.swift in Sources */,
				1F01AB703411576F362D1A03 /* AddTaskIntent.swift in Sources */,
				D68B04863DB035FBB4CC7D19 /* CompleteTaskIntent.swift in Sources */,
				4CD99B3E30EDDCB6A7DAFEA1 /* IntentSupport.swift in Sources */,
				FE5E36D23CC9D9B15A788C5B /* LillistShortcuts.swift in Sources */,
				3E7FA26351870152F713291F /* OpenTaskIntent.swift in Sources */,
				67A2B9B597F60AFE39A0FDED /* QuickCaptureLockScreenIntent.swift in Sources */,
				E4C230FEC3056278B860651E /* ReportCrashIntent.swift in Sources */,
				E56611471CAD14B868BBAE0D /* SearchTasksIntent.swift in Sources */,
				73BE8F1D6EF2D3BE9D67C497 /* StatusAppEnum.swift in Sources */,
				037A2818BA4C8A5CFECE4DC4 /* TaskEntity.swift in Sources */,
				3BBC72AEC744027E002243C4 /* TaskEntityQuery.swift in Sources */,
				DEC33DF9FB210ECBF51CB363 /* ToggleStatusIntent.swift in Sources */,
			);
			runOnlyForDeploymentPostprocessing = 0;
		};
		9240953074517D1139BC53B8 /* Sources */ = {
			isa = PBXSourcesBuildPhase;
			buildActionMask = 2147483647;
			files = (
				19E41567449FAA5BE15E6B32 /* AdvancedSection.swift in Sources */,
				AD0144EC54CC3FA76CD3D1D0 /* AllTagsView.swift in Sources */,
				046D8F27FB3D4AD0970C455F /* AppEnvironment.swift in Sources */,
				970FBA04A6DFC89AFF90B93B /* Color+Hex.swift in Sources */,
				3440B5C7EBBC1DE929C708F1 /* CrashReporterHost.swift in Sources */,
				A3140D5C493ECC74519DBB39 /* CrashReportingSection.swift in Sources */,
				CEE10BDC98205D724AA29DCD /* FilterResultsView.swift in Sources */,
				8ED796B233C11810C84BB4DB /* FiltersListView.swift in Sources */,
				2001164CDA5863CF6F20A39B /* FloatingPlusOverlay.swift in Sources */,
				B28D66C3798D9DE9462CB3D0 /* GeneralSection.swift in Sources */,
				67467AD14169FBD143D6960A /* ICloudRequiredScreen.swift in Sources */,
				DD83C4577F076A2042F05E6E /* KeyboardShortcuts.swift in Sources */,
				E01B4AB3BC5C4E7EE9093B74 /* LillistApp.swift in Sources */,
				FF3DA22F3237CE457042CD1E /* MailComposerTransport.swift in Sources */,
				F75A71A023C47A17E5C2157E /* MailComposerView.swift in Sources */,
				CB8301504557324D1B671609 /* NotificationsSection.swift in Sources */,
				AB0DAB0FFB124C1178A0FAB6 /* OnboardingScreen.swift in Sources */,
				E40372B99D819D778F4F2ED7 /* QuickCaptureSection.swift in Sources */,
				652545A8D47A8D082D04EE75 /* QuickCaptureSheet.swift in Sources */,
				CA4034D690255FE0554C7DE2 /* RootShell.swift in Sources */,
				1B361E001278EAD358271191 /* SearchResultRow.swift in Sources */,
				6D038BF4B04B076DD80D649B /* SearchView.swift in Sources */,
				F11F925F3DFE05C9595A1825 /* SettingsTab.swift in Sources */,
				2DADFF6343511363B623E9F4 /* SplitShell.swift in Sources */,
				9A614EB7763D94FE9D1D032D /* TabShell.swift in Sources */,
				69D488A19ACCD482A6941919 /* TagTaskListView.swift in Sources */,
				F77B7FA0960260C3C222F792 /* TaskAttachmentsTab.swift in Sources */,
				41FFD2B886C0549516C2E50D /* TaskDetailView.swift in Sources */,
				C1FEEAB56AFC2EFD9C108C47 /* TaskJournalTab.swift in Sources */,
				0D39ED83FD7B9F2AB1F7B7A6 /* TaskNotesTab.swift in Sources */,
				901C7E98FDF9DA6C070A641A /* TaskSubtasksTab.swift in Sources */,
				44179FDE8018A6D7AF8C4009 /* TodayView.swift in Sources */,
				58E910FC4630D8C34D79AAC0 /* TrashSection.swift in Sources */,
			);
			runOnlyForDeploymentPostprocessing = 0;
		};
		A7795C2AC9D3B93F79758D98 /* Sources */ = {
			isa = PBXSourcesBuildPhase;
			buildActionMask = 2147483647;
			files = (
				9978784936A13783F1BF8E35 /* SharePayload.swift in Sources */,
				34376E8334E842553856720B /* ShareRootView.swift in Sources */,
				ED3F0012AFC75791B7432CB6 /* ShareViewController.swift in Sources */,
			);
			runOnlyForDeploymentPostprocessing = 0;
		};
/* End PBXSourcesBuildPhase section */

/* Begin PBXTargetDependency section */
		3B219BE83214D94599988AEF /* PBXTargetDependency */ = {
			isa = PBXTargetDependency;
			target = EA96207E0E5E3B48DAD2D058 /* ShortcutsActions */;
			targetProxy = 6612A61361EAEC3AF7CE9FCA /* PBXContainerItemProxy */;
		};
		914292E97BE37B95C5585337 /* PBXTargetDependency */ = {
			isa = PBXTargetDependency;
			target = F1A53C3614ABC3EA7F2D1D73 /* ShareExtension-iOS */;
			targetProxy = F0EBD4BB1365BD67A5B3139A /* PBXContainerItemProxy */;
		};
/* End PBXTargetDependency section */

/* Begin XCBuildConfiguration section */
		047324110AEF02133E3A1FBC /* Debug */ = {
			isa = XCBuildConfiguration;
			buildSettings = {
				ASSETCATALOG_COMPILER_APPICON_NAME = AppIcon;
				CODE_SIGN_ENTITLEMENTS = Lillist.entitlements;
				CODE_SIGN_IDENTITY = "iPhone Developer";
				CODE_SIGN_STYLE = Automatic;
				INFOPLIST_FILE = Info.plist;
				IPHONEOS_DEPLOYMENT_TARGET = 18.0;
				LD_RUNPATH_SEARCH_PATHS = (
					"$(inherited)",
					"@executable_path/Frameworks",
				);
				PRODUCT_BUNDLE_IDENTIFIER = io.mikeydotio.Lillist;
				PRODUCT_NAME = Lillist;
				SDKROOT = iphoneos;
				TARGETED_DEVICE_FAMILY = "1,2";
			};
			name = Debug;
		};
		2445BBB589088ABA725C2E44 /* Release */ = {
			isa = XCBuildConfiguration;
			buildSettings = {
				CODE_SIGN_ENTITLEMENTS = ../../Extensions/ShortcutsActions/Lillist.entitlements;
				CODE_SIGN_STYLE = Automatic;
				INFOPLIST_FILE = ../../Extensions/ShortcutsActions/Info.plist;
				IPHONEOS_DEPLOYMENT_TARGET = 18.0;
				LD_RUNPATH_SEARCH_PATHS = (
					"$(inherited)",
					"@executable_path/Frameworks",
					"@executable_path/../../Frameworks",
				);
				PRODUCT_BUNDLE_IDENTIFIER = io.mikeydotio.Lillist.Shortcuts;
				SDKROOT = iphoneos;
				TARGETED_DEVICE_FAMILY = "1,2";
			};
			name = Release;
		};
		43A867C9B549986BCED95DB5 /* Debug */ = {
			isa = XCBuildConfiguration;
			buildSettings = {
				CODE_SIGN_ENTITLEMENTS = "../../Extensions/ShareExtension-iOS/Lillist.entitlements";
				CODE_SIGN_STYLE = Automatic;
				INFOPLIST_FILE = "../../Extensions/ShareExtension-iOS/Info.plist";
				IPHONEOS_DEPLOYMENT_TARGET = 18.0;
				LD_RUNPATH_SEARCH_PATHS = (
					"$(inherited)",
					"@executable_path/Frameworks",
					"@executable_path/../../Frameworks",
				);
				PRODUCT_BUNDLE_IDENTIFIER = io.mikeydotio.Lillist.Share;
				SDKROOT = iphoneos;
				TARGETED_DEVICE_FAMILY = "1,2";
			};
			name = Debug;
		};
		4933476BA18917063F807983 /* Release */ = {
			isa = XCBuildConfiguration;
			buildSettings = {
				ASSETCATALOG_COMPILER_APPICON_NAME = AppIcon;
				CODE_SIGN_ENTITLEMENTS = Lillist.entitlements;
				CODE_SIGN_IDENTITY = "iPhone Developer";
				CODE_SIGN_STYLE = Automatic;
				INFOPLIST_FILE = Info.plist;
				IPHONEOS_DEPLOYMENT_TARGET = 18.0;
				LD_RUNPATH_SEARCH_PATHS = (
					"$(inherited)",
					"@executable_path/Frameworks",
				);
				PRODUCT_BUNDLE_IDENTIFIER = io.mikeydotio.Lillist;
				PRODUCT_NAME = Lillist;
				SDKROOT = iphoneos;
				TARGETED_DEVICE_FAMILY = "1,2";
			};
			name = Release;
		};
		A8B224F779F73CF014F211FA /* Debug */ = {
			isa = XCBuildConfiguration;
			buildSettings = {
				ALWAYS_SEARCH_USER_PATHS = NO;
				CLANG_ANALYZER_NONNULL = YES;
				CLANG_ANALYZER_NUMBER_OBJECT_CONVERSION = YES_AGGRESSIVE;
				CLANG_CXX_LANGUAGE_STANDARD = "gnu++14";
				CLANG_CXX_LIBRARY = "libc++";
				CLANG_ENABLE_MODULES = YES;
				CLANG_ENABLE_OBJC_ARC = YES;
				CLANG_ENABLE_OBJC_WEAK = YES;
				CLANG_WARN_BLOCK_CAPTURE_AUTORELEASING = YES;
				CLANG_WARN_BOOL_CONVERSION = YES;
				CLANG_WARN_COMMA = YES;
				CLANG_WARN_CONSTANT_CONVERSION = YES;
				CLANG_WARN_DEPRECATED_OBJC_IMPLEMENTATIONS = YES;
				CLANG_WARN_DIRECT_OBJC_ISA_USAGE = YES_ERROR;
				CLANG_WARN_DOCUMENTATION_COMMENTS = YES;
				CLANG_WARN_EMPTY_BODY = YES;
				CLANG_WARN_ENUM_CONVERSION = YES;
				CLANG_WARN_INFINITE_RECURSION = YES;
				CLANG_WARN_INT_CONVERSION = YES;
				CLANG_WARN_NON_LITERAL_NULL_CONVERSION = YES;
				CLANG_WARN_OBJC_IMPLICIT_RETAIN_SELF = YES;
				CLANG_WARN_OBJC_LITERAL_CONVERSION = YES;
				CLANG_WARN_OBJC_ROOT_CLASS = YES_ERROR;
				CLANG_WARN_QUOTED_INCLUDE_IN_FRAMEWORK_HEADER = YES;
				CLANG_WARN_RANGE_LOOP_ANALYSIS = YES;
				CLANG_WARN_STRICT_PROTOTYPES = YES;
				CLANG_WARN_SUSPICIOUS_MOVE = YES;
				CLANG_WARN_UNGUARDED_AVAILABILITY = YES_AGGRESSIVE;
				CLANG_WARN_UNREACHABLE_CODE = YES;
				CLANG_WARN__DUPLICATE_METHOD_MATCH = YES;
				COPY_PHASE_STRIP = NO;
				CURRENT_PROJECT_VERSION = 1;
				DEAD_CODE_STRIPPING = YES;
				DEBUG_INFORMATION_FORMAT = dwarf;
				DEVELOPMENT_TEAM = "";
				ENABLE_STRICT_OBJC_MSGSEND = YES;
				ENABLE_TESTABILITY = YES;
				ENABLE_USER_SCRIPT_SANDBOXING = YES;
				GCC_C_LANGUAGE_STANDARD = gnu11;
				GCC_DYNAMIC_NO_PIC = NO;
				GCC_NO_COMMON_BLOCKS = YES;
				GCC_OPTIMIZATION_LEVEL = 0;
				GCC_PREPROCESSOR_DEFINITIONS = (
					"$(inherited)",
					"DEBUG=1",
				);
				GCC_WARN_64_TO_32_BIT_CONVERSION = YES;
				GCC_WARN_ABOUT_RETURN_TYPE = YES_ERROR;
				GCC_WARN_UNDECLARED_SELECTOR = YES;
				GCC_WARN_UNINITIALIZED_AUTOS = YES_AGGRESSIVE;
				GCC_WARN_UNUSED_FUNCTION = YES;
				GCC_WARN_UNUSED_VARIABLE = YES;
				GENERATE_INFOPLIST_FILE = NO;
				IPHONEOS_DEPLOYMENT_TARGET = 18.0;
				MARKETING_VERSION = 0.1.0;
				MTL_ENABLE_DEBUG_INFO = INCLUDE_SOURCE;
				MTL_FAST_MATH = YES;
				ONLY_ACTIVE_ARCH = YES;
				PRODUCT_NAME = "$(TARGET_NAME)";
				SDKROOT = iphoneos;
				SWIFT_ACTIVE_COMPILATION_CONDITIONS = DEBUG;
				SWIFT_OPTIMIZATION_LEVEL = "-Onone";
				SWIFT_STRICT_CONCURRENCY = complete;
				SWIFT_VERSION = 6.0;
			};
			name = Debug;
		};
		BF9133EE7CBCB8D14CF3CD6B /* Release */ = {
			isa = XCBuildConfiguration;
			buildSettings = {
				CODE_SIGN_ENTITLEMENTS = "../../Extensions/ShareExtension-iOS/Lillist.entitlements";
				CODE_SIGN_STYLE = Automatic;
				INFOPLIST_FILE = "../../Extensions/ShareExtension-iOS/Info.plist";
				IPHONEOS_DEPLOYMENT_TARGET = 18.0;
				LD_RUNPATH_SEARCH_PATHS = (
					"$(inherited)",
					"@executable_path/Frameworks",
					"@executable_path/../../Frameworks",
				);
				PRODUCT_BUNDLE_IDENTIFIER = io.mikeydotio.Lillist.Share;
				SDKROOT = iphoneos;
				TARGETED_DEVICE_FAMILY = "1,2";
			};
			name = Release;
		};
		D113162F814C8730BF8447BF /* Debug */ = {
			isa = XCBuildConfiguration;
			buildSettings = {
				CODE_SIGN_ENTITLEMENTS = ../../Extensions/ShortcutsActions/Lillist.entitlements;
				CODE_SIGN_STYLE = Automatic;
				INFOPLIST_FILE = ../../Extensions/ShortcutsActions/Info.plist;
				IPHONEOS_DEPLOYMENT_TARGET = 18.0;
				LD_RUNPATH_SEARCH_PATHS = (
					"$(inherited)",
					"@executable_path/Frameworks",
					"@executable_path/../../Frameworks",
				);
				PRODUCT_BUNDLE_IDENTIFIER = io.mikeydotio.Lillist.Shortcuts;
				SDKROOT = iphoneos;
				TARGETED_DEVICE_FAMILY = "1,2";
			};
			name = Debug;
		};
		DC67555A82A136CBD0E66D4D /* Release */ = {
			isa = XCBuildConfiguration;
			buildSettings = {
				ALWAYS_SEARCH_USER_PATHS = NO;
				CLANG_ANALYZER_NONNULL = YES;
				CLANG_ANALYZER_NUMBER_OBJECT_CONVERSION = YES_AGGRESSIVE;
				CLANG_CXX_LANGUAGE_STANDARD = "gnu++14";
				CLANG_CXX_LIBRARY = "libc++";
				CLANG_ENABLE_MODULES = YES;
				CLANG_ENABLE_OBJC_ARC = YES;
				CLANG_ENABLE_OBJC_WEAK = YES;
				CLANG_WARN_BLOCK_CAPTURE_AUTORELEASING = YES;
				CLANG_WARN_BOOL_CONVERSION = YES;
				CLANG_WARN_COMMA = YES;
				CLANG_WARN_CONSTANT_CONVERSION = YES;
				CLANG_WARN_DEPRECATED_OBJC_IMPLEMENTATIONS = YES;
				CLANG_WARN_DIRECT_OBJC_ISA_USAGE = YES_ERROR;
				CLANG_WARN_DOCUMENTATION_COMMENTS = YES;
				CLANG_WARN_EMPTY_BODY = YES;
				CLANG_WARN_ENUM_CONVERSION = YES;
				CLANG_WARN_INFINITE_RECURSION = YES;
				CLANG_WARN_INT_CONVERSION = YES;
				CLANG_WARN_NON_LITERAL_NULL_CONVERSION = YES;
				CLANG_WARN_OBJC_IMPLICIT_RETAIN_SELF = YES;
				CLANG_WARN_OBJC_LITERAL_CONVERSION = YES;
				CLANG_WARN_OBJC_ROOT_CLASS = YES_ERROR;
				CLANG_WARN_QUOTED_INCLUDE_IN_FRAMEWORK_HEADER = YES;
				CLANG_WARN_RANGE_LOOP_ANALYSIS = YES;
				CLANG_WARN_STRICT_PROTOTYPES = YES;
				CLANG_WARN_SUSPICIOUS_MOVE = YES;
				CLANG_WARN_UNGUARDED_AVAILABILITY = YES_AGGRESSIVE;
				CLANG_WARN_UNREACHABLE_CODE = YES;
				CLANG_WARN__DUPLICATE_METHOD_MATCH = YES;
				COPY_PHASE_STRIP = NO;
				CURRENT_PROJECT_VERSION = 1;
				DEAD_CODE_STRIPPING = YES;
				DEBUG_INFORMATION_FORMAT = "dwarf-with-dsym";
				DEVELOPMENT_TEAM = "";
				ENABLE_NS_ASSERTIONS = NO;
				ENABLE_STRICT_OBJC_MSGSEND = YES;
				ENABLE_USER_SCRIPT_SANDBOXING = YES;
				GCC_C_LANGUAGE_STANDARD = gnu11;
				GCC_NO_COMMON_BLOCKS = YES;
				GCC_WARN_64_TO_32_BIT_CONVERSION = YES;
				GCC_WARN_ABOUT_RETURN_TYPE = YES_ERROR;
				GCC_WARN_UNDECLARED_SELECTOR = YES;
				GCC_WARN_UNINITIALIZED_AUTOS = YES_AGGRESSIVE;
				GCC_WARN_UNUSED_FUNCTION = YES;
				GCC_WARN_UNUSED_VARIABLE = YES;
				GENERATE_INFOPLIST_FILE = NO;
				IPHONEOS_DEPLOYMENT_TARGET = 18.0;
				MARKETING_VERSION = 0.1.0;
				MTL_ENABLE_DEBUG_INFO = NO;
				MTL_FAST_MATH = YES;
				PRODUCT_NAME = "$(TARGET_NAME)";
				SDKROOT = iphoneos;
				SWIFT_COMPILATION_MODE = wholemodule;
				SWIFT_OPTIMIZATION_LEVEL = "-O";
				SWIFT_STRICT_CONCURRENCY = complete;
				SWIFT_VERSION = 6.0;
			};
			name = Release;
		};
		DE9EDC0BA10A644C6B5BEDFC /* Debug */ = {
			isa = XCBuildConfiguration;
			buildSettings = {
				BUNDLE_LOADER = "";
				IPHONEOS_DEPLOYMENT_TARGET = 18.0;
				LD_RUNPATH_SEARCH_PATHS = (
					"$(inherited)",
					"@executable_path/Frameworks",
					"@loader_path/Frameworks",
				);
				PRODUCT_BUNDLE_IDENTIFIER = io.mikeydotio.Lillist.tests;
				SDKROOT = iphoneos;
				TARGETED_DEVICE_FAMILY = "1,2";
				TEST_HOST = "";
			};
			name = Debug;
		};
		FDA3A3AB08BB96E6EA5AB4FA /* Release */ = {
			isa = XCBuildConfiguration;
			buildSettings = {
				BUNDLE_LOADER = "";
				IPHONEOS_DEPLOYMENT_TARGET = 18.0;
				LD_RUNPATH_SEARCH_PATHS = (
					"$(inherited)",
					"@executable_path/Frameworks",
					"@loader_path/Frameworks",
				);
				PRODUCT_BUNDLE_IDENTIFIER = io.mikeydotio.Lillist.tests;
				SDKROOT = iphoneos;
				TARGETED_DEVICE_FAMILY = "1,2";
				TEST_HOST = "";
			};
			name = Release;
		};
/* End XCBuildConfiguration section */

/* Begin XCConfigurationList section */
		0C378FB4D8BA74765D6D7689 /* Build configuration list for PBXProject "Lillist-iOS" */ = {
			isa = XCConfigurationList;
			buildConfigurations = (
				A8B224F779F73CF014F211FA /* Debug */,
				DC67555A82A136CBD0E66D4D /* Release */,
			);
			defaultConfigurationIsVisible = 0;
			defaultConfigurationName = Debug;
		};
		869D8D1B34EE0F33F71D8CF6 /* Build configuration list for PBXNativeTarget "Lillist-iOSTests" */ = {
			isa = XCConfigurationList;
			buildConfigurations = (
				DE9EDC0BA10A644C6B5BEDFC /* Debug */,
				FDA3A3AB08BB96E6EA5AB4FA /* Release */,
			);
			defaultConfigurationIsVisible = 0;
			defaultConfigurationName = Debug;
		};
		87DF3B19191F77CAB088F7F5 /* Build configuration list for PBXNativeTarget "ShortcutsActions" */ = {
			isa = XCConfigurationList;
			buildConfigurations = (
				D113162F814C8730BF8447BF /* Debug */,
				2445BBB589088ABA725C2E44 /* Release */,
			);
			defaultConfigurationIsVisible = 0;
			defaultConfigurationName = Debug;
		};
		C8ECA4A4E1CCA999BEAEF440 /* Build configuration list for PBXNativeTarget "Lillist-iOS" */ = {
			isa = XCConfigurationList;
			buildConfigurations = (
				047324110AEF02133E3A1FBC /* Debug */,
				4933476BA18917063F807983 /* Release */,
			);
			defaultConfigurationIsVisible = 0;
			defaultConfigurationName = Debug;
		};
		EBCF6CAB7B4B3D8FCBC98548 /* Build configuration list for PBXNativeTarget "ShareExtension-iOS" */ = {
			isa = XCConfigurationList;
			buildConfigurations = (
				43A867C9B549986BCED95DB5 /* Debug */,
				BF9133EE7CBCB8D14CF3CD6B /* Release */,
			);
			defaultConfigurationIsVisible = 0;
			defaultConfigurationName = Debug;
		};
/* End XCConfigurationList section */

/* Begin XCLocalSwiftPackageReference section */
		56905FD0896B9A22062E6ADC /* XCLocalSwiftPackageReference "../../Packages/LillistCore" */ = {
			isa = XCLocalSwiftPackageReference;
			relativePath = ../../Packages/LillistCore;
		};
		A130F67F9509F280F27EC689 /* XCLocalSwiftPackageReference "../../Packages/LillistUI" */ = {
			isa = XCLocalSwiftPackageReference;
			relativePath = ../../Packages/LillistUI;
		};
/* End XCLocalSwiftPackageReference section */

/* Begin XCSwiftPackageProductDependency section */
		2ABD72EED49C2E40D19B1F5F /* LillistUI */ = {
			isa = XCSwiftPackageProductDependency;
			productName = LillistUI;
		};
		632F42FE2460074A366178DF /* LillistUI */ = {
			isa = XCSwiftPackageProductDependency;
			productName = LillistUI;
		};
		8CDB023B81A1C3EA772D3534 /* LillistCore */ = {
			isa = XCSwiftPackageProductDependency;
			productName = LillistCore;
		};
		8DB8540AD27AC6302E455EF9 /* LillistCore */ = {
			isa = XCSwiftPackageProductDependency;
			productName = LillistCore;
		};
		9ED0B06375B70267A31FB5CA /* LillistCore */ = {
			isa = XCSwiftPackageProductDependency;
			productName = LillistCore;
		};
		A9A442D94E3178E3C8BAB2CE /* LillistCore */ = {
			isa = XCSwiftPackageProductDependency;
			productName = LillistCore;
		};
/* End XCSwiftPackageProductDependency section */
	};
	rootObject = 1DB80FAA8D8DB5EC289A1485 /* Project object */;
}
