// !$*UTF8*$!
{
	archiveVersion = 1;
	classes = {
	};
	objectVersion = 77;
	objects = {

/* Begin PBXBuildFile section */
		046D8F27FB3D4AD0970C455F /* AppEnvironment.swift in Sources */ = {isa = PBXBuildFile; fileRef = 297211E1BF6A9D0C7890E078 /* AppEnvironment.swift */; };
		0D39ED83FD7B9F2AB1F7B7A6 /* TaskNotesTab.swift in Sources */ = {isa = PBXBuildFile; fileRef = 63687CA5DAE8C94F242FB14A /* TaskNotesTab.swift */; };
		1B361E001278EAD358271191 /* SearchResultRow.swift in Sources */ = {isa = PBXBuildFile; fileRef = 448E26B3838FE07DB2DF0357 /* SearchResultRow.swift */; };
		1F88713EE31954520467B3CB /* LillistUI in Frameworks */ = {isa = PBXBuildFile; productRef = 632F42FE2460074A366178DF /* LillistUI */; };
		2001164CDA5863CF6F20A39B /* FloatingPlusOverlay.swift in Sources */ = {isa = PBXBuildFile; fileRef = 2451C017B338C99A72811F7E /* FloatingPlusOverlay.swift */; };
		2DADFF6343511363B623E9F4 /* SplitShell.swift in Sources */ = {isa = PBXBuildFile; fileRef = 262D045DF7FC19BD936381F6 /* SplitShell.swift */; };
		379E3FE8AFB068E832A2617E /* LillistUI in Frameworks */ = {isa = PBXBuildFile; productRef = 2ABD72EED49C2E40D19B1F5F /* LillistUI */; };
		3C197827BB6E072E187327F3 /* DefaultSmartFiltersInstallerTests.swift in Sources */ = {isa = PBXBuildFile; fileRef = 5D9EA074A9D3F9A86933CEA3 /* DefaultSmartFiltersInstallerTests.swift */; };
		41FFD2B886C0549516C2E50D /* TaskDetailView.swift in Sources */ = {isa = PBXBuildFile; fileRef = 8E53A86D921898A0FB836C9A /* TaskDetailView.swift */; };
		44179FDE8018A6D7AF8C4009 /* TodayView.swift in Sources */ = {isa = PBXBuildFile; fileRef = 0D8F8030267286E55CE51EA8 /* TodayView.swift */; };
		62AB4F9A61AB494F525F54FF /* Assets.xcassets in Resources */ = {isa = PBXBuildFile; fileRef = A8F22116451755349886D09A /* Assets.xcassets */; };
		652545A8D47A8D082D04EE75 /* QuickCaptureSheet.swift in Sources */ = {isa = PBXBuildFile; fileRef = F23FBC5D0477DD491DCDF6FC /* QuickCaptureSheet.swift */; };
		69BECB4741B1463737509C95 /* LillistCore in Frameworks */ = {isa = PBXBuildFile; productRef = A9A442D94E3178E3C8BAB2CE /* LillistCore */; };
		69D488A19ACCD482A6941919 /* TagTaskListView.swift in Sources */ = {isa = PBXBuildFile; fileRef = 064823BCA68E4055D7204717 /* TagTaskListView.swift */; };
		6D038BF4B04B076DD80D649B /* SearchView.swift in Sources */ = {isa = PBXBuildFile; fileRef = 54441E810591AED5EFAECF6F /* SearchView.swift */; };
		6EC114982282D73647CA867E /* ShortcutsPlaceholder.swift in Sources */ = {isa = PBXBuildFile; fileRef = 62D4015C93252ACE03FBA920 /* ShortcutsPlaceholder.swift */; };
		70EFAEC895F77C3746EC9826 /* ShortcutsActions.appex in Embed Foundation Extensions */ = {isa = PBXBuildFile; fileRef = 3662AC54EFB61DCAB491C63C /* ShortcutsActions.appex */; settings = {ATTRIBUTES = (RemoveHeadersOnCopy, ); }; };
		736D7D381C885A085BE6C3C6 /* LillistCore in Frameworks */ = {isa = PBXBuildFile; productRef = 8DB8540AD27AC6302E455EF9 /* LillistCore */; };
		7A6D0D29236C8CF6E2FD5EDE /* LillistCore in Frameworks */ = {isa = PBXBuildFile; productRef = 9ED0B06375B70267A31FB5CA /* LillistCore */; };
		8037DA38276D97C41CDF3CD9 /* ShareExtensionPlaceholder.swift in Sources */ = {isa = PBXBuildFile; fileRef = 98D7023A4EE734E604ACC0DC /* ShareExtensionPlaceholder.swift */; };
		8189623B012D1E3D79C2EC4B /* LillistCore in Frameworks */ = {isa = PBXBuildFile; productRef = 8CDB023B81A1C3EA772D3534 /* LillistCore */; };
		8ED796B233C11810C84BB4DB /* FiltersListView.swift in Sources */ = {isa = PBXBuildFile; fileRef = 00051882E988E14985F0D4D1 /* FiltersListView.swift */; };
		901C7E98FDF9DA6C070A641A /* TaskSubtasksTab.swift in Sources */ = {isa = PBXBuildFile; fileRef = 29C684CCD22ABED2078AE9FA /* TaskSubtasksTab.swift */; };
		92FB9F599E4AE68D4C2E5151 /* ShareExtension-iOS.appex in Embed Foundation Extensions */ = {isa = PBXBuildFile; fileRef = 940380DB2F7305D2993DCD30 /* ShareExtension-iOS.appex */; settings = {ATTRIBUTES = (RemoveHeadersOnCopy, ); }; };
		9A614EB7763D94FE9D1D032D /* TabShell.swift in Sources */ = {isa = PBXBuildFile; fileRef = CDF66890A34B8871D4E2278B /* TabShell.swift */; };
		AD0144EC54CC3FA76CD3D1D0 /* AllTagsView.swift in Sources */ = {isa = PBXBuildFile; fileRef = 7AE05D83958BE1618EC00B27 /* AllTagsView.swift */; };
		C1FEEAB56AFC2EFD9C108C47 /* TaskJournalTab.swift in Sources */ = {isa = PBXBuildFile; fileRef = F6C4BEE444B84DDF5F88ABF3 /* TaskJournalTab.swift */; };
		CA4034D690255FE0554C7DE2 /* RootShell.swift in Sources */ = {isa = PBXBuildFile; fileRef = 03C3319AED08244B047F88E4 /* RootShell.swift */; };
		CEE10BDC98205D724AA29DCD /* FilterResultsView.swift in Sources */ = {isa = PBXBuildFile; fileRef = F2A651BD41829D553D469EC3 /* FilterResultsView.swift */; };
		E01B4AB3BC5C4E7EE9093B74 /* LillistApp.swift in Sources */ = {isa = PBXBuildFile; fileRef = B1CF1EBE004127B957F4AB99 /* LillistApp.swift */; };
		F77B7FA0960260C3C222F792 /* TaskAttachmentsTab.swift in Sources */ = {isa = PBXBuildFile; fileRef = 737996A9942CE2D095EAA6AB /* TaskAttachmentsTab.swift */; };
		F85E96DD9CD8A9EC48C58105 /* DefaultSmartFiltersInstaller.swift in Sources */ = {isa = PBXBuildFile; fileRef = 877582BCF5CA2C44CB3C90FE /* DefaultSmartFiltersInstaller.swift */; };
/* End PBXBuildFile section */

/* Begin PBXContainerItemProxy section */
		6612A61361EAEC3AF7CE9FCA /* PBXContainerItemProxy */ = {
			isa = PBXContainerItemProxy;
			containerPortal = 1DB80FAA8D8DB5EC289A1485 /* Project object */;
			proxyType = 1;
			remoteGlobalIDString = EA96207E0E5E3B48DAD2D058;
			remoteInfo = ShortcutsActions;
		};
		F0EBD4BB1365BD67A5B3139A /* PBXContainerItemProxy */ = {
			isa = PBXContainerItemProxy;
			containerPortal = 1DB80FAA8D8DB5EC289A1485 /* Project object */;
			proxyType = 1;
			remoteGlobalIDString = F1A53C3614ABC3EA7F2D1D73;
			remoteInfo = "ShareExtension-iOS";
		};
/* End PBXContainerItemProxy section */

/* Begin PBXCopyFilesBuildPhase section */
		75D38EC838CE672CBB0C55D6 /* Embed Foundation Extensions */ = {
			isa = PBXCopyFilesBuildPhase;
			buildActionMask = 2147483647;
			dstPath = "";
			dstSubfolderSpec = 13;
			files = (
				92FB9F599E4AE68D4C2E5151 /* ShareExtension-iOS.appex in Embed Foundation Extensions */,
				70EFAEC895F77C3746EC9826 /* ShortcutsActions.appex in Embed Foundation Extensions */,
			);
			name = "Embed Foundation Extensions";
			runOnlyForDeploymentPostprocessing = 0;
		};
/* End PBXCopyFilesBuildPhase section */

/* Begin PBXFileReference section */
		00051882E988E14985F0D4D1 /* FiltersListView.swift */ = {isa = PBXFileReference; lastKnownFileType = sourcecode.swift; path = FiltersListView.swift; sourceTree = "<group>"; };
		03C3319AED08244B047F88E4 /* RootShell.swift */ = {isa = PBXFileReference; lastKnownFileType = sourcecode.swift; path = RootShell.swift; sourceTree = "<group>"; };
		064823BCA68E4055D7204717 /* TagTaskListView.swift */ = {isa = PBXFileReference; lastKnownFileType = sourcecode.swift; path = TagTaskListView.swift; sourceTree = "<group>"; };
		0D8F8030267286E55CE51EA8 /* TodayView.swift */ = {isa = PBXFileReference; lastKnownFileType = sourcecode.swift; path = TodayView.swift; sourceTree = "<group>"; };
		2451C017B338C99A72811F7E /* FloatingPlusOverlay.swift */ = {isa = PBXFileReference; lastKnownFileType = sourcecode.swift; path = FloatingPlusOverlay.swift; sourceTree = "<group>"; };
		262D045DF7FC19BD936381F6 /* SplitShell.swift */ = {isa = PBXFileReference; lastKnownFileType = sourcecode.swift; path = SplitShell.swift; sourceTree = "<group>"; };
		297211E1BF6A9D0C7890E078 /* AppEnvironment.swift */ = {isa = PBXFileReference; lastKnownFileType = sourcecode.swift; path = AppEnvironment.swift; sourceTree = "<group>"; };
		29C684CCD22ABED2078AE9FA /* TaskSubtasksTab.swift */ = {isa = PBXFileReference; lastKnownFileType = sourcecode.swift; path = TaskSubtasksTab.swift; sourceTree = "<group>"; };
		3662AC54EFB61DCAB491C63C /* ShortcutsActions.appex */ = {isa = PBXFileReference; includeInIndex = 0; lastKnownFileType = "wrapper.app-extension"; path = ShortcutsActions.appex; sourceTree = BUILT_PRODUCTS_DIR; };
		448E26B3838FE07DB2DF0357 /* SearchResultRow.swift */ = {isa = PBXFileReference; lastKnownFileType = sourcecode.swift; path = SearchResultRow.swift; sourceTree = "<group>"; };
		54441E810591AED5EFAECF6F /* SearchView.swift */ = {isa = PBXFileReference; lastKnownFileType = sourcecode.swift; path = SearchView.swift; sourceTree = "<group>"; };
		5B1A1BCFA25E5B795D84C6A7 /* LillistCore */ = {isa = PBXFileReference; lastKnownFileType = folder; name = LillistCore; path = ../../Packages/LillistCore; sourceTree = SOURCE_ROOT; };
		5D9EA074A9D3F9A86933CEA3 /* DefaultSmartFiltersInstallerTests.swift */ = {isa = PBXFileReference; lastKnownFileType = sourcecode.swift; path = DefaultSmartFiltersInstallerTests.swift; sourceTree = "<group>"; };
		5E708B597B5A514DE89C94FC /* Lillist-iOS.app */ = {isa = PBXFileReference; includeInIndex = 0; lastKnownFileType = wrapper.application; path = "Lillist-iOS.app"; sourceTree = BUILT_PRODUCTS_DIR; };
		62D4015C93252ACE03FBA920 /* ShortcutsPlaceholder.swift */ = {isa = PBXFileReference; lastKnownFileType = sourcecode.swift; path = ShortcutsPlaceholder.swift; sourceTree = "<group>"; };
		63687CA5DAE8C94F242FB14A /* TaskNotesTab.swift */ = {isa = PBXFileReference; lastKnownFileType = sourcecode.swift; path = TaskNotesTab.swift; sourceTree = "<group>"; };
		737996A9942CE2D095EAA6AB /* TaskAttachmentsTab.swift */ = {isa = PBXFileReference; lastKnownFileType = sourcecode.swift; path = TaskAttachmentsTab.swift; sourceTree = "<group>"; };
		7AE05D83958BE1618EC00B27 /* AllTagsView.swift */ = {isa = PBXFileReference; lastKnownFileType = sourcecode.swift; path = AllTagsView.swift; sourceTree = "<group>"; };
		877582BCF5CA2C44CB3C90FE /* DefaultSmartFiltersInstaller.swift */ = {isa = PBXFileReference; lastKnownFileType = sourcecode.swift; path = DefaultSmartFiltersInstaller.swift; sourceTree = "<group>"; };
		8E53A86D921898A0FB836C9A /* TaskDetailView.swift */ = {isa = PBXFileReference; lastKnownFileType = sourcecode.swift; path = TaskDetailView.swift; sourceTree = "<group>"; };
		940380DB2F7305D2993DCD30 /* ShareExtension-iOS.appex */ = {isa = PBXFileReference; includeInIndex = 0; lastKnownFileType = "wrapper.app-extension"; path = "ShareExtension-iOS.appex"; sourceTree = BUILT_PRODUCTS_DIR; };
		98D7023A4EE734E604ACC0DC /* ShareExtensionPlaceholder.swift */ = {isa = PBXFileReference; lastKnownFileType = sourcecode.swift; path = ShareExtensionPlaceholder.swift; sourceTree = "<group>"; };
		A8F22116451755349886D09A /* Assets.xcassets */ = {isa = PBXFileReference; lastKnownFileType = folder.assetcatalog; path = Assets.xcassets; sourceTree = "<group>"; };
		B1CF1EBE004127B957F4AB99 /* LillistApp.swift */ = {isa = PBXFileReference; lastKnownFileType = sourcecode.swift; path = LillistApp.swift; sourceTree = "<group>"; };
		B3C5475FEB9C980491DF8B93 /* LillistUI */ = {isa = PBXFileReference; lastKnownFileType = folder; name = LillistUI; path = ../../Packages/LillistUI; sourceTree = SOURCE_ROOT; };
		C01EA0AAA388BBCF9B11BDED /* Lillist-iOSTests.xctest */ = {isa = PBXFileReference; includeInIndex = 0; lastKnownFileType = wrapper.cfbundle; path = "Lillist-iOSTests.xctest"; sourceTree = BUILT_PRODUCTS_DIR; };
		CDF66890A34B8871D4E2278B /* TabShell.swift */ = {isa = PBXFileReference; lastKnownFileType = sourcecode.swift; path = TabShell.swift; sourceTree = "<group>"; };
		F23FBC5D0477DD491DCDF6FC /* QuickCaptureSheet.swift */ = {isa = PBXFileReference; lastKnownFileType = sourcecode.swift; path = QuickCaptureSheet.swift; sourceTree = "<group>"; };
		F2A651BD41829D553D469EC3 /* FilterResultsView.swift */ = {isa = PBXFileReference; lastKnownFileType = sourcecode.swift; path = FilterResultsView.swift; sourceTree = "<group>"; };
		F6C4BEE444B84DDF5F88ABF3 /* TaskJournalTab.swift */ = {isa = PBXFileReference; lastKnownFileType = sourcecode.swift; path = TaskJournalTab.swift; sourceTree = "<group>"; };
/* End PBXFileReference section */

/* Begin PBXFrameworksBuildPhase section */
		471BC92253435C6953644455 /* Frameworks */ = {
			isa = PBXFrameworksBuildPhase;
			buildActionMask = 2147483647;
			files = (
				7A6D0D29236C8CF6E2FD5EDE /* LillistCore in Frameworks */,
				379E3FE8AFB068E832A2617E /* LillistUI in Frameworks */,
			);
			runOnlyForDeploymentPostprocessing = 0;
		};
		9FC65BFA90FA483009704A2A /* Frameworks */ = {
			isa = PBXFrameworksBuildPhase;
			buildActionMask = 2147483647;
			files = (
				736D7D381C885A085BE6C3C6 /* LillistCore in Frameworks */,
			);
			runOnlyForDeploymentPostprocessing = 0;
		};
		C63F406478A380D8D7A92D18 /* Frameworks */ = {
			isa = PBXFrameworksBuildPhase;
			buildActionMask = 2147483647;
			files = (
				8189623B012D1E3D79C2EC4B /* LillistCore in Frameworks */,
				1F88713EE31954520467B3CB /* LillistUI in Frameworks */,
			);
			runOnlyForDeploymentPostprocessing = 0;
		};
		C8C261EDEA79BA0942A68DED /* Frameworks */ = {
			isa = PBXFrameworksBuildPhase;
			buildActionMask = 2147483647;
			files = (
				69BECB4741B1463737509C95 /* LillistCore in Frameworks */,
			);
			runOnlyForDeploymentPostprocessing = 0;
		};
/* End PBXFrameworksBuildPhase section */

/* Begin PBXGroup section */
		09DC0A89B4B328FDAFC9EE14 /* Filters */ = {
			isa = PBXGroup;
			children = (
				F2A651BD41829D553D469EC3 /* FilterResultsView.swift */,
				00051882E988E14985F0D4D1 /* FiltersListView.swift */,
			);
			path = Filters;
			sourceTree = "<group>";
		};
		0C636AC1DDFD7B7423C3760C /* App */ = {
			isa = PBXGroup;
			children = (
				297211E1BF6A9D0C7890E078 /* AppEnvironment.swift */,
				877582BCF5CA2C44CB3C90FE /* DefaultSmartFiltersInstaller.swift */,
				B1CF1EBE004127B957F4AB99 /* LillistApp.swift */,
			);
			path = App;
			sourceTree = "<group>";
		};
		0FC767B6457A48B4FC8B6F55 /* Tests */ = {
			isa = PBXGroup;
			children = (
				4DCB547B5B77944A70FA8C53 /* UnitTests */,
			);
			path = Tests;
			sourceTree = "<group>";
		};
		243C6CAFA022E98171C194C3 = {
			isa = PBXGroup;
			children = (
				E388D6D94BF099D66041C47B /* Lillist */,
				AEF36B7F79E03D1323929A73 /* Packages */,
				9D8DA937FAF914F09D32D691 /* Resources */,
				BAF326901D1AA2ABD1245C8E /* Sources */,
				0FC767B6457A48B4FC8B6F55 /* Tests */,
				6C337B3B34F94927CCECC3C6 /* Products */,
			);
			sourceTree = "<group>";
		};
		3383073FA52876D3A8FDB3E1 /* Extensions */ = {
			isa = PBXGroup;
			children = (
				F8D3A65199D58FD2F0525B35 /* ShareExtension-iOS */,
				360A686A7853EB909747BB6B /* ShortcutsActions */,
			);
			path = Extensions;
			sourceTree = "<group>";
		};
		360A686A7853EB909747BB6B /* ShortcutsActions */ = {
			isa = PBXGroup;
			children = (
				62D4015C93252ACE03FBA920 /* ShortcutsPlaceholder.swift */,
			);
			path = ShortcutsActions;
			sourceTree = "<group>";
		};
		4962004905DD25063A067A83 /* Detail */ = {
			isa = PBXGroup;
			children = (
				737996A9942CE2D095EAA6AB /* TaskAttachmentsTab.swift */,
				8E53A86D921898A0FB836C9A /* TaskDetailView.swift */,
				F6C4BEE444B84DDF5F88ABF3 /* TaskJournalTab.swift */,
				63687CA5DAE8C94F242FB14A /* TaskNotesTab.swift */,
				29C684CCD22ABED2078AE9FA /* TaskSubtasksTab.swift */,
			);
			path = Detail;
			sourceTree = "<group>";
		};
		4DCB547B5B77944A70FA8C53 /* UnitTests */ = {
			isa = PBXGroup;
			children = (
				5D9EA074A9D3F9A86933CEA3 /* DefaultSmartFiltersInstallerTests.swift */,
			);
			path = UnitTests;
			sourceTree = "<group>";
		};
		677A3CA280289E526B0546DE /* Root */ = {
			isa = PBXGroup;
			children = (
				03C3319AED08244B047F88E4 /* RootShell.swift */,
				262D045DF7FC19BD936381F6 /* SplitShell.swift */,
				CDF66890A34B8871D4E2278B /* TabShell.swift */,
			);
			path = Root;
			sourceTree = "<group>";
		};
		6C337B3B34F94927CCECC3C6 /* Products */ = {
			isa = PBXGroup;
			children = (
				5E708B597B5A514DE89C94FC /* Lillist-iOS.app */,
				C01EA0AAA388BBCF9B11BDED /* Lillist-iOSTests.xctest */,
				940380DB2F7305D2993DCD30 /* ShareExtension-iOS.appex */,
				3662AC54EFB61DCAB491C63C /* ShortcutsActions.appex */,
			);
			name = Products;
			sourceTree = "<group>";
		};
		7584EEF55361204464D0E22C /* All */ = {
			isa = PBXGroup;
			children = (
				7AE05D83958BE1618EC00B27 /* AllTagsView.swift */,
				064823BCA68E4055D7204717 /* TagTaskListView.swift */,
			);
			path = All;
			sourceTree = "<group>";
		};
		76340D4D58B629E63D587BF2 /* Search */ = {
			isa = PBXGroup;
			children = (
				448E26B3838FE07DB2DF0357 /* SearchResultRow.swift */,
				54441E810591AED5EFAECF6F /* SearchView.swift */,
			);
			path = Search;
			sourceTree = "<group>";
		};
		879319328D7158A6D9DE553D /* Today */ = {
			isa = PBXGroup;
			children = (
				0D8F8030267286E55CE51EA8 /* TodayView.swift */,
			);
			path = Today;
			sourceTree = "<group>";
		};
		9D8DA937FAF914F09D32D691 /* Resources */ = {
			isa = PBXGroup;
			children = (
				A8F22116451755349886D09A /* Assets.xcassets */,
			);
			path = Resources;
			sourceTree = "<group>";
		};
		A933F3CB1E8F5653BE7C8EBF /* Common */ = {
			isa = PBXGroup;
			children = (
				2451C017B338C99A72811F7E /* FloatingPlusOverlay.swift */,
			);
			path = Common;
			sourceTree = "<group>";
		};
		AC13230856153F50EF61C195 /* QuickCapture */ = {
			isa = PBXGroup;
			children = (
				F23FBC5D0477DD491DCDF6FC /* QuickCaptureSheet.swift */,
			);
			path = QuickCapture;
			sourceTree = "<group>";
		};
		AEF36B7F79E03D1323929A73 /* Packages */ = {
			isa = PBXGroup;
			children = (
				5B1A1BCFA25E5B795D84C6A7 /* LillistCore */,
				B3C5475FEB9C980491DF8B93 /* LillistUI */,
			);
			name = Packages;
			sourceTree = "<group>";
		};
		BAF326901D1AA2ABD1245C8E /* Sources */ = {
			isa = PBXGroup;
			children = (
				7584EEF55361204464D0E22C /* All */,
				0C636AC1DDFD7B7423C3760C /* App */,
				A933F3CB1E8F5653BE7C8EBF /* Common */,
				4962004905DD25063A067A83 /* Detail */,
				09DC0A89B4B328FDAFC9EE14 /* Filters */,
				AC13230856153F50EF61C195 /* QuickCapture */,
				677A3CA280289E526B0546DE /* Root */,
				76340D4D58B629E63D587BF2 /* Search */,
				879319328D7158A6D9DE553D /* Today */,
			);
			path = Sources;
			sourceTree = "<group>";
		};
		E388D6D94BF099D66041C47B /* Lillist */ = {
			isa = PBXGroup;
			children = (
				3383073FA52876D3A8FDB3E1 /* Extensions */,
			);
			name = Lillist;
			path = ../..;
			sourceTree = "<group>";
		};
		F8D3A65199D58FD2F0525B35 /* ShareExtension-iOS */ = {
			isa = PBXGroup;
			children = (
				98D7023A4EE734E604ACC0DC /* ShareExtensionPlaceholder.swift */,
			);
			path = "ShareExtension-iOS";
			sourceTree = "<group>";
		};
/* End PBXGroup section */

/* Begin PBXNativeTarget section */
		362AE712D24A2B04332EE3DE /* Lillist-iOSTests */ = {
			isa = PBXNativeTarget;
			buildConfigurationList = 869D8D1B34EE0F33F71D8CF6 /* Build configuration list for PBXNativeTarget "Lillist-iOSTests" */;
			buildPhases = (
				11259431FC5B91063478830C /* Sources */,
				C63F406478A380D8D7A92D18 /* Frameworks */,
			);
			buildRules = (
			);
			dependencies = (
			);
			name = "Lillist-iOSTests";
			packageProductDependencies = (
				8CDB023B81A1C3EA772D3534 /* LillistCore */,
				632F42FE2460074A366178DF /* LillistUI */,
			);
			productName = "Lillist-iOSTests";
			productReference = C01EA0AAA388BBCF9B11BDED /* Lillist-iOSTests.xctest */;
			productType = "com.apple.product-type.bundle.unit-test";
		};
		EA96207E0E5E3B48DAD2D058 /* ShortcutsActions */ = {
			isa = PBXNativeTarget;
			buildConfigurationList = 87DF3B19191F77CAB088F7F5 /* Build configuration list for PBXNativeTarget "ShortcutsActions" */;
			buildPhases = (
				2C3E011831A8FD0F94A3295E /* Sources */,
				9FC65BFA90FA483009704A2A /* Frameworks */,
			);
			buildRules = (
			);
			dependencies = (
			);
			name = ShortcutsActions;
			packageProductDependencies = (
				8DB8540AD27AC6302E455EF9 /* LillistCore */,
			);
			productName = ShortcutsActions;
			productReference = 3662AC54EFB61DCAB491C63C /* ShortcutsActions.appex */;
			productType = "com.apple.product-type.app-extension";
		};
		EC14F602879EBAC8291EE6AB /* Lillist-iOS */ = {
			isa = PBXNativeTarget;
			buildConfigurationList = C8ECA4A4E1CCA999BEAEF440 /* Build configuration list for PBXNativeTarget "Lillist-iOS" */;
			buildPhases = (
				9240953074517D1139BC53B8 /* Sources */,
				486B11B03FC22F24C37A46F2 /* Resources */,
				471BC92253435C6953644455 /* Frameworks */,
				75D38EC838CE672CBB0C55D6 /* Embed Foundation Extensions */,
			);
			buildRules = (
			);
			dependencies = (
				914292E97BE37B95C5585337 /* PBXTargetDependency */,
				3B219BE83214D94599988AEF /* PBXTargetDependency */,
			);
			name = "Lillist-iOS";
			packageProductDependencies = (
				9ED0B06375B70267A31FB5CA /* LillistCore */,
				2ABD72EED49C2E40D19B1F5F /* LillistUI */,
			);
			productName = "Lillist-iOS";
			productReference = 5E708B597B5A514DE89C94FC /* Lillist-iOS.app */;
			productType = "com.apple.product-type.application";
		};
		F1A53C3614ABC3EA7F2D1D73 /* ShareExtension-iOS */ = {
			isa = PBXNativeTarget;
			buildConfigurationList = EBCF6CAB7B4B3D8FCBC98548 /* Build configuration list for PBXNativeTarget "ShareExtension-iOS" */;
			buildPhases = (
				A7795C2AC9D3B93F79758D98 /* Sources */,
				C8C261EDEA79BA0942A68DED /* Frameworks */,
			);
			buildRules = (
			);
			dependencies = (
			);
			name = "ShareExtension-iOS";
			packageProductDependencies = (
				A9A442D94E3178E3C8BAB2CE /* LillistCore */,
			);
			productName = "ShareExtension-iOS";
			productReference = 940380DB2F7305D2993DCD30 /* ShareExtension-iOS.appex */;
			productType = "com.apple.product-type.app-extension";
		};
/* End PBXNativeTarget section */

/* Begin PBXProject section */
		1DB80FAA8D8DB5EC289A1485 /* Project object */ = {
			isa = PBXProject;
			attributes = {
				BuildIndependentTargetsInParallel = YES;
				LastUpgradeCheck = 1430;
				TargetAttributes = {
					362AE712D24A2B04332EE3DE = {
						DevelopmentTeam = "";
					};
					EA96207E0E5E3B48DAD2D058 = {
						DevelopmentTeam = "";
						ProvisioningStyle = Automatic;
					};
					EC14F602879EBAC8291EE6AB = {
						DevelopmentTeam = "";
						ProvisioningStyle = Automatic;
					};
					F1A53C3614ABC3EA7F2D1D73 = {
						DevelopmentTeam = "";
						ProvisioningStyle = Automatic;
					};
				};
			};
			buildConfigurationList = 0C378FB4D8BA74765D6D7689 /* Build configuration list for PBXProject "Lillist-iOS" */;
			developmentRegion = en;
			hasScannedForEncodings = 0;
			knownRegions = (
				Base,
				en,
			);
			mainGroup = 243C6CAFA022E98171C194C3;
			minimizedProjectReferenceProxies = 1;
			packageReferences = (
				56905FD0896B9A22062E6ADC /* XCLocalSwiftPackageReference "../../Packages/LillistCore" */,
				A130F67F9509F280F27EC689 /* XCLocalSwiftPackageReference "../../Packages/LillistUI" */,
			);
			preferredProjectObjectVersion = 77;
			productRefGroup = 6C337B3B34F94927CCECC3C6 /* Products */;
			projectDirPath = "";
			projectRoot = "";
			targets = (
				EC14F602879EBAC8291EE6AB /* Lillist-iOS */,
				362AE712D24A2B04332EE3DE /* Lillist-iOSTests */,
				F1A53C3614ABC3EA7F2D1D73 /* ShareExtension-iOS */,
				EA96207E0E5E3B48DAD2D058 /* ShortcutsActions */,
			);
		};
/* End PBXProject section */

/* Begin PBXResourcesBuildPhase section */
		486B11B03FC22F24C37A46F2 /* Resources */ = {
			isa = PBXResourcesBuildPhase;
			buildActionMask = 2147483647;
			files = (
				62AB4F9A61AB494F525F54FF /* Assets.xcassets in Resources */,
			);
			runOnlyForDeploymentPostprocessing = 0;
		};
/* End PBXResourcesBuildPhase section */

/* Begin PBXSourcesBuildPhase section */
		11259431FC5B91063478830C /* Sources */ = {
			isa = PBXSourcesBuildPhase;
			buildActionMask = 2147483647;
			files = (
				3C197827BB6E072E187327F3 /* DefaultSmartFiltersInstallerTests.swift in Sources */,
			);
			runOnlyForDeploymentPostprocessing = 0;
		};
		2C3E011831A8FD0F94A3295E /* Sources */ = {
			isa = PBXSourcesBuildPhase;
			buildActionMask = 2147483647;
			files = (
				6EC114982282D73647CA867E /* ShortcutsPlaceholder.swift in Sources */,
			);
			runOnlyForDeploymentPostprocessing = 0;
		};
		9240953074517D1139BC53B8 /* Sources */ = {
			isa = PBXSourcesBuildPhase;
			buildActionMask = 2147483647;
			files = (
				AD0144EC54CC3FA76CD3D1D0 /* AllTagsView.swift in Sources */,
				046D8F27FB3D4AD0970C455F /* AppEnvironment.swift in Sources */,
				F85E96DD9CD8A9EC48C58105 /* DefaultSmartFiltersInstaller.swift in Sources */,
				CEE10BDC98205D724AA29DCD /* FilterResultsView.swift in Sources */,
				8ED796B233C11810C84BB4DB /* FiltersListView.swift in Sources */,
				2001164CDA5863CF6F20A39B /* FloatingPlusOverlay.swift in Sources */,
				E01B4AB3BC5C4E7EE9093B74 /* LillistApp.swift in Sources */,
				652545A8D47A8D082D04EE75 /* QuickCaptureSheet.swift in Sources */,
				CA4034D690255FE0554C7DE2 /* RootShell.swift in Sources */,
				1B361E001278EAD358271191 /* SearchResultRow.swift in Sources */,
				6D038BF4B04B076DD80D649B /* SearchView.swift in Sources */,
				2DADFF6343511363B623E9F4 /* SplitShell.swift in Sources */,
				9A614EB7763D94FE9D1D032D /* TabShell.swift in Sources */,
				69D488A19ACCD482A6941919 /* TagTaskListView.swift in Sources */,
				F77B7FA0960260C3C222F792 /* TaskAttachmentsTab.swift in Sources */,
				41FFD2B886C0549516C2E50D /* TaskDetailView.swift in Sources */,
				C1FEEAB56AFC2EFD9C108C47 /* TaskJournalTab.swift in Sources */,
				0D39ED83FD7B9F2AB1F7B7A6 /* TaskNotesTab.swift in Sources */,
				901C7E98FDF9DA6C070A641A /* TaskSubtasksTab.swift in Sources */,
				44179FDE8018A6D7AF8C4009 /* TodayView.swift in Sources */,
			);
			runOnlyForDeploymentPostprocessing = 0;
		};
		A7795C2AC9D3B93F79758D98 /* Sources */ = {
			isa = PBXSourcesBuildPhase;
			buildActionMask = 2147483647;
			files = (
				8037DA38276D97C41CDF3CD9 /* ShareExtensionPlaceholder.swift in Sources */,
			);
			runOnlyForDeploymentPostprocessing = 0;
		};
/* End PBXSourcesBuildPhase section */

/* Begin PBXTargetDependency section */
		3B219BE83214D94599988AEF /* PBXTargetDependency */ = {
			isa = PBXTargetDependency;
			target = EA96207E0E5E3B48DAD2D058 /* ShortcutsActions */;
			targetProxy = 6612A61361EAEC3AF7CE9FCA /* PBXContainerItemProxy */;
		};
		914292E97BE37B95C5585337 /* PBXTargetDependency */ = {
			isa = PBXTargetDependency;
			target = F1A53C3614ABC3EA7F2D1D73 /* ShareExtension-iOS */;
			targetProxy = F0EBD4BB1365BD67A5B3139A /* PBXContainerItemProxy */;
		};
/* End PBXTargetDependency section */

/* Begin XCBuildConfiguration section */
		047324110AEF02133E3A1FBC /* Debug */ = {
			isa = XCBuildConfiguration;
			buildSettings = {
				ASSETCATALOG_COMPILER_APPICON_NAME = AppIcon;
				CODE_SIGN_ENTITLEMENTS = Lillist.entitlements;
				CODE_SIGN_IDENTITY = "iPhone Developer";
				CODE_SIGN_STYLE = Automatic;
				INFOPLIST_FILE = Info.plist;
				IPHONEOS_DEPLOYMENT_TARGET = 18.0;
				LD_RUNPATH_SEARCH_PATHS = (
					"$(inherited)",
					"@executable_path/Frameworks",
				);
				PRODUCT_BUNDLE_IDENTIFIER = io.mikeydotio.Lillist;
				PRODUCT_NAME = Lillist;
				SDKROOT = iphoneos;
				TARGETED_DEVICE_FAMILY = "1,2";
			};
			name = Debug;
		};
		2445BBB589088ABA725C2E44 /* Release */ = {
			isa = XCBuildConfiguration;
			buildSettings = {
				CODE_SIGN_ENTITLEMENTS = ../../Extensions/ShortcutsActions/Lillist.entitlements;
				CODE_SIGN_STYLE = Automatic;
				INFOPLIST_FILE = ../../Extensions/ShortcutsActions/Info.plist;
				IPHONEOS_DEPLOYMENT_TARGET = 18.0;
				LD_RUNPATH_SEARCH_PATHS = (
					"$(inherited)",
					"@executable_path/Frameworks",
					"@executable_path/../../Frameworks",
				);
				PRODUCT_BUNDLE_IDENTIFIER = io.mikeydotio.Lillist.Shortcuts;
				SDKROOT = iphoneos;
				TARGETED_DEVICE_FAMILY = "1,2";
			};
			name = Release;
		};
		43A867C9B549986BCED95DB5 /* Debug */ = {
			isa = XCBuildConfiguration;
			buildSettings = {
				CODE_SIGN_ENTITLEMENTS = "../../Extensions/ShareExtension-iOS/Lillist.entitlements";
				CODE_SIGN_STYLE = Automatic;
				INFOPLIST_FILE = "../../Extensions/ShareExtension-iOS/Info.plist";
				IPHONEOS_DEPLOYMENT_TARGET = 18.0;
				LD_RUNPATH_SEARCH_PATHS = (
					"$(inherited)",
					"@executable_path/Frameworks",
					"@executable_path/../../Frameworks",
				);
				PRODUCT_BUNDLE_IDENTIFIER = io.mikeydotio.Lillist.Share;
				SDKROOT = iphoneos;
				TARGETED_DEVICE_FAMILY = "1,2";
			};
			name = Debug;
		};
		4933476BA18917063F807983 /* Release */ = {
			isa = XCBuildConfiguration;
			buildSettings = {
				ASSETCATALOG_COMPILER_APPICON_NAME = AppIcon;
				CODE_SIGN_ENTITLEMENTS = Lillist.entitlements;
				CODE_SIGN_IDENTITY = "iPhone Developer";
				CODE_SIGN_STYLE = Automatic;
				INFOPLIST_FILE = Info.plist;
				IPHONEOS_DEPLOYMENT_TARGET = 18.0;
				LD_RUNPATH_SEARCH_PATHS = (
					"$(inherited)",
					"@executable_path/Frameworks",
				);
				PRODUCT_BUNDLE_IDENTIFIER = io.mikeydotio.Lillist;
				PRODUCT_NAME = Lillist;
				SDKROOT = iphoneos;
				TARGETED_DEVICE_FAMILY = "1,2";
			};
			name = Release;
		};
		A8B224F779F73CF014F211FA /* Debug */ = {
			isa = XCBuildConfiguration;
			buildSettings = {
				ALWAYS_SEARCH_USER_PATHS = NO;
				CLANG_ANALYZER_NONNULL = YES;
				CLANG_ANALYZER_NUMBER_OBJECT_CONVERSION = YES_AGGRESSIVE;
				CLANG_CXX_LANGUAGE_STANDARD = "gnu++14";
				CLANG_CXX_LIBRARY = "libc++";
				CLANG_ENABLE_MODULES = YES;
				CLANG_ENABLE_OBJC_ARC = YES;
				CLANG_ENABLE_OBJC_WEAK = YES;
				CLANG_WARN_BLOCK_CAPTURE_AUTORELEASING = YES;
				CLANG_WARN_BOOL_CONVERSION = YES;
				CLANG_WARN_COMMA = YES;
				CLANG_WARN_CONSTANT_CONVERSION = YES;
				CLANG_WARN_DEPRECATED_OBJC_IMPLEMENTATIONS = YES;
				CLANG_WARN_DIRECT_OBJC_ISA_USAGE = YES_ERROR;
				CLANG_WARN_DOCUMENTATION_COMMENTS = YES;
				CLANG_WARN_EMPTY_BODY = YES;
				CLANG_WARN_ENUM_CONVERSION = YES;
				CLANG_WARN_INFINITE_RECURSION = YES;
				CLANG_WARN_INT_CONVERSION = YES;
				CLANG_WARN_NON_LITERAL_NULL_CONVERSION = YES;
				CLANG_WARN_OBJC_IMPLICIT_RETAIN_SELF = YES;
				CLANG_WARN_OBJC_LITERAL_CONVERSION = YES;
				CLANG_WARN_OBJC_ROOT_CLASS = YES_ERROR;
				CLANG_WARN_QUOTED_INCLUDE_IN_FRAMEWORK_HEADER = YES;
				CLANG_WARN_RANGE_LOOP_ANALYSIS = YES;
				CLANG_WARN_STRICT_PROTOTYPES = YES;
				CLANG_WARN_SUSPICIOUS_MOVE = YES;
				CLANG_WARN_UNGUARDED_AVAILABILITY = YES_AGGRESSIVE;
				CLANG_WARN_UNREACHABLE_CODE = YES;
				CLANG_WARN__DUPLICATE_METHOD_MATCH = YES;
				COPY_PHASE_STRIP = NO;
				CURRENT_PROJECT_VERSION = 1;
				DEAD_CODE_STRIPPING = YES;
				DEBUG_INFORMATION_FORMAT = dwarf;
				DEVELOPMENT_TEAM = "";
				ENABLE_STRICT_OBJC_MSGSEND = YES;
				ENABLE_TESTABILITY = YES;
				ENABLE_USER_SCRIPT_SANDBOXING = YES;
				GCC_C_LANGUAGE_STANDARD = gnu11;
				GCC_DYNAMIC_NO_PIC = NO;
				GCC_NO_COMMON_BLOCKS = YES;
				GCC_OPTIMIZATION_LEVEL = 0;
				GCC_PREPROCESSOR_DEFINITIONS = (
					"$(inherited)",
					"DEBUG=1",
				);
				GCC_WARN_64_TO_32_BIT_CONVERSION = YES;
				GCC_WARN_ABOUT_RETURN_TYPE = YES_ERROR;
				GCC_WARN_UNDECLARED_SELECTOR = YES;
				GCC_WARN_UNINITIALIZED_AUTOS = YES_AGGRESSIVE;
				GCC_WARN_UNUSED_FUNCTION = YES;
				GCC_WARN_UNUSED_VARIABLE = YES;
				GENERATE_INFOPLIST_FILE = NO;
				IPHONEOS_DEPLOYMENT_TARGET = 18.0;
				MARKETING_VERSION = 0.1.0;
				MTL_ENABLE_DEBUG_INFO = INCLUDE_SOURCE;
				MTL_FAST_MATH = YES;
				ONLY_ACTIVE_ARCH = YES;
				PRODUCT_NAME = "$(TARGET_NAME)";
				SDKROOT = iphoneos;
				SWIFT_ACTIVE_COMPILATION_CONDITIONS = DEBUG;
				SWIFT_OPTIMIZATION_LEVEL = "-Onone";
				SWIFT_STRICT_CONCURRENCY = complete;
				SWIFT_VERSION = 6.0;
			};
			name = Debug;
		};
		BF9133EE7CBCB8D14CF3CD6B /* Release */ = {
			isa = XCBuildConfiguration;
			buildSettings = {
				CODE_SIGN_ENTITLEMENTS = "../../Extensions/ShareExtension-iOS/Lillist.entitlements";
				CODE_SIGN_STYLE = Automatic;
				INFOPLIST_FILE = "../../Extensions/ShareExtension-iOS/Info.plist";
				IPHONEOS_DEPLOYMENT_TARGET = 18.0;
				LD_RUNPATH_SEARCH_PATHS = (
					"$(inherited)",
					"@executable_path/Frameworks",
					"@executable_path/../../Frameworks",
				);
				PRODUCT_BUNDLE_IDENTIFIER = io.mikeydotio.Lillist.Share;
				SDKROOT = iphoneos;
				TARGETED_DEVICE_FAMILY = "1,2";
			};
			name = Release;
		};
		D113162F814C8730BF8447BF /* Debug */ = {
			isa = XCBuildConfiguration;
			buildSettings = {
				CODE_SIGN_ENTITLEMENTS = ../../Extensions/ShortcutsActions/Lillist.entitlements;
				CODE_SIGN_STYLE = Automatic;
				INFOPLIST_FILE = ../../Extensions/ShortcutsActions/Info.plist;
				IPHONEOS_DEPLOYMENT_TARGET = 18.0;
				LD_RUNPATH_SEARCH_PATHS = (
					"$(inherited)",
					"@executable_path/Frameworks",
					"@executable_path/../../Frameworks",
				);
				PRODUCT_BUNDLE_IDENTIFIER = io.mikeydotio.Lillist.Shortcuts;
				SDKROOT = iphoneos;
				TARGETED_DEVICE_FAMILY = "1,2";
			};
			name = Debug;
		};
		DC67555A82A136CBD0E66D4D /* Release */ = {
			isa = XCBuildConfiguration;
			buildSettings = {
				ALWAYS_SEARCH_USER_PATHS = NO;
				CLANG_ANALYZER_NONNULL = YES;
				CLANG_ANALYZER_NUMBER_OBJECT_CONVERSION = YES_AGGRESSIVE;
				CLANG_CXX_LANGUAGE_STANDARD = "gnu++14";
				CLANG_CXX_LIBRARY = "libc++";
				CLANG_ENABLE_MODULES = YES;
				CLANG_ENABLE_OBJC_ARC = YES;
				CLANG_ENABLE_OBJC_WEAK = YES;
				CLANG_WARN_BLOCK_CAPTURE_AUTORELEASING = YES;
				CLANG_WARN_BOOL_CONVERSION = YES;
				CLANG_WARN_COMMA = YES;
				CLANG_WARN_CONSTANT_CONVERSION = YES;
				CLANG_WARN_DEPRECATED_OBJC_IMPLEMENTATIONS = YES;
				CLANG_WARN_DIRECT_OBJC_ISA_USAGE = YES_ERROR;
				CLANG_WARN_DOCUMENTATION_COMMENTS = YES;
				CLANG_WARN_EMPTY_BODY = YES;
				CLANG_WARN_ENUM_CONVERSION = YES;
				CLANG_WARN_INFINITE_RECURSION = YES;
				CLANG_WARN_INT_CONVERSION = YES;
				CLANG_WARN_NON_LITERAL_NULL_CONVERSION = YES;
				CLANG_WARN_OBJC_IMPLICIT_RETAIN_SELF = YES;
				CLANG_WARN_OBJC_LITERAL_CONVERSION = YES;
				CLANG_WARN_OBJC_ROOT_CLASS = YES_ERROR;
				CLANG_WARN_QUOTED_INCLUDE_IN_FRAMEWORK_HEADER = YES;
				CLANG_WARN_RANGE_LOOP_ANALYSIS = YES;
				CLANG_WARN_STRICT_PROTOTYPES = YES;
				CLANG_WARN_SUSPICIOUS_MOVE = YES;
				CLANG_WARN_UNGUARDED_AVAILABILITY = YES_AGGRESSIVE;
				CLANG_WARN_UNREACHABLE_CODE = YES;
				CLANG_WARN__DUPLICATE_METHOD_MATCH = YES;
				COPY_PHASE_STRIP = NO;
				CURRENT_PROJECT_VERSION = 1;
				DEAD_CODE_STRIPPING = YES;
				DEBUG_INFORMATION_FORMAT = "dwarf-with-dsym";
				DEVELOPMENT_TEAM = "";
				ENABLE_NS_ASSERTIONS = NO;
				ENABLE_STRICT_OBJC_MSGSEND = YES;
				ENABLE_USER_SCRIPT_SANDBOXING = YES;
				GCC_C_LANGUAGE_STANDARD = gnu11;
				GCC_NO_COMMON_BLOCKS = YES;
				GCC_WARN_64_TO_32_BIT_CONVERSION = YES;
				GCC_WARN_ABOUT_RETURN_TYPE = YES_ERROR;
				GCC_WARN_UNDECLARED_SELECTOR = YES;
				GCC_WARN_UNINITIALIZED_AUTOS = YES_AGGRESSIVE;
				GCC_WARN_UNUSED_FUNCTION = YES;
				GCC_WARN_UNUSED_VARIABLE = YES;
				GENERATE_INFOPLIST_FILE = NO;
				IPHONEOS_DEPLOYMENT_TARGET = 18.0;
				MARKETING_VERSION = 0.1.0;
				MTL_ENABLE_DEBUG_INFO = NO;
				MTL_FAST_MATH = YES;
				PRODUCT_NAME = "$(TARGET_NAME)";
				SDKROOT = iphoneos;
				SWIFT_COMPILATION_MODE = wholemodule;
				SWIFT_OPTIMIZATION_LEVEL = "-O";
				SWIFT_STRICT_CONCURRENCY = complete;
				SWIFT_VERSION = 6.0;
			};
			name = Release;
		};
		DE9EDC0BA10A644C6B5BEDFC /* Debug */ = {
			isa = XCBuildConfiguration;
			buildSettings = {
				BUNDLE_LOADER = "";
				IPHONEOS_DEPLOYMENT_TARGET = 18.0;
				LD_RUNPATH_SEARCH_PATHS = (
					"$(inherited)",
					"@executable_path/Frameworks",
					"@loader_path/Frameworks",
				);
				PRODUCT_BUNDLE_IDENTIFIER = io.mikeydotio.Lillist.tests;
				SDKROOT = iphoneos;
				TARGETED_DEVICE_FAMILY = "1,2";
				TEST_HOST = "";
			};
			name = Debug;
		};
		FDA3A3AB08BB96E6EA5AB4FA /* Release */ = {
			isa = XCBuildConfiguration;
			buildSettings = {
				BUNDLE_LOADER = "";
				IPHONEOS_DEPLOYMENT_TARGET = 18.0;
				LD_RUNPATH_SEARCH_PATHS = (
					"$(inherited)",
					"@executable_path/Frameworks",
					"@loader_path/Frameworks",
				);
				PRODUCT_BUNDLE_IDENTIFIER = io.mikeydotio.Lillist.tests;
				SDKROOT = iphoneos;
				TARGETED_DEVICE_FAMILY = "1,2";
				TEST_HOST = "";
			};
			name = Release;
		};
/* End XCBuildConfiguration section */

/* Begin XCConfigurationList section */
		0C378FB4D8BA74765D6D7689 /* Build configuration list for PBXProject "Lillist-iOS" */ = {
			isa = XCConfigurationList;
			buildConfigurations = (
				A8B224F779F73CF014F211FA /* Debug */,
				DC67555A82A136CBD0E66D4D /* Release */,
			);
			defaultConfigurationIsVisible = 0;
			defaultConfigurationName = Debug;
		};
		869D8D1B34EE0F33F71D8CF6 /* Build configuration list for PBXNativeTarget "Lillist-iOSTests" */ = {
			isa = XCConfigurationList;
			buildConfigurations = (
				DE9EDC0BA10A644C6B5BEDFC /* Debug */,
				FDA3A3AB08BB96E6EA5AB4FA /* Release */,
			);
			defaultConfigurationIsVisible = 0;
			defaultConfigurationName = Debug;
		};
		87DF3B19191F77CAB088F7F5 /* Build configuration list for PBXNativeTarget "ShortcutsActions" */ = {
			isa = XCConfigurationList;
			buildConfigurations = (
				D113162F814C8730BF8447BF /* Debug */,
				2445BBB589088ABA725C2E44 /* Release */,
			);
			defaultConfigurationIsVisible = 0;
			defaultConfigurationName = Debug;
		};
		C8ECA4A4E1CCA999BEAEF440 /* Build configuration list for PBXNativeTarget "Lillist-iOS" */ = {
			isa = XCConfigurationList;
			buildConfigurations = (
				047324110AEF02133E3A1FBC /* Debug */,
				4933476BA18917063F807983 /* Release */,
			);
			defaultConfigurationIsVisible = 0;
			defaultConfigurationName = Debug;
		};
		EBCF6CAB7B4B3D8FCBC98548 /* Build configuration list for PBXNativeTarget "ShareExtension-iOS" */ = {
			isa = XCConfigurationList;
			buildConfigurations = (
				43A867C9B549986BCED95DB5 /* Debug */,
				BF9133EE7CBCB8D14CF3CD6B /* Release */,
			);
			defaultConfigurationIsVisible = 0;
			defaultConfigurationName = Debug;
		};
/* End XCConfigurationList section */

/* Begin XCLocalSwiftPackageReference section */
		56905FD0896B9A22062E6ADC /* XCLocalSwiftPackageReference "../../Packages/LillistCore" */ = {
			isa = XCLocalSwiftPackageReference;
			relativePath = ../../Packages/LillistCore;
		};
		A130F67F9509F280F27EC689 /* XCLocalSwiftPackageReference "../../Packages/LillistUI" */ = {
			isa = XCLocalSwiftPackageReference;
			relativePath = ../../Packages/LillistUI;
		};
/* End XCLocalSwiftPackageReference section */

/* Begin XCSwiftPackageProductDependency section */
		2ABD72EED49C2E40D19B1F5F /* LillistUI */ = {
			isa = XCSwiftPackageProductDependency;
			productName = LillistUI;
		};
		632F42FE2460074A366178DF /* LillistUI */ = {
			isa = XCSwiftPackageProductDependency;
			productName = LillistUI;
		};
		8CDB023B81A1C3EA772D3534 /* LillistCore */ = {
			isa = XCSwiftPackageProductDependency;
			productName = LillistCore;
		};
		8DB8540AD27AC6302E455EF9 /* LillistCore */ = {
			isa = XCSwiftPackageProductDependency;
			productName = LillistCore;
		};
		9ED0B06375B70267A31FB5CA /* LillistCore */ = {
			isa = XCSwiftPackageProductDependency;
			productName = LillistCore;
		};
		A9A442D94E3178E3C8BAB2CE /* LillistCore */ = {
			isa = XCSwiftPackageProductDependency;
			productName = LillistCore;
		};
/* End XCSwiftPackageProductDependency section */
	};
	rootObject = 1DB80FAA8D8DB5EC289A1485 /* Project object */;
}
